// !$*UTF8*$!
{
	archiveVersion = 1;
	classes = {
	};
	objectVersion = 56;
	objects = {

/* Begin PBXBuildFile section */
		0BB146B2F079E087578B8E8C /* imstb_textedit.h in Headers */ = {isa = PBXBuildFile; fileRef = C61ED2DFC8299631067EED02 /* imstb_textedit.h */; };
		13FD05DE6B25F00AC08D4E23 /* ImGuiSetup.h in Headers */ = {isa = PBXBuildFile; fileRef = 89A2B5E4044C38FCC26B1079 /* ImGuiSetup.h */; };
		144A296198FD5BD0FE4D90E3 /* imuserconfig.h in Headers */ = {isa = PBXBuildFile; fileRef = 289131C67943EE01B31D399A /* imuserconfig.h */; };
		1B8B0C340EEF41C8EB5041C8 /* imgui_impl_osx.mm in Sources */ = {isa = PBXBuildFile; fileRef = B66898F2FC9DC335E3E47E51 /* imgui_impl_osx.mm */; };
		1F7FAF8130C18A76966C46EC /* imgui_tables.cpp in Sources */ = {isa = PBXBuildFile; fileRef = 9DB4A0DC93B7D8055A13654C /* imgui_tables.cpp */; };
		2200013895A3D17897964F97 /* EditorMain.cpp in Sources */ = {isa = PBXBuildFile; fileRef = 2DFAACE790CFB0FD73F33904 /* EditorMain.cpp */; };
		2311AC816C6711593318D752 /* ConsoleView.cpp in Sources */ = {isa = PBXBuildFile; fileRef = 7CCDEDEA8DC9FFC9AC3E22AE /* ConsoleView.cpp */; };
		23B465BC4BE5E92A67B85210 /* imstb_truetype.h in Headers */ = {isa = PBXBuildFile; fileRef = 41ED785FD8BD39060931E2EA /* imstb_truetype.h */; };
		2D27E32425B860E174415651 /* MimallocNewDeleteOverride.cpp in Sources */ = {isa = PBXBuildFile; fileRef = 091BB705E5A35F0113A0A005 /* MimallocNewDeleteOverride.cpp */; };
		35CBF7114FD4B78F4A2DA3FE /* imgui_widgets.cpp in Sources */ = {isa = PBXBuildFile; fileRef = E42AC8B1934894389B33942E /* imgui_widgets.cpp */; };
		372F646A0ED95AC021CD3B2A /* imconfig.h in Headers */ = {isa = PBXBuildFile; fileRef = B1B07611032F76969968DFE5 /* imconfig.h */; };
		3CC0563FBE6535978F08EBBF /* imgui_impl_osx.h in Headers */ = {isa = PBXBuildFile; fileRef = 9F90C726643AD46B89F6E16A /* imgui_impl_osx.h */; };
		3E7ECCBAF0882943CDE5C7E7 /* imgui_draw.cpp in Sources */ = {isa = PBXBuildFile; fileRef = 7BF2227573260E64F539DCAD /* imgui_draw.cpp */; };
		3FB9D8698E271E912BF5A699 /* imgui_impl_metal.h in Headers */ = {isa = PBXBuildFile; fileRef = 41CDC2B8174C4F2779261421 /* imgui_impl_metal.h */; };
		40C0845091C2DA3F2759F234 /* imgui_impl_glfw.cpp in Sources */ = {isa = PBXBuildFile; fileRef = 9D4276CBB8BF0E1D67FD2631 /* imgui_impl_glfw.cpp */; settings = {COMPILER_FLAGS = "-Wno-documentation"; }; };
		43A63B16CE96B5CF4BA2C33A /* imgui.h in Headers */ = {isa = PBXBuildFile; fileRef = 166D4FFA99E174F68310686E /* imgui.h */; };
		443DD2D82AD98474ABFF5703 /* imgui_widgets.cpp in Sources */ = {isa = PBXBuildFile; fileRef = E42AC8B1934894389B33942E /* imgui_widgets.cpp */; };
		445858AB43A6B56F303EDDC8 /* EditorMain.cpp in Sources */ = {isa = PBXBuildFile; fileRef = 2DFAACE790CFB0FD73F33904 /* EditorMain.cpp */; };
		447FC7AFB17FF96A05BD221D /* imgui_impl_osx.mm in Sources */ = {isa = PBXBuildFile; fileRef = B66898F2FC9DC335E3E47E51 /* imgui_impl_osx.mm */; };
		45596AE1F07A94CF6425E40C /* imstb_truetype.h in Headers */ = {isa = PBXBuildFile; fileRef = 41ED785FD8BD39060931E2EA /* imstb_truetype.h */; };
		485463DE79E4050EA76C8E90 /* imuserconfig.h in Headers */ = {isa = PBXBuildFile; fileRef = 289131C67943EE01B31D399A /* imuserconfig.h */; };
		4BCBFC89CE0E3F50FF9C19F7 /* ConsoleView.h in Headers */ = {isa = PBXBuildFile; fileRef = 507F622CA44AA1C3DD7CBAF6 /* ConsoleView.h */; };
		52658E697343CA8B864CDE6F /* imgui_impl_osx.mm in Sources */ = {isa = PBXBuildFile; fileRef = B66898F2FC9DC335E3E47E51 /* imgui_impl_osx.mm */; };
		527EFE0085F5DAF3E36E14D8 /* imgui_draw.cpp in Sources */ = {isa = PBXBuildFile; fileRef = 7BF2227573260E64F539DCAD /* imgui_draw.cpp */; };
		5499CB2F089D82674650B692 /* imgui.h in Headers */ = {isa = PBXBuildFile; fileRef = 166D4FFA99E174F68310686E /* imgui.h */; };
		54B35FDE243D51B66BC69607 /* EditorMain.h in Headers */ = {isa = PBXBuildFile; fileRef = 1AE33C432784A4BF1C4B0001 /* EditorMain.h */; };
		59B541F764DCBA80ED91FDBD /* imgui_impl_metal.h in Headers */ = {isa = PBXBuildFile; fileRef = 41CDC2B8174C4F2779261421 /* imgui_impl_metal.h */; };
		5AFDDED7EC17061AD59A8F09 /* imgui_internal.h in Headers */ = {isa = PBXBuildFile; fileRef = C725434163B85C63A62E5FB3 /* imgui_internal.h */; };
		60B275B9D2AD6E31C321BAC3 /* imgui_impl_metal.mm in Sources */ = {isa = PBXBuildFile; fileRef = 9F0B76D65044CB65FF9D11CC /* imgui_impl_metal.mm */; };
		613E709CBE4B7AEA1E3C8B95 /* imgui_widgets.cpp in Sources */ = {isa = PBXBuildFile; fileRef = E42AC8B1934894389B33942E /* imgui_widgets.cpp */; };
		654F3A5E2F79F1AE4BF323A5 /* imgui_tables.cpp in Sources */ = {isa = PBXBuildFile; fileRef = 9DB4A0DC93B7D8055A13654C /* imgui_tables.cpp */; };
		67215B2F30A946D53CE0BA3A /* imgui_impl_osx.h in Headers */ = {isa = PBXBuildFile; fileRef = 9F90C726643AD46B89F6E16A /* imgui_impl_osx.h */; };
		678C3E9D042BB72528B08135 /* ImGuiSetup.h in Headers */ = {isa = PBXBuildFile; fileRef = 89A2B5E4044C38FCC26B1079 /* ImGuiSetup.h */; };
		6B754F0C9B6AB774FAD5612A /* imuserconfig.h in Headers */ = {isa = PBXBuildFile; fileRef = 289131C67943EE01B31D399A /* imuserconfig.h */; };
		6EF149EB3C704A51B9AC3B53 /* imgui_impl_glfw.h in Headers */ = {isa = PBXBuildFile; fileRef = D9BC8876E989661EA045EDA5 /* imgui_impl_glfw.h */; };
		763F22D7CF0258CA0B241894 /* imgui_impl_glfw.h in Headers */ = {isa = PBXBuildFile; fileRef = D9BC8876E989661EA045EDA5 /* imgui_impl_glfw.h */; };
		7EC3BDFF0D7F1D4ACE27DB6A /* imgui.cpp in Sources */ = {isa = PBXBuildFile; fileRef = 50F6CB46BD5DADB263C192AA /* imgui.cpp */; };
		844CD25CCAEBEF870BD3437D /* imgui.cpp in Sources */ = {isa = PBXBuildFile; fileRef = 50F6CB46BD5DADB263C192AA /* imgui.cpp */; };
		855D42679A136671AF0AA1D7 /* resource.h in Headers */ = {isa = PBXBuildFile; fileRef = 17814588198FE79F526BF1A0 /* resource.h */; };
		8665B0C3FCF3342A67051D8A /* imstb_rectpack.h in Headers */ = {isa = PBXBuildFile; fileRef = 4B039FC7602243EA9991CDE2 /* imstb_rectpack.h */; };
		8F49CD5507A6B4644D11FB77 /* ConsoleView.cpp in Sources */ = {isa = PBXBuildFile; fileRef = 7CCDEDEA8DC9FFC9AC3E22AE /* ConsoleView.cpp */; };
		95D2EA3AE4B0DFE29A88D2D4 /* imgui_impl_glfw.cpp in Sources */ = {isa = PBXBuildFile; fileRef = 9D4276CBB8BF0E1D67FD2631 /* imgui_impl_glfw.cpp */; settings = {COMPILER_FLAGS = "-Wno-documentation"; }; };
		96371A6771C7AE55CD7A2C3F /* imgui_demo.cpp in Sources */ = {isa = PBXBuildFile; fileRef = A51E8BB9DE0A3383553FABB0 /* imgui_demo.cpp */; };
		96627F791322407DC2FF60BE /* ImGuiSetup.cpp in Sources */ = {isa = PBXBuildFile; fileRef = 82FF7190481D87DB58857D06 /* ImGuiSetup.cpp */; };
		96D404A3000A08C04384E928 /* MimallocNewDeleteOverride.cpp in Sources */ = {isa = PBXBuildFile; fileRef = 091BB705E5A35F0113A0A005 /* MimallocNewDeleteOverride.cpp */; };
		9B604853321B6CE0CB55716E /* imgui_impl_glfw.cpp in Sources */ = {isa = PBXBuildFile; fileRef = 9D4276CBB8BF0E1D67FD2631 /* imgui_impl_glfw.cpp */; settings = {COMPILER_FLAGS = "-Wno-documentation"; }; };
		9E2A15299F1AE558169ABD14 /* imstb_rectpack.h in Headers */ = {isa = PBXBuildFile; fileRef = 4B039FC7602243EA9991CDE2 /* imstb_rectpack.h */; };
		A5983B37C74FD8D8F28E6E94 /* resource.h in Headers */ = {isa = PBXBuildFile; fileRef = 17814588198FE79F526BF1A0 /* resource.h */; };
		A86F38D7ACBCA429F428A33A /* EditorMain.h in Headers */ = {isa = PBXBuildFile; fileRef = 1AE33C432784A4BF1C4B0001 /* EditorMain.h */; };
		B083506AF480128CF2371E2E /* EditorMain.h in Headers */ = {isa = PBXBuildFile; fileRef = 1AE33C432784A4BF1C4B0001 /* EditorMain.h */; };
		B470D9F7BF8668BFC2DE2CF0 /* imgui_impl_metal.h in Headers */ = {isa = PBXBuildFile; fileRef = 41CDC2B8174C4F2779261421 /* imgui_impl_metal.h */; };
		B7506E7533547FC67DA52DE9 /* imgui_demo.cpp in Sources */ = {isa = PBXBuildFile; fileRef = A51E8BB9DE0A3383553FABB0 /* imgui_demo.cpp */; };
		B7555F34C2E451B5655B89ED /* imgui_demo.cpp in Sources */ = {isa = PBXBuildFile; fileRef = A51E8BB9DE0A3383553FABB0 /* imgui_demo.cpp */; };
		B981D7646BBFE6DDFF11AC22 /* imgui_impl_metal.mm in Sources */ = {isa = PBXBuildFile; fileRef = 9F0B76D65044CB65FF9D11CC /* imgui_impl_metal.mm */; };
		BBACD102982258B501D9D593 /* imgui_impl_metal.mm in Sources */ = {isa = PBXBuildFile; fileRef = 9F0B76D65044CB65FF9D11CC /* imgui_impl_metal.mm */; };
		BFDE491CA62D21F6B72F1874 /* ImGuiSetup.cpp in Sources */ = {isa = PBXBuildFile; fileRef = 82FF7190481D87DB58857D06 /* ImGuiSetup.cpp */; };
		C2AA1DD70AE5EE5A3AD5964C /* imgui.cpp in Sources */ = {isa = PBXBuildFile; fileRef = 50F6CB46BD5DADB263C192AA /* imgui.cpp */; };
		C2AEB068CD654679734EE511 /* resource.h in Headers */ = {isa = PBXBuildFile; fileRef = 17814588198FE79F526BF1A0 /* resource.h */; };
		C94BCE6614AE2CDFA1B6EFBE /* imstb_textedit.h in Headers */ = {isa = PBXBuildFile; fileRef = C61ED2DFC8299631067EED02 /* imstb_textedit.h */; };
		C9C15A4FBBA36E4844F1B7B3 /* ConsoleView.h in Headers */ = {isa = PBXBuildFile; fileRef = 507F622CA44AA1C3DD7CBAF6 /* ConsoleView.h */; };
		CE327B0F2B1593400067EF26 /* Foundation.framework in Frameworks */ = {isa = PBXBuildFile; fileRef = CE327B0E2B1593400067EF26 /* Foundation.framework */; };
		CE327B102B15934A0067EF26 /* Foundation.framework in Frameworks */ = {isa = PBXBuildFile; fileRef = CE327B0E2B1593400067EF26 /* Foundation.framework */; };
		CE46BD042CFC33CD002F900C /* Foundation.framework in Frameworks */ = {isa = PBXBuildFile; fileRef = CE327B0E2B1593400067EF26 /* Foundation.framework */; };
		CE46BD172CFC3F45002F900C /* libEngine.dylib in Frameworks */ = {isa = PBXBuildFile; fileRef = CE46BD162CFC3F45002F900C /* libEngine.dylib */; };
		CE46BD192CFC3F53002F900C /* libEngineDev.dylib in Frameworks */ = {isa = PBXBuildFile; fileRef = CE46BD182CFC3F53002F900C /* libEngineDev.dylib */; };
		CE46BD1B2CFC3F5D002F900C /* libEngineD.dylib in Frameworks */ = {isa = PBXBuildFile; fileRef = CE46BD1A2CFC3F5D002F900C /* libEngineD.dylib */; };
		CE6FCE6F2DEAD3B1006C4B6D /* AppKit.framework in Frameworks */ = {isa = PBXBuildFile; fileRef = CE6FCE6E2DEAD3B1006C4B6D /* AppKit.framework */; };
		CE6FCE712DEAD3E0006C4B6D /* GameController.framework in Frameworks */ = {isa = PBXBuildFile; fileRef = CE6FCE702DEAD3E0006C4B6D /* GameController.framework */; };
		CE6FCE732DEAD3F5006C4B6D /* Metal.framework in Frameworks */ = {isa = PBXBuildFile; fileRef = CE6FCE722DEAD3F5006C4B6D /* Metal.framework */; };
		CE6FCE752DEAD414006C4B6D /* QuartzCore.framework in Frameworks */ = {isa = PBXBuildFile; fileRef = CE6FCE742DEAD414006C4B6D /* QuartzCore.framework */; };
		CE6FCE762DEAD444006C4B6D /* AppKit.framework in Frameworks */ = {isa = PBXBuildFile; fileRef = CE6FCE6E2DEAD3B1006C4B6D /* AppKit.framework */; };
		CE6FCE772DEAD444006C4B6D /* GameController.framework in Frameworks */ = {isa = PBXBuildFile; fileRef = CE6FCE702DEAD3E0006C4B6D /* GameController.framework */; };
		CE6FCE782DEAD444006C4B6D /* Metal.framework in Frameworks */ = {isa = PBXBuildFile; fileRef = CE6FCE722DEAD3F5006C4B6D /* Metal.framework */; };
		CE6FCE792DEAD444006C4B6D /* QuartzCore.framework in Frameworks */ = {isa = PBXBuildFile; fileRef = CE6FCE742DEAD414006C4B6D /* QuartzCore.framework */; };
		CE6FCE7A2DEAD44A006C4B6D /* AppKit.framework in Frameworks */ = {isa = PBXBuildFile; fileRef = CE6FCE6E2DEAD3B1006C4B6D /* AppKit.framework */; };
		CE6FCE7B2DEAD44A006C4B6D /* GameController.framework in Frameworks */ = {isa = PBXBuildFile; fileRef = CE6FCE702DEAD3E0006C4B6D /* GameController.framework */; };
		CE6FCE7C2DEAD44A006C4B6D /* Metal.framework in Frameworks */ = {isa = PBXBuildFile; fileRef = CE6FCE722DEAD3F5006C4B6D /* Metal.framework */; };
		CE6FCE7D2DEAD44A006C4B6D /* QuartzCore.framework in Frameworks */ = {isa = PBXBuildFile; fileRef = CE6FCE742DEAD414006C4B6D /* QuartzCore.framework */; };
		D030EA6F15A0A06657AE935D /* imgui_internal.h in Headers */ = {isa = PBXBuildFile; fileRef = C725434163B85C63A62E5FB3 /* imgui_internal.h */; };
		D846746CFF0A42105CB3D234 /* imgui_tables.cpp in Sources */ = {isa = PBXBuildFile; fileRef = 9DB4A0DC93B7D8055A13654C /* imgui_tables.cpp */; };
		DDE515E8746153B670994DC4 /* ConsoleView.h in Headers */ = {isa = PBXBuildFile; fileRef = 507F622CA44AA1C3DD7CBAF6 /* ConsoleView.h */; };
		DE11EDA680EAFC5B6A9B55FE /* imstb_rectpack.h in Headers */ = {isa = PBXBuildFile; fileRef = 4B039FC7602243EA9991CDE2 /* imstb_rectpack.h */; };
		DF4390B90BB7AE79467DF845 /* MimallocNewDeleteOverride.cpp in Sources */ = {isa = PBXBuildFile; fileRef = 091BB705E5A35F0113A0A005 /* MimallocNewDeleteOverride.cpp */; };
		E081865C0B665757BF9687C9 /* DllMain.cpp in Sources */ = {isa = PBXBuildFile; fileRef = 961F49B2A1FB826F2103F49F /* DllMain.cpp */; };
		E1410A0BEEA1971144D8FD89 /* imgui_draw.cpp in Sources */ = {isa = PBXBuildFile; fileRef = 7BF2227573260E64F539DCAD /* imgui_draw.cpp */; };
		E6C327F7AB949C15F0F3CC3D /* EditorMain.cpp in Sources */ = {isa = PBXBuildFile; fileRef = 2DFAACE790CFB0FD73F33904 /* EditorMain.cpp */; };
		EDDE8849890B7E377FABA808 /* ConsoleView.cpp in Sources */ = {isa = PBXBuildFile; fileRef = 7CCDEDEA8DC9FFC9AC3E22AE /* ConsoleView.cpp */; };
		F017B5A779C91F01CD8A94A5 /* DllMain.cpp in Sources */ = {isa = PBXBuildFile; fileRef = 961F49B2A1FB826F2103F49F /* DllMain.cpp */; };
		F3CC46BDECD3B315D6F0B217 /* imgui_impl_osx.h in Headers */ = {isa = PBXBuildFile; fileRef = 9F90C726643AD46B89F6E16A /* imgui_impl_osx.h */; };
		F4EFD7CC752D11388CFADF2E /* imgui_impl_glfw.h in Headers */ = {isa = PBXBuildFile; fileRef = D9BC8876E989661EA045EDA5 /* imgui_impl_glfw.h */; };
		F63BBD52C0D17A6030BE01E5 /* ImGuiSetup.cpp in Sources */ = {isa = PBXBuildFile; fileRef = 82FF7190481D87DB58857D06 /* ImGuiSetup.cpp */; };
		F68DE008E57A5E33EC3C5ECC /* imstb_textedit.h in Headers */ = {isa = PBXBuildFile; fileRef = C61ED2DFC8299631067EED02 /* imstb_textedit.h */; };
		F848A3EB2FA7F37F00B07ECB /* libmimalloc.2.2.dylib in Frameworks */ = {isa = PBXBuildFile; fileRef = F848A3EA2FA7F37F00B07ECB /* libmimalloc.2.2.dylib */; };
		F848A3EC2FA7F37F00B07ECB /* libmimalloc.2.2.dylib in Frameworks */ = {isa = PBXBuildFile; fileRef = F848A3EA2FA7F37F00B07ECB /* libmimalloc.2.2.dylib */; };
		F848A3EE2FA7F39600B07ECB /* libmimalloc-debug.2.2.dylib in Frameworks */ = {isa = PBXBuildFile; fileRef = F848A3ED2FA7F39600B07ECB /* libmimalloc-debug.2.2.dylib */; };
		F86D12E0053EFCCC6AFE7FD4 /* ImGuiSetup.h in Headers */ = {isa = PBXBuildFile; fileRef = 89A2B5E4044C38FCC26B1079 /* ImGuiSetup.h */; };
		F9277C5B50BE822D8A035997 /* imstb_truetype.h in Headers */ = {isa = PBXBuildFile; fileRef = 41ED785FD8BD39060931E2EA /* imstb_truetype.h */; };
		FBB88B31BC9AB75142E587D8 /* imconfig.h in Headers */ = {isa = PBXBuildFile; fileRef = B1B07611032F76969968DFE5 /* imconfig.h */; };
		FC032D1F01AA9C38F68E7145 /* imgui_internal.h in Headers */ = {isa = PBXBuildFile; fileRef = C725434163B85C63A62E5FB3 /* imgui_internal.h */; };
		FC04C0B66B9776D3DCFEF08B /* imconfig.h in Headers */ = {isa = PBXBuildFile; fileRef = B1B07611032F76969968DFE5 /* imconfig.h */; };
		FC1FFF83015F9EFFFABFD5BD /* DllMain.cpp in Sources */ = {isa = PBXBuildFile; fileRef = 961F49B2A1FB826F2103F49F /* DllMain.cpp */; };
		FFAD93909B7EAD81316AACCD /* imgui.h in Headers */ = {isa = PBXBuildFile; fileRef = 166D4FFA99E174F68310686E /* imgui.h */; };
/* End PBXBuildFile section */

/* Begin PBXFileReference section */
		091BB705E5A35F0113A0A005 /* MimallocNewDeleteOverride.cpp */ = {isa = PBXFileReference; includeInIndex = 1; lastKnownFileType = sourcecode.cpp.cpp; name = MimallocNewDeleteOverride.cpp; path = src/_platform/Windows/MimallocNewDeleteOverride.cpp; sourceTree = SOURCE_ROOT; };
		166D4FFA99E174F68310686E /* imgui.h */ = {isa = PBXFileReference; includeInIndex = 1; lastKnownFileType = sourcecode.c.h; name = imgui.h; path = vendor/imgui/imgui.h; sourceTree = SOURCE_ROOT; };
		17814588198FE79F526BF1A0 /* resource.h */ = {isa = PBXFileReference; includeInIndex = 1; lastKnownFileType = sourcecode.c.h; name = resource.h; path = src/_platform/Windows/resource.h; sourceTree = SOURCE_ROOT; };
		1AE33C432784A4BF1C4B0001 /* EditorMain.h */ = {isa = PBXFileReference; includeInIndex = 1; lastKnownFileType = sourcecode.c.h; name = EditorMain.h; path = include/Editor/Core/Internal/EditorMain.h; sourceTree = SOURCE_ROOT; };
		289131C67943EE01B31D399A /* imuserconfig.h */ = {isa = PBXFileReference; includeInIndex = 1; lastKnownFileType = sourcecode.c.h; name = imuserconfig.h; path = include/imuserconfig.h; sourceTree = SOURCE_ROOT; };
		2DFAACE790CFB0FD73F33904 /* EditorMain.cpp */ = {isa = PBXFileReference; includeInIndex = 1; lastKnownFileType = sourcecode.cpp.cpp; name = EditorMain.cpp; path = src/Core/Internal/EditorMain.cpp; sourceTree = SOURCE_ROOT; };
		41CDC2B8174C4F2779261421 /* imgui_impl_metal.h */ = {isa = PBXFileReference; includeInIndex = 1; lastKnownFileType = sourcecode.c.h; name = imgui_impl_metal.h; path = vendor/imgui/backends/imgui_impl_metal.h; sourceTree = SOURCE_ROOT; };
		41ED785FD8BD39060931E2EA /* imstb_truetype.h */ = {isa = PBXFileReference; includeInIndex = 1; lastKnownFileType = sourcecode.c.h; name = imstb_truetype.h; path = vendor/imgui/imstb_truetype.h; sourceTree = SOURCE_ROOT; };
		4B039FC7602243EA9991CDE2 /* imstb_rectpack.h */ = {isa = PBXFileReference; includeInIndex = 1; lastKnownFileType = sourcecode.c.h; name = imstb_rectpack.h; path = vendor/imgui/imstb_rectpack.h; sourceTree = SOURCE_ROOT; };
		507F622CA44AA1C3DD7CBAF6 /* ConsoleView.h */ = {isa = PBXFileReference; includeInIndex = 1; lastKnownFileType = sourcecode.c.h; name = ConsoleView.h; path = src/Views/ConsoleView.h; sourceTree = SOURCE_ROOT; };
		50F6CB46BD5DADB263C192AA /* imgui.cpp */ = {isa = PBXFileReference; includeInIndex = 1; lastKnownFileType = sourcecode.cpp.cpp; name = imgui.cpp; path = vendor/imgui/imgui.cpp; sourceTree = SOURCE_ROOT; };
		7BF2227573260E64F539DCAD /* imgui_draw.cpp */ = {isa = PBXFileReference; includeInIndex = 1; lastKnownFileType = sourcecode.cpp.cpp; name = imgui_draw.cpp; path = vendor/imgui/imgui_draw.cpp; sourceTree = SOURCE_ROOT; };
		7CCDEDEA8DC9FFC9AC3E22AE /* ConsoleView.cpp */ = {isa = PBXFileReference; includeInIndex = 1; lastKnownFileType = sourcecode.cpp.cpp; name = ConsoleView.cpp; path = src/Views/ConsoleView.cpp; sourceTree = SOURCE_ROOT; };
		82FF7190481D87DB58857D06 /* ImGuiSetup.cpp */ = {isa = PBXFileReference; includeInIndex = 1; lastKnownFileType = sourcecode.cpp.cpp; name = ImGuiSetup.cpp; path = src/Core/Internal/ImGuiSetup.cpp; sourceTree = SOURCE_ROOT; };
		89A2B5E4044C38FCC26B1079 /* ImGuiSetup.h */ = {isa = PBXFileReference; includeInIndex = 1; lastKnownFileType = sourcecode.c.h; name = ImGuiSetup.h; path = include/Editor/Core/Internal/ImGuiSetup.h; sourceTree = SOURCE_ROOT; };
		961F49B2A1FB826F2103F49F /* DllMain.cpp */ = {isa = PBXFileReference; includeInIndex = 1; lastKnownFileType = sourcecode.cpp.cpp; name = DllMain.cpp; path = src/_platform/Windows/DllMain.cpp; sourceTree = SOURCE_ROOT; };
		9D4276CBB8BF0E1D67FD2631 /* imgui_impl_glfw.cpp */ = {isa = PBXFileReference; includeInIndex = 1; lastKnownFileType = sourcecode.cpp.cpp; name = imgui_impl_glfw.cpp; path = vendor/imgui/backends/imgui_impl_glfw.cpp; sourceTree = SOURCE_ROOT; };
		9DB4A0DC93B7D8055A13654C /* imgui_tables.cpp */ = {isa = PBXFileReference; includeInIndex = 1; lastKnownFileType = sourcecode.cpp.cpp; name = imgui_tables.cpp; path = vendor/imgui/imgui_tables.cpp; sourceTree = SOURCE_ROOT; };
		9F0B76D65044CB65FF9D11CC /* imgui_impl_metal.mm */ = {isa = PBXFileReference; includeInIndex = 1; lastKnownFileType = sourcecode.cpp.objcpp; name = imgui_impl_metal.mm; path = vendor/imgui/backends/imgui_impl_metal.mm; sourceTree = SOURCE_ROOT; };
		9F90C726643AD46B89F6E16A /* imgui_impl_osx.h */ = {isa = PBXFileReference; includeInIndex = 1; lastKnownFileType = sourcecode.c.h; name = imgui_impl_osx.h; path = vendor/imgui/backends/imgui_impl_osx.h; sourceTree = SOURCE_ROOT; };
		A51E8BB9DE0A3383553FABB0 /* imgui_demo.cpp */ = {isa = PBXFileReference; includeInIndex = 1; lastKnownFileType = sourcecode.cpp.cpp; name = imgui_demo.cpp; path = vendor/imgui/imgui_demo.cpp; sourceTree = SOURCE_ROOT; };
		B1B07611032F76969968DFE5 /* imconfig.h */ = {isa = PBXFileReference; includeInIndex = 1; lastKnownFileType = sourcecode.c.h; name = imconfig.h; path = vendor/imgui/imconfig.h; sourceTree = SOURCE_ROOT; };
		B66898F2FC9DC335E3E47E51 /* imgui_impl_osx.mm */ = {isa = PBXFileReference; includeInIndex = 1; lastKnownFileType = sourcecode.cpp.objcpp; name = imgui_impl_osx.mm; path = vendor/imgui/backends/imgui_impl_osx.mm; sourceTree = SOURCE_ROOT; };
		C61ED2DFC8299631067EED02 /* imstb_textedit.h */ = {isa = PBXFileReference; includeInIndex = 1; lastKnownFileType = sourcecode.c.h; name = imstb_textedit.h; path = vendor/imgui/imstb_textedit.h; sourceTree = SOURCE_ROOT; };
		C725434163B85C63A62E5FB3 /* imgui_internal.h */ = {isa = PBXFileReference; includeInIndex = 1; lastKnownFileType = sourcecode.c.h; name = imgui_internal.h; path = vendor/imgui/imgui_internal.h; sourceTree = SOURCE_ROOT; };
		CE2B9A352B01853C00DE24E0 /* libEditor.dylib */ = {isa = PBXFileReference; explicitFileType = "compiled.mach-o.dylib"; includeInIndex = 0; path = libEditor.dylib; sourceTree = BUILT_PRODUCTS_DIR; };
		CE327B0E2B1593400067EF26 /* Foundation.framework */ = {isa = PBXFileReference; lastKnownFileType = wrapper.framework; name = Foundation.framework; path = System/Library/Frameworks/Foundation.framework; sourceTree = SDKROOT; };
		CE46BD082CFC33CD002F900C /* libEditorDev.dylib */ = {isa = PBXFileReference; explicitFileType = "compiled.mach-o.dylib"; includeInIndex = 0; path = libEditorDev.dylib; sourceTree = BUILT_PRODUCTS_DIR; };
		CE46BD162CFC3F45002F900C /* libEngine.dylib */ = {isa = PBXFileReference; lastKnownFileType = "compiled.mach-o.dylib"; name = libEngine.dylib; path = Release/libEngine.dylib; sourceTree = BUILT_PRODUCTS_DIR; };
		CE46BD182CFC3F53002F900C /* libEngineDev.dylib */ = {isa = PBXFileReference; lastKnownFileType = "compiled.mach-o.dylib"; name = libEngineDev.dylib; path = Dev/libEngineDev.dylib; sourceTree = BUILT_PRODUCTS_DIR; };
		CE46BD1A2CFC3F5D002F900C /* libEngineD.dylib */ = {isa = PBXFileReference; lastKnownFileType = "compiled.mach-o.dylib"; name = libEngineD.dylib; path = Debug/libEngineD.dylib; sourceTree = BUILT_PRODUCTS_DIR; };
		CE4C6EAC2B0196810015E51A /* vcpkg.json */ = {isa = PBXFileReference; fileEncoding = 4; lastKnownFileType = text.json; path = vcpkg.json; sourceTree = SOURCE_ROOT; };
		CE6FCE6E2DEAD3B1006C4B6D /* AppKit.framework */ = {isa = PBXFileReference; lastKnownFileType = wrapper.framework; name = AppKit.framework; path = System/Library/Frameworks/AppKit.framework; sourceTree = SDKROOT; };
		CE6FCE702DEAD3E0006C4B6D /* GameController.framework */ = {isa = PBXFileReference; lastKnownFileType = wrapper.framework; name = GameController.framework; path = System/Library/Frameworks/GameController.framework; sourceTree = SDKROOT; };
		CE6FCE722DEAD3F5006C4B6D /* Metal.framework */ = {isa = PBXFileReference; lastKnownFileType = wrapper.framework; name = Metal.framework; path = System/Library/Frameworks/Metal.framework; sourceTree = SDKROOT; };
		CE6FCE742DEAD414006C4B6D /* QuartzCore.framework */ = {isa = PBXFileReference; lastKnownFileType = wrapper.framework; name = QuartzCore.framework; path = System/Library/Frameworks/QuartzCore.framework; sourceTree = SDKROOT; };
		CED3D6982B12D3D700C5FB04 /* libEditorD.dylib */ = {isa = PBXFileReference; explicitFileType = "compiled.mach-o.dylib"; includeInIndex = 0; path = libEditorD.dylib; sourceTree = BUILT_PRODUCTS_DIR; };
		CED4DDBA2D101EB000BAE96F /* SymbolExportMacros.h */ = {isa = PBXFileReference; lastKnownFileType = sourcecode.c.h; name = SymbolExportMacros.h; path = include/Editor/Core/SymbolExportMacros.h; sourceTree = SOURCE_ROOT; };
		D9BC8876E989661EA045EDA5 /* imgui_impl_glfw.h */ = {isa = PBXFileReference; includeInIndex = 1; lastKnownFileType = sourcecode.c.h; name = imgui_impl_glfw.h; path = vendor/imgui/backends/imgui_impl_glfw.h; sourceTree = SOURCE_ROOT; };
		E42AC8B1934894389B33942E /* imgui_widgets.cpp */ = {isa = PBXFileReference; includeInIndex = 1; lastKnownFileType = sourcecode.cpp.cpp; name = imgui_widgets.cpp; path = vendor/imgui/imgui_widgets.cpp; sourceTree = SOURCE_ROOT; };
		F848A3EA2FA7F37F00B07ECB /* libmimalloc.2.2.dylib */ = {isa = PBXFileReference; lastKnownFileType = "compiled.mach-o.dylib"; name = libmimalloc.2.2.dylib; path = "vcpkg_installed/dynamic/arm64-osx-dynamic-adhoc/lib/libmimalloc.2.2.dylib"; sourceTree = "<group>"; };
		F848A3ED2FA7F39600B07ECB /* libmimalloc-debug.2.2.dylib */ = {isa = PBXFileReference; lastKnownFileType = "compiled.mach-o.dylib"; name = "libmimalloc-debug.2.2.dylib"; path = "vcpkg_installed/dynamic/arm64-osx-dynamic-adhoc/debug/lib/libmimalloc-debug.2.2.dylib"; sourceTree = "<group>"; };
/* End PBXFileReference section */

/* Begin PBXFrameworksBuildPhase section */
		CE2B9A332B01853C00DE24E0 /* Frameworks */ = {
			isa = PBXFrameworksBuildPhase;
			buildActionMask = 2147483647;
			files = (
				CE46BD172CFC3F45002F900C /* libEngine.dylib in Frameworks */,
				CE6FCE7A2DEAD44A006C4B6D /* AppKit.framework in Frameworks */,
				CE327B0F2B1593400067EF26 /* Foundation.framework in Frameworks */,
				CE6FCE7B2DEAD44A006C4B6D /* GameController.framework in Frameworks */,
				CE6FCE7C2DEAD44A006C4B6D /* Metal.framework in Frameworks */,
				F848A3EC2FA7F37F00B07ECB /* libmimalloc.2.2.dylib in Frameworks */,
				CE6FCE7D2DEAD44A006C4B6D /* QuartzCore.framework in Frameworks */,
			);
			runOnlyForDeploymentPostprocessing = 0;
		};
		CE46BD002CFC33CD002F900C /* Frameworks */ = {
			isa = PBXFrameworksBuildPhase;
			buildActionMask = 2147483647;
			files = (
				CE46BD192CFC3F53002F900C /* libEngineDev.dylib in Frameworks */,
				CE6FCE762DEAD444006C4B6D /* AppKit.framework in Frameworks */,
				CE46BD042CFC33CD002F900C /* Foundation.framework in Frameworks */,
				CE6FCE772DEAD444006C4B6D /* GameController.framework in Frameworks */,
				CE6FCE782DEAD444006C4B6D /* Metal.framework in Frameworks */,
				F848A3EB2FA7F37F00B07ECB /* libmimalloc.2.2.dylib in Frameworks */,
				CE6FCE792DEAD444006C4B6D /* QuartzCore.framework in Frameworks */,
			);
			runOnlyForDeploymentPostprocessing = 0;
		};
		CED3D6902B12D3D700C5FB04 /* Frameworks */ = {
			isa = PBXFrameworksBuildPhase;
			buildActionMask = 2147483647;
			files = (
				F848A3EE2FA7F39600B07ECB /* libmimalloc-debug.2.2.dylib in Frameworks */,
				CE46BD1B2CFC3F5D002F900C /* libEngineD.dylib in Frameworks */,
				CE6FCE6F2DEAD3B1006C4B6D /* AppKit.framework in Frameworks */,
				CE327B102B15934A0067EF26 /* Foundation.framework in Frameworks */,
				CE6FCE712DEAD3E0006C4B6D /* GameController.framework in Frameworks */,
				CE6FCE732DEAD3F5006C4B6D /* Metal.framework in Frameworks */,
				CE6FCE752DEAD414006C4B6D /* QuartzCore.framework in Frameworks */,
			);
			runOnlyForDeploymentPostprocessing = 0;
		};
/* End PBXFrameworksBuildPhase section */

/* Begin PBXGroup section */
		2D48CE9160294FF3325E5695 /* _platform */ = {
			isa = PBXGroup;
			children = (
				8B7D10DB4E6772027DC06BCD /* Windows */,
			);
			name = _platform;
			path = src/_platform;
			sourceTree = SOURCE_ROOT;
		};
		56B3B036BC8501A8A16ACADD /* imgui */ = {
			isa = PBXGroup;
			children = (
				AE52914621143FFE8C281738 /* backends */,
				B1B07611032F76969968DFE5 /* imconfig.h */,
				50F6CB46BD5DADB263C192AA /* imgui.cpp */,
				166D4FFA99E174F68310686E /* imgui.h */,
				A51E8BB9DE0A3383553FABB0 /* imgui_demo.cpp */,
				7BF2227573260E64F539DCAD /* imgui_draw.cpp */,
				C725434163B85C63A62E5FB3 /* imgui_internal.h */,
				9DB4A0DC93B7D8055A13654C /* imgui_tables.cpp */,
				E42AC8B1934894389B33942E /* imgui_widgets.cpp */,
				4B039FC7602243EA9991CDE2 /* imstb_rectpack.h */,
				C61ED2DFC8299631067EED02 /* imstb_textedit.h */,
				41ED785FD8BD39060931E2EA /* imstb_truetype.h */,
			);
			name = imgui;
			path = vendor/imgui;
			sourceTree = SOURCE_ROOT;
		};
		688B6DE88986951E7329E9E8 /* Internal */ = {
			isa = PBXGroup;
			children = (
				1AE33C432784A4BF1C4B0001 /* EditorMain.h */,
				89A2B5E4044C38FCC26B1079 /* ImGuiSetup.h */,
			);
			name = Internal;
			path = include/Editor/Core/Internal;
			sourceTree = SOURCE_ROOT;
		};
		8B7D10DB4E6772027DC06BCD /* Windows */ = {
			isa = PBXGroup;
			children = (
				961F49B2A1FB826F2103F49F /* DllMain.cpp */,
				091BB705E5A35F0113A0A005 /* MimallocNewDeleteOverride.cpp */,
				17814588198FE79F526BF1A0 /* resource.h */,
			);
			name = Windows;
			path = src/_platform/Windows;
			sourceTree = SOURCE_ROOT;
		};
		AE52914621143FFE8C281738 /* backends */ = {
			isa = PBXGroup;
			children = (
				9D4276CBB8BF0E1D67FD2631 /* imgui_impl_glfw.cpp */,
				D9BC8876E989661EA045EDA5 /* imgui_impl_glfw.h */,
				41CDC2B8174C4F2779261421 /* imgui_impl_metal.h */,
				9F0B76D65044CB65FF9D11CC /* imgui_impl_metal.mm */,
				9F90C726643AD46B89F6E16A /* imgui_impl_osx.h */,
				B66898F2FC9DC335E3E47E51 /* imgui_impl_osx.mm */,
			);
			name = backends;
			path = vendor/imgui/backends;
			sourceTree = SOURCE_ROOT;
		};
		B6939326AA0AB0CF7F3ED5AF /* vendor */ = {
			isa = PBXGroup;
			children = (
				56B3B036BC8501A8A16ACADD /* imgui */,
			);
			path = vendor;
			sourceTree = SOURCE_ROOT;
		};
		CE2B9A2C2B01853C00DE24E0 = {
			isa = PBXGroup;
			children = (
				CE4C6EAC2B0196810015E51A /* vcpkg.json */,
				CE4C6EE12B01AA500015E51A /* Frameworks */,
				CE2B9A362B01853C00DE24E0 /* Products */,
				CE4C6EA22B0196810015E51A /* include */,
				CE4C6EA52B0196810015E51A /* src */,
				B6939326AA0AB0CF7F3ED5AF /* vendor */,
			);
			sourceTree = SOURCE_ROOT;
		};
		CE2B9A362B01853C00DE24E0 /* Products */ = {
			isa = PBXGroup;
			children = (
				CE2B9A352B01853C00DE24E0 /* libEditor.dylib */,
				CED3D6982B12D3D700C5FB04 /* libEditorD.dylib */,
				CE46BD082CFC33CD002F900C /* libEditorDev.dylib */,
			);
			name = Products;
			sourceTree = SOURCE_ROOT;
		};
		CE4C6EA22B0196810015E51A /* include */ = {
			isa = PBXGroup;
			children = (
				CE4C6EA32B0196810015E51A /* Editor */,
				289131C67943EE01B31D399A /* imuserconfig.h */,
			);
			path = include;
			sourceTree = SOURCE_ROOT;
		};
		CE4C6EA32B0196810015E51A /* Editor */ = {
			isa = PBXGroup;
			children = (
				CED4DDB92D101EB000BAE96F /* Core */,
			);
			name = Editor;
			path = include/Editor;
			sourceTree = SOURCE_ROOT;
		};
		CE4C6EA52B0196810015E51A /* src */ = {
			isa = PBXGroup;
			children = (
				2D48CE9160294FF3325E5695 /* _platform */,
				CEDDB0C62D1FCD3800EADB67 /* Core */,
				EC6CDAEDA404475C41CB312F /* Views */,
			);
			path = src;
			sourceTree = SOURCE_ROOT;
		};
		CE4C6EE12B01AA500015E51A /* Frameworks */ = {
			isa = PBXGroup;
			children = (
				F848A3ED2FA7F39600B07ECB /* libmimalloc-debug.2.2.dylib */,
				F848A3EA2FA7F37F00B07ECB /* libmimalloc.2.2.dylib */,
				CE46BD162CFC3F45002F900C /* libEngine.dylib */,
				CE46BD1A2CFC3F5D002F900C /* libEngineD.dylib */,
				CE46BD182CFC3F53002F900C /* libEngineDev.dylib */,
				CE6FCE6E2DEAD3B1006C4B6D /* AppKit.framework */,
				CE327B0E2B1593400067EF26 /* Foundation.framework */,
				CE6FCE702DEAD3E0006C4B6D /* GameController.framework */,
				CE6FCE722DEAD3F5006C4B6D /* Metal.framework */,
				CE6FCE742DEAD414006C4B6D /* QuartzCore.framework */,
			);
			name = Frameworks;
			sourceTree = SOURCE_ROOT;
		};
		CED4DDB92D101EB000BAE96F /* Core */ = {
			isa = PBXGroup;
			children = (
				688B6DE88986951E7329E9E8 /* Internal */,
				CED4DDBA2D101EB000BAE96F /* SymbolExportMacros.h */,
			);
			name = Core;
			path = include/Editor/Core;
			sourceTree = SOURCE_ROOT;
		};
		CEDDB0C62D1FCD3800EADB67 /* Core */ = {
			isa = PBXGroup;
			children = (
				D5849A6D9544F385BC2DDA64 /* Internal */,
			);
			name = Core;
			path = src/Core;
			sourceTree = SOURCE_ROOT;
		};
		D5849A6D9544F385BC2DDA64 /* Internal */ = {
			isa = PBXGroup;
			children = (
				2DFAACE790CFB0FD73F33904 /* EditorMain.cpp */,
				82FF7190481D87DB58857D06 /* ImGuiSetup.cpp */,
			);
			name = Internal;
			path = src/Core/Internal;
			sourceTree = SOURCE_ROOT;
		};
		EC6CDAEDA404475C41CB312F /* Views */ = {
			isa = PBXGroup;
			children = (
				7CCDEDEA8DC9FFC9AC3E22AE /* ConsoleView.cpp */,
				507F622CA44AA1C3DD7CBAF6 /* ConsoleView.h */,
			);
			name = Views;
			path = src/Views;
			sourceTree = SOURCE_ROOT;
		};
/* End PBXGroup section */

/* Begin PBXHeadersBuildPhase section */
		A38D12D295FF860CA3D39408 /* Headers */ = {
			isa = PBXHeadersBuildPhase;
			buildActionMask = 2147483647;
			files = (
				4BCBFC89CE0E3F50FF9C19F7 /* ConsoleView.h in Headers */,
				144A296198FD5BD0FE4D90E3 /* imuserconfig.h in Headers */,
				F4EFD7CC752D11388CFADF2E /* imgui_impl_glfw.h in Headers */,
				3FB9D8698E271E912BF5A699 /* imgui_impl_metal.h in Headers */,
				67215B2F30A946D53CE0BA3A /* imgui_impl_osx.h in Headers */,
				FBB88B31BC9AB75142E587D8 /* imconfig.h in Headers */,
				FFAD93909B7EAD81316AACCD /* imgui.h in Headers */,
				5AFDDED7EC17061AD59A8F09 /* imgui_internal.h in Headers */,
				9E2A15299F1AE558169ABD14 /* imstb_rectpack.h in Headers */,
				F68DE008E57A5E33EC3C5ECC /* imstb_textedit.h in Headers */,
				45596AE1F07A94CF6425E40C /* imstb_truetype.h in Headers */,
				B083506AF480128CF2371E2E /* EditorMain.h in Headers */,
				C2AEB068CD654679734EE511 /* resource.h in Headers */,
				678C3E9D042BB72528B08135 /* ImGuiSetup.h in Headers */,
			);
			runOnlyForDeploymentPostprocessing = 0;
		};
		A96E0A5BF82B90998C11606E /* Headers */ = {
			isa = PBXHeadersBuildPhase;
			buildActionMask = 2147483647;
			files = (
				C9C15A4FBBA36E4844F1B7B3 /* ConsoleView.h in Headers */,
				485463DE79E4050EA76C8E90 /* imuserconfig.h in Headers */,
				6EF149EB3C704A51B9AC3B53 /* imgui_impl_glfw.h in Headers */,
				59B541F764DCBA80ED91FDBD /* imgui_impl_metal.h in Headers */,
				3CC0563FBE6535978F08EBBF /* imgui_impl_osx.h in Headers */,
				FC04C0B66B9776D3DCFEF08B /* imconfig.h in Headers */,
				5499CB2F089D82674650B692 /* imgui.h in Headers */,
				FC032D1F01AA9C38F68E7145 /* imgui_internal.h in Headers */,
				8665B0C3FCF3342A67051D8A /* imstb_rectpack.h in Headers */,
				0BB146B2F079E087578B8E8C /* imstb_textedit.h in Headers */,
				F9277C5B50BE822D8A035997 /* imstb_truetype.h in Headers */,
				54B35FDE243D51B66BC69607 /* EditorMain.h in Headers */,
				A5983B37C74FD8D8F28E6E94 /* resource.h in Headers */,
				13FD05DE6B25F00AC08D4E23 /* ImGuiSetup.h in Headers */,
			);
			runOnlyForDeploymentPostprocessing = 0;
		};
		D0EF3B5C87CFE5EB549DFD42 /* Headers */ = {
			isa = PBXHeadersBuildPhase;
			buildActionMask = 2147483647;
			files = (
				DDE515E8746153B670994DC4 /* ConsoleView.h in Headers */,
				6B754F0C9B6AB774FAD5612A /* imuserconfig.h in Headers */,
				763F22D7CF0258CA0B241894 /* imgui_impl_glfw.h in Headers */,
				B470D9F7BF8668BFC2DE2CF0 /* imgui_impl_metal.h in Headers */,
				F3CC46BDECD3B315D6F0B217 /* imgui_impl_osx.h in Headers */,
				372F646A0ED95AC021CD3B2A /* imconfig.h in Headers */,
				43A63B16CE96B5CF4BA2C33A /* imgui.h in Headers */,
				D030EA6F15A0A06657AE935D /* imgui_internal.h in Headers */,
				DE11EDA680EAFC5B6A9B55FE /* imstb_rectpack.h in Headers */,
				C94BCE6614AE2CDFA1B6EFBE /* imstb_textedit.h in Headers */,
				23B465BC4BE5E92A67B85210 /* imstb_truetype.h in Headers */,
				A86F38D7ACBCA429F428A33A /* EditorMain.h in Headers */,
				855D42679A136671AF0AA1D7 /* resource.h in Headers */,
				F86D12E0053EFCCC6AFE7FD4 /* ImGuiSetup.h in Headers */,
			);
			runOnlyForDeploymentPostprocessing = 0;
		};
/* End PBXHeadersBuildPhase section */

/* Begin PBXNativeTarget section */
		CE2B9A342B01853C00DE24E0 /* Editor */ = {
			isa = PBXNativeTarget;
			buildConfigurationList = CE2B9A392B01853C00DE24E0 /* Build configuration list for PBXNativeTarget "Editor" */;
			buildPhases = (
				CE2B9A322B01853C00DE24E0 /* Sources */,
				CE2B9A332B01853C00DE24E0 /* Frameworks */,
				A38D12D295FF860CA3D39408 /* Headers */,
			);
			buildRules = (
			);
			dependencies = (
			);
			name = Editor;
			productName = Editor;
			productReference = CE2B9A352B01853C00DE24E0 /* libEditor.dylib */;
			productType = "com.apple.product-type.library.dynamic";
		};
		CE46BCF82CFC33CD002F900C /* EditorDev */ = {
			isa = PBXNativeTarget;
			buildConfigurationList = CE46BD052CFC33CD002F900C /* Build configuration list for PBXNativeTarget "EditorDev" */;
			buildPhases = (
				CE46BCFC2CFC33CD002F900C /* Sources */,
				CE46BD002CFC33CD002F900C /* Frameworks */,
				D0EF3B5C87CFE5EB549DFD42 /* Headers */,
			);
			buildRules = (
			);
			dependencies = (
			);
			name = EditorDev;
			productName = EditorDev;
			productReference = CE46BD082CFC33CD002F900C /* libEditorDev.dylib */;
			productType = "com.apple.product-type.library.dynamic";
		};
		CED3D6872B12D3D700C5FB04 /* EditorD */ = {
			isa = PBXNativeTarget;
			buildConfigurationList = CED3D6942B12D3D700C5FB04 /* Build configuration list for PBXNativeTarget "EditorD" */;
			buildPhases = (
				CED3D68C2B12D3D700C5FB04 /* Sources */,
				CED3D6902B12D3D700C5FB04 /* Frameworks */,
				A96E0A5BF82B90998C11606E /* Headers */,
			);
			buildRules = (
			);
			dependencies = (
			);
			name = EditorD;
			productName = EditorD;
			productReference = CED3D6982B12D3D700C5FB04 /* libEditorD.dylib */;
			productType = "com.apple.product-type.library.dynamic";
		};
/* End PBXNativeTarget section */

/* Begin PBXProject section */
		CE2B9A2D2B01853C00DE24E0 /* Project object */ = {
			isa = PBXProject;
			attributes = {
				BuildIndependentTargetsInParallel = 1;
				LastUpgradeCheck = 1420;
				TargetAttributes = {
					CE2B9A342B01853C00DE24E0 = {
						CreatedOnToolsVersion = 14.2;
					};
				};
			};
			buildConfigurationList = CE2B9A302B01853C00DE24E0 /* Build configuration list for PBXProject "Editor" */;
			compatibilityVersion = "Xcode 14.0";
			developmentRegion = en;
			hasScannedForEncodings = 0;
			knownRegions = (
				en,
			);
			mainGroup = CE2B9A2C2B01853C00DE24E0;
			productRefGroup = CE2B9A362B01853C00DE24E0 /* Products */;
			projectDirPath = "";
			projectRoot = "";
			targets = (
				CED3D6872B12D3D700C5FB04 /* EditorD */,
				CE46BCF82CFC33CD002F900C /* EditorDev */,
				CE2B9A342B01853C00DE24E0 /* Editor */,
			);
		};
/* End PBXProject section */

/* Begin PBXSourcesBuildPhase section */
		CE2B9A322B01853C00DE24E0 /* Sources */ = {
			isa = PBXSourcesBuildPhase;
			buildActionMask = 2147483647;
			files = (
				FC1FFF83015F9EFFFABFD5BD /* DllMain.cpp in Sources */,
				96D404A3000A08C04384E928 /* MimallocNewDeleteOverride.cpp in Sources */,
				2311AC816C6711593318D752 /* ConsoleView.cpp in Sources */,
				95D2EA3AE4B0DFE29A88D2D4 /* imgui_impl_glfw.cpp in Sources */,
				60B275B9D2AD6E31C321BAC3 /* imgui_impl_metal.mm in Sources */,
				1B8B0C340EEF41C8EB5041C8 /* imgui_impl_osx.mm in Sources */,
				844CD25CCAEBEF870BD3437D /* imgui.cpp in Sources */,
				96371A6771C7AE55CD7A2C3F /* imgui_demo.cpp in Sources */,
				E1410A0BEEA1971144D8FD89 /* imgui_draw.cpp in Sources */,
				D846746CFF0A42105CB3D234 /* imgui_tables.cpp in Sources */,
				443DD2D82AD98474ABFF5703 /* imgui_widgets.cpp in Sources */,
				445858AB43A6B56F303EDDC8 /* EditorMain.cpp in Sources */,
				96627F791322407DC2FF60BE /* ImGuiSetup.cpp in Sources */,
			);
			runOnlyForDeploymentPostprocessing = 0;
		};
		CE46BCFC2CFC33CD002F900C /* Sources */ = {
			isa = PBXSourcesBuildPhase;
			buildActionMask = 2147483647;
			files = (
				F017B5A779C91F01CD8A94A5 /* DllMain.cpp in Sources */,
				DF4390B90BB7AE79467DF845 /* MimallocNewDeleteOverride.cpp in Sources */,
				8F49CD5507A6B4644D11FB77 /* ConsoleView.cpp in Sources */,
				9B604853321B6CE0CB55716E /* imgui_impl_glfw.cpp in Sources */,
				BBACD102982258B501D9D593 /* imgui_impl_metal.mm in Sources */,
				52658E697343CA8B864CDE6F /* imgui_impl_osx.mm in Sources */,
				7EC3BDFF0D7F1D4ACE27DB6A /* imgui.cpp in Sources */,
				B7506E7533547FC67DA52DE9 /* imgui_demo.cpp in Sources */,
				3E7ECCBAF0882943CDE5C7E7 /* imgui_draw.cpp in Sources */,
				654F3A5E2F79F1AE4BF323A5 /* imgui_tables.cpp in Sources */,
				613E709CBE4B7AEA1E3C8B95 /* imgui_widgets.cpp in Sources */,
				2200013895A3D17897964F97 /* EditorMain.cpp in Sources */,
				F63BBD52C0D17A6030BE01E5 /* ImGuiSetup.cpp in Sources */,
			);
			runOnlyForDeploymentPostprocessing = 0;
		};
		CED3D68C2B12D3D700C5FB04 /* Sources */ = {
			isa = PBXSourcesBuildPhase;
			buildActionMask = 2147483647;
			files = (
				E081865C0B665757BF9687C9 /* DllMain.cpp in Sources */,
				2D27E32425B860E174415651 /* MimallocNewDeleteOverride.cpp in Sources */,
				EDDE8849890B7E377FABA808 /* ConsoleView.cpp in Sources */,
				40C0845091C2DA3F2759F234 /* imgui_impl_glfw.cpp in Sources */,
				B981D7646BBFE6DDFF11AC22 /* imgui_impl_metal.mm in Sources */,
				447FC7AFB17FF96A05BD221D /* imgui_impl_osx.mm in Sources */,
				C2AA1DD70AE5EE5A3AD5964C /* imgui.cpp in Sources */,
				B7555F34C2E451B5655B89ED /* imgui_demo.cpp in Sources */,
				527EFE0085F5DAF3E36E14D8 /* imgui_draw.cpp in Sources */,
				1F7FAF8130C18A76966C46EC /* imgui_tables.cpp in Sources */,
				35CBF7114FD4B78F4A2DA3FE /* imgui_widgets.cpp in Sources */,
				E6C327F7AB949C15F0F3CC3D /* EditorMain.cpp in Sources */,
				BFDE491CA62D21F6B72F1874 /* ImGuiSetup.cpp in Sources */,
			);
			runOnlyForDeploymentPostprocessing = 0;
		};
/* End PBXSourcesBuildPhase section */

/* Begin XCBuildConfiguration section */
		CE46BD072CFC33CD002F900C /* ActiveArch */ = {
			isa = XCBuildConfiguration;
			buildSettings = {
				CONFIGURATION_BUILD_DIR = "$(BUILD_DIR)/$(CONFIGURATION)/Dev";
				EXECUTABLE_PREFIX = lib;
				GCC_PREPROCESSOR_DEFINITIONS = (
					"$(inherited)",
					"ADHOC_DEBUG=0",
					"ADHOC_DEV=1",
					"ADHOC_RELEASE=0",
				);
				HEADER_SEARCH_PATHS = (
					"$(PROJECT_DIR)/src",
					"$(PROJECT_DIR)/include",
					"$(PROJECT_DIR)/vendor/imgui",
					"$(PROJECT_DIR)/vcpkg_installed/dynamic/arm64-osx-dynamic-adhoc/include",
					"$(PROJECT_DIR)/../Engine/include",
					"$(PROJECT_DIR)/../Engine/vcpkg_installed/dynamic/arm64-osx-dynamic-adhoc/include",
				);
				LIBRARY_SEARCH_PATHS = (
					"$(BUILT_PRODUCTS_DIR)",
					"$(PROJECT_DIR)/vcpkg_installed/dynamic/arm64-osx-dynamic-adhoc/lib",
					"$(PROJECT_DIR)/../Engine/vcpkg_installed/dynamic/arm64-osx-dynamic-adhoc/lib",
				);
				LLVM_LTO = YES_THIN;
				PRODUCT_NAME = "$(TARGET_NAME)";
				SKIP_INSTALL = YES;
			};
			name = ActiveArch;
		};
		CED3D66C2B12D3B500C5FB04 /* ActiveArch */ = {
			isa = XCBuildConfiguration;
			buildSettings = {
				ALWAYS_SEARCH_USER_PATHS = NO;
				ARCHS = arm64;
				CLANG_ANALYZER_NONNULL = YES;
				CLANG_ANALYZER_NUMBER_OBJECT_CONVERSION = YES_AGGRESSIVE;
				CLANG_CXX_LANGUAGE_STANDARD = "c++23";
				CLANG_ENABLE_MODULES = YES;
				CLANG_ENABLE_OBJC_ARC = YES;
				CLANG_ENABLE_OBJC_WEAK = YES;
				CLANG_WARN_BLOCK_CAPTURE_AUTORELEASING = YES;
				CLANG_WARN_BOOL_CONVERSION = YES;
				CLANG_WARN_COMMA = YES;
				CLANG_WARN_CONSTANT_CONVERSION = YES;
				CLANG_WARN_DEPRECATED_OBJC_IMPLEMENTATIONS = YES;
				CLANG_WARN_DIRECT_OBJC_ISA_USAGE = YES_ERROR;
				CLANG_WARN_DOCUMENTATION_COMMENTS = YES;
				CLANG_WARN_EMPTY_BODY = YES;
				CLANG_WARN_ENUM_CONVERSION = YES;
				CLANG_WARN_INFINITE_RECURSION = YES;
				CLANG_WARN_INT_CONVERSION = YES;
				CLANG_WARN_NON_LITERAL_NULL_CONVERSION = YES;
				CLANG_WARN_OBJC_IMPLICIT_RETAIN_SELF = YES;
				CLANG_WARN_OBJC_LITERAL_CONVERSION = YES;
				CLANG_WARN_OBJC_ROOT_CLASS = YES_ERROR;
				CLANG_WARN_QUOTED_INCLUDE_IN_FRAMEWORK_HEADER = YES;
				CLANG_WARN_RANGE_LOOP_ANALYSIS = YES;
				CLANG_WARN_STRICT_PROTOTYPES = YES;
				CLANG_WARN_SUSPICIOUS_MOVE = YES;
				CLANG_WARN_UNGUARDED_AVAILABILITY = YES_AGGRESSIVE;
				CLANG_WARN_UNREACHABLE_CODE = YES;
				CLANG_WARN__DUPLICATE_METHOD_MATCH = YES;
				CONFIGURATION_BUILD_DIR = "$(BUILD_DIR)/$(CONFIGURATION)";
				COPY_PHASE_STRIP = NO;
				DEBUG_INFORMATION_FORMAT = "dwarf-with-dsym";
				DYLIB_COMPATIBILITY_VERSION = 1;
				DYLIB_CURRENT_VERSION = 1;
				ENABLE_NS_ASSERTIONS = NO;
				ENABLE_STRICT_OBJC_MSGSEND = YES;
				EXCLUDED_SOURCE_FILE_NAMES = "*/_platform/Windows/*.cpp";
				GCC_C_LANGUAGE_STANDARD = gnu11;
				GCC_NO_COMMON_BLOCKS = YES;
				GCC_OPTIMIZATION_LEVEL = 3;
				GCC_PREPROCESSOR_DEFINITIONS = (
					"ADHOC_INTERNAL=1",
					"ADHOC_EDITOR_PROJECT=1",
					"ADHOC_MAC=1",
					"ADHOC_WINDOWS=0",
					"ADHOC_EDITOR=1",
				);
				GCC_WARN_64_TO_32_BIT_CONVERSION = YES;
				GCC_WARN_ABOUT_RETURN_TYPE = YES_ERROR;
				GCC_WARN_UNDECLARED_SELECTOR = YES;
				GCC_WARN_UNINITIALIZED_AUTOS = YES_AGGRESSIVE;
				GCC_WARN_UNUSED_FUNCTION = YES;
				GCC_WARN_UNUSED_VARIABLE = YES;
				HEADER_SEARCH_PATHS = (
					"$(PROJECT_DIR)/src",
					"$(PROJECT_DIR)/include",
					"$(PROJECT_DIR)/vendor/imgui",
					"$(PROJECT_DIR)/vcpkg_installed/dynamic/arm64-osx-dynamic-adhoc/include",
					"$(PROJECT_DIR)/../Engine/include",
					"$(PROJECT_DIR)/../Engine/vcpkg_installed/dynamic/arm64-osx-dynamic-adhoc/include",
				);
				INSTALL_PATH = "@rpath";
				LD_RUNPATH_SEARCH_PATHS = "@loader_path";
				MACOSX_DEPLOYMENT_TARGET = 14.0;
				MTL_ENABLE_DEBUG_INFO = NO;
				MTL_FAST_MATH = YES;
				ONLY_ACTIVE_ARCH = YES;
				PRODUCT_NAME = Editor;
				SDKROOT = macosx;
				SKIP_INSTALL = YES;
			};
			name = ActiveArch;
		};
		CED3D66D2B12D3B500C5FB04 /* ActiveArch */ = {
			isa = XCBuildConfiguration;
			buildSettings = {
				CONFIGURATION_BUILD_DIR = "$(BUILD_DIR)/$(CONFIGURATION)/Release";
				EXECUTABLE_PREFIX = lib;
				GCC_PREPROCESSOR_DEFINITIONS = (
					"$(inherited)",
					"ADHOC_DEBUG=0",
					"ADHOC_DEV=0",
					"ADHOC_RELEASE=1",
				);
				HEADER_SEARCH_PATHS = (
					"$(PROJECT_DIR)/src",
					"$(PROJECT_DIR)/include",
					"$(PROJECT_DIR)/vendor/imgui",
					"$(PROJECT_DIR)/vcpkg_installed/dynamic/arm64-osx-dynamic-adhoc/include",
					"$(PROJECT_DIR)/../Engine/include",
					"$(PROJECT_DIR)/../Engine/vcpkg_installed/dynamic/arm64-osx-dynamic-adhoc/include",
				);
				LIBRARY_SEARCH_PATHS = (
					"$(BUILT_PRODUCTS_DIR)",
					"$(PROJECT_DIR)/vcpkg_installed/dynamic/arm64-osx-dynamic-adhoc/lib",
					"$(PROJECT_DIR)/../Engine/vcpkg_installed/dynamic/arm64-osx-dynamic-adhoc/lib",
				);
				LLVM_LTO = YES;
				SKIP_INSTALL = YES;
			};
			name = ActiveArch;
		};
		CED3D6972B12D3D700C5FB04 /* ActiveArch */ = {
			isa = XCBuildConfiguration;
			buildSettings = {
				CONFIGURATION_BUILD_DIR = "$(BUILD_DIR)/$(CONFIGURATION)/Debug";
				ENABLE_NS_ASSERTIONS = YES;
				ENABLE_TESTABILITY = YES;
				EXECUTABLE_PREFIX = lib;
				GCC_OPTIMIZATION_LEVEL = 0;
				GCC_PREPROCESSOR_DEFINITIONS = (
					"$(inherited)",
					"DEBUG=1",
					"ADHOC_DEBUG=1",
					"ADHOC_DEV=0",
					"ADHOC_RELEASE=0",
				);
				HEADER_SEARCH_PATHS = (
					"$(PROJECT_DIR)/src",
					"$(PROJECT_DIR)/include",
					"$(PROJECT_DIR)/vendor/imgui",
					"$(PROJECT_DIR)/vcpkg_installed/dynamic/arm64-osx-dynamic-adhoc/include",
					"$(PROJECT_DIR)/../Engine/include",
					"$(PROJECT_DIR)/../Engine/vcpkg_installed/dynamic/arm64-osx-dynamic-adhoc/include",
				);
				LIBRARY_SEARCH_PATHS = (
					"$(BUILT_PRODUCTS_DIR)",
					"$(PROJECT_DIR)/vcpkg_installed/dynamic/arm64-osx-dynamic-adhoc/debug/lib",
					"$(PROJECT_DIR)/../Engine/vcpkg_installed/dynamic/arm64-osx-dynamic-adhoc/debug/lib",
				);
				MTL_ENABLE_DEBUG_INFO = INCLUDE_SOURCE;
				PRODUCT_NAME = "$(TARGET_NAME)";
				SKIP_INSTALL = YES;
			};
			name = ActiveArch;
		};
/* End XCBuildConfiguration section */

/* Begin XCConfigurationList section */
		CE2B9A302B01853C00DE24E0 /* Build configuration list for PBXProject "Editor" */ = {
			isa = XCConfigurationList;
			buildConfigurations = (
				CED3D66C2B12D3B500C5FB04 /* ActiveArch */,
			);
			defaultConfigurationIsVisible = 0;
			defaultConfigurationName = ActiveArch;
		};
		CE2B9A392B01853C00DE24E0 /* Build configuration list for PBXNativeTarget "Editor" */ = {
			isa = XCConfigurationList;
			buildConfigurations = (
				CED3D66D2B12D3B500C5FB04 /* ActiveArch */,
			);
			defaultConfigurationIsVisible = 0;
			defaultConfigurationName = ActiveArch;
		};
		CE46BD052CFC33CD002F900C /* Build configuration list for PBXNativeTarget "EditorDev" */ = {
			isa = XCConfigurationList;
			buildConfigurations = (
				CE46BD072CFC33CD002F900C /* ActiveArch */,
			);
			defaultConfigurationIsVisible = 0;
			defaultConfigurationName = ActiveArch;
		};
		CED3D6942B12D3D700C5FB04 /* Build configuration list for PBXNativeTarget "EditorD" */ = {
			isa = XCConfigurationList;
			buildConfigurations = (
				CED3D6972B12D3D700C5FB04 /* ActiveArch */,
			);
			defaultConfigurationIsVisible = 0;
			defaultConfigurationName = ActiveArch;
		};
/* End XCConfigurationList section */
	};
	rootObject = CE2B9A2D2B01853C00DE24E0 /* Project object */;
}
