// !$*UTF8*$!
{
	archiveVersion = 1;
	classes = {
	};
	objectVersion = 56;
	objects = {

/* Begin PBXBuildFile section */
		14636AA220BCC090ECF53EEE /* BasePlatformMisc.h in Sources */ = {isa = PBXBuildFile; fileRef = 9A17AE9C282049EFD73089F9 /* BasePlatformMisc.h */; };
		6649C4D16C7400BB343943F7 /* BasePlatformMisc.h in Sources */ = {isa = PBXBuildFile; fileRef = 9A17AE9C282049EFD73089F9 /* BasePlatformMisc.h */; };
		6B02E36F78201B4DAF447209 /* BasePlatformMisc.h in Sources */ = {isa = PBXBuildFile; fileRef = 9A17AE9C282049EFD73089F9 /* BasePlatformMisc.h */; };
		89659766E0DB625D13A2B640 /* MimallocNewDeleteOverride.cpp in Sources */ = {isa = PBXBuildFile; fileRef = BB9B139C4E4771EF4F9FFD4B /* MimallocNewDeleteOverride.cpp */; };
		AA67B0CBC80417ACCAE7B7BD /* MimallocNewDeleteOverride.cpp in Sources */ = {isa = PBXBuildFile; fileRef = BB9B139C4E4771EF4F9FFD4B /* MimallocNewDeleteOverride.cpp */; };
		B08534C3FBC17B75D800BDE2 /* BasePlatformMisc.h in Sources */ = {isa = PBXBuildFile; fileRef = 9A17AE9C282049EFD73089F9 /* BasePlatformMisc.h */; };
		BB804F324C24828F895D9C36 /* MimallocNewDeleteOverride.cpp in Sources */ = {isa = PBXBuildFile; fileRef = BB9B139C4E4771EF4F9FFD4B /* MimallocNewDeleteOverride.cpp */; };
		BD16A5C57E892258A66EA83E /* MimallocNewDeleteOverride.cpp in Sources */ = {isa = PBXBuildFile; fileRef = BB9B139C4E4771EF4F9FFD4B /* MimallocNewDeleteOverride.cpp */; };
		CE0684A32CEF1D1600031F0A /* AppKit.framework in Frameworks */ = {isa = PBXBuildFile; fileRef = CECE76422B110ACD0098AAEB /* AppKit.framework */; };
		CE0684B62CF064F200031F0A /* AppKit.framework in Frameworks */ = {isa = PBXBuildFile; fileRef = CECE76422B110ACD0098AAEB /* AppKit.framework */; };
		CE3D19442D23A73E00F47CDF /* libEngineStaticDev.a in Copy Modules to Reload Cache */ = {isa = PBXBuildFile; fileRef = CE3D19432D23A73E00F47CDF /* libEngineStaticDev.a */; };
		CE3D19472D23A83700F47CDF /* libEngineStatic.a in Copy Modules to Reload Cache */ = {isa = PBXBuildFile; fileRef = CE46BD282CFC4443002F900C /* libEngineStatic.a */; };
		CE3D19482D23A84000F47CDF /* libEngineStaticD.a in Copy Modules to Reload Cache */ = {isa = PBXBuildFile; fileRef = CE46BD2A2CFC4470002F900C /* libEngineStaticD.a */; };
		CE46BD102CFC33DC002F900C /* AppKit.framework in Frameworks */ = {isa = PBXBuildFile; fileRef = CECE76422B110ACD0098AAEB /* AppKit.framework */; };
		CE46BD1D2CFC4260002F900C /* libEngine.dylib in Copy Libraries */ = {isa = PBXBuildFile; fileRef = CE46BD1C2CFC4260002F900C /* libEngine.dylib */; settings = {ATTRIBUTES = (CodeSignOnCopy, ); }; };
		CE46BD202CFC42BB002F900C /* libEditor.dylib in Copy Libraries */ = {isa = PBXBuildFile; fileRef = CE46BD1F2CFC42BB002F900C /* libEditor.dylib */; settings = {ATTRIBUTES = (CodeSignOnCopy, ); }; };
		CE46BD222CFC4354002F900C /* libEngineD.dylib in Copy Debug Libraries */ = {isa = PBXBuildFile; fileRef = CE46BD212CFC4354002F900C /* libEngineD.dylib */; settings = {ATTRIBUTES = (CodeSignOnCopy, ); }; };
		CE46BD272CFC4418002F900C /* libEditorD.dylib in Copy Debug Libraries */ = {isa = PBXBuildFile; fileRef = CE46BD262CFC4418002F900C /* libEditorD.dylib */; settings = {ATTRIBUTES = (CodeSignOnCopy, ); }; };
		CE46BD292CFC4443002F900C /* libEngineStatic.a in Copy Developer Libraries */ = {isa = PBXBuildFile; fileRef = CE46BD282CFC4443002F900C /* libEngineStatic.a */; settings = {ATTRIBUTES = (CodeSignOnCopy, ); }; };
		CE46BD2B2CFC4471002F900C /* libEngineStaticD.a in Copy Developer Libraries */ = {isa = PBXBuildFile; fileRef = CE46BD2A2CFC4470002F900C /* libEngineStaticD.a */; settings = {ATTRIBUTES = (CodeSignOnCopy, ); }; };
		CE46BD2E2CFC4523002F900C /* libfmt.11.0.2.dylib in Copy Libraries */ = {isa = PBXBuildFile; fileRef = CE46BD2C2CFC4523002F900C /* libfmt.11.0.2.dylib */; settings = {ATTRIBUTES = (CodeSignOnCopy, ); }; };
		CE46BD2F2CFC4523002F900C /* libglfw.3.4.dylib in Copy Libraries */ = {isa = PBXBuildFile; fileRef = CE46BD2D2CFC4523002F900C /* libglfw.3.4.dylib */; settings = {ATTRIBUTES = (CodeSignOnCopy, ); }; };
		CE46BD322CFC454B002F900C /* libfmtd.11.0.2.dylib in Copy Debug Libraries */ = {isa = PBXBuildFile; fileRef = CE46BD302CFC454A002F900C /* libfmtd.11.0.2.dylib */; settings = {ATTRIBUTES = (CodeSignOnCopy, ); }; };
		CE46BD332CFC454B002F900C /* libglfw.3.4.dylib in Copy Debug Libraries */ = {isa = PBXBuildFile; fileRef = CE46BD312CFC454A002F900C /* libglfw.3.4.dylib */; settings = {ATTRIBUTES = (CodeSignOnCopy, ); }; };
		CE5AD0562D002A3F006E4AE8 /* libEditorD.dylib in Copy Modules to Reload Cache */ = {isa = PBXBuildFile; fileRef = CE46BD262CFC4418002F900C /* libEditorD.dylib */; };
		CE5AD0572D002A3F006E4AE8 /* libEngineD.dylib in Copy Modules to Reload Cache */ = {isa = PBXBuildFile; fileRef = CE46BD212CFC4354002F900C /* libEngineD.dylib */; };
		CE5AD05B2D002BAB006E4AE8 /* libEditor.dylib in Copy Modules to Reload Cache */ = {isa = PBXBuildFile; fileRef = CE46BD1F2CFC42BB002F900C /* libEditor.dylib */; };
		CE5AD05C2D002BAB006E4AE8 /* libEngine.dylib in Copy Modules to Reload Cache */ = {isa = PBXBuildFile; fileRef = CE46BD1C2CFC4260002F900C /* libEngine.dylib */; };
		CE5AD05E2D002BF0006E4AE8 /* libEngineDev.dylib in Copy Modules to Reload Cache */ = {isa = PBXBuildFile; fileRef = CE5AD05D2D002BF0006E4AE8 /* libEngineDev.dylib */; };
		CE5AD0602D002BFC006E4AE8 /* libEditorDev.dylib in Copy Modules to Reload Cache */ = {isa = PBXBuildFile; fileRef = CE5AD05F2D002BFC006E4AE8 /* libEditorDev.dylib */; };
		CEA1AE152B01670A005AC6CE /* Assets.xcassets in Resources */ = {isa = PBXBuildFile; fileRef = CEA1AE142B01670A005AC6CE /* Assets.xcassets */; };
		CECE76432B110ACE0098AAEB /* AppKit.framework in Frameworks */ = {isa = PBXBuildFile; fileRef = CECE76422B110ACD0098AAEB /* AppKit.framework */; };
		CED4DDB12D101DFC00BAE96F /* main.cpp in Sources */ = {isa = PBXBuildFile; fileRef = CED4DDAB2D101DFB00BAE96F /* main.cpp */; };
		CED4DDC72D1020D300BAE96F /* main.cpp in Sources */ = {isa = PBXBuildFile; fileRef = CED4DDAB2D101DFB00BAE96F /* main.cpp */; };
		CED4DDCC2D1020D300BAE96F /* main.cpp in Sources */ = {isa = PBXBuildFile; fileRef = CED4DDAB2D101DFB00BAE96F /* main.cpp */; };
		CED4DDD12D1020D400BAE96F /* main.cpp in Sources */ = {isa = PBXBuildFile; fileRef = CED4DDAB2D101DFB00BAE96F /* main.cpp */; };
		CEDDB0B22D1FCCA000EADB67 /* MacPlatformMisc.cpp in Sources */ = {isa = PBXBuildFile; fileRef = CEDDB0A22D1FCCA000EADB67 /* MacPlatformMisc.cpp */; };
		CEDDB0B32D1FCCA000EADB67 /* MacPlatformMisc.cpp in Sources */ = {isa = PBXBuildFile; fileRef = CEDDB0A22D1FCCA000EADB67 /* MacPlatformMisc.cpp */; };
		CEDDB0B42D1FCCA000EADB67 /* MacPlatformMisc.cpp in Sources */ = {isa = PBXBuildFile; fileRef = CEDDB0A22D1FCCA000EADB67 /* MacPlatformMisc.cpp */; };
		CEDDB0B52D1FCCA000EADB67 /* MacPlatformMisc.cpp in Sources */ = {isa = PBXBuildFile; fileRef = CEDDB0A22D1FCCA000EADB67 /* MacPlatformMisc.cpp */; };
		CEDDB0C22D1FCCA000EADB67 /* WindowsPlatformMisc.cpp in Sources */ = {isa = PBXBuildFile; fileRef = CEDDB0AA2D1FCCA000EADB67 /* WindowsPlatformMisc.cpp */; };
		CEDDB0C32D1FCCA000EADB67 /* WindowsPlatformMisc.cpp in Sources */ = {isa = PBXBuildFile; fileRef = CEDDB0AA2D1FCCA000EADB67 /* WindowsPlatformMisc.cpp */; };
		CEDDB0C42D1FCCA000EADB67 /* WindowsPlatformMisc.cpp in Sources */ = {isa = PBXBuildFile; fileRef = CEDDB0AA2D1FCCA000EADB67 /* WindowsPlatformMisc.cpp */; };
		CEDDB0C52D1FCCA000EADB67 /* WindowsPlatformMisc.cpp in Sources */ = {isa = PBXBuildFile; fileRef = CEDDB0AA2D1FCCA000EADB67 /* WindowsPlatformMisc.cpp */; };
/* End PBXBuildFile section */

/* Begin PBXCopyFilesBuildPhase section */
		CE3370252B131E170020E817 /* Copy Debug Libraries */ = {
			isa = PBXCopyFilesBuildPhase;
			buildActionMask = 2147483647;
			dstPath = debug;
			dstSubfolderSpec = 10;
			files = (
				CE46BD322CFC454B002F900C /* libfmtd.11.0.2.dylib in Copy Debug Libraries */,
				CE46BD332CFC454B002F900C /* libglfw.3.4.dylib in Copy Debug Libraries */,
				CE46BD222CFC4354002F900C /* libEngineD.dylib in Copy Debug Libraries */,
				CE46BD272CFC4418002F900C /* libEditorD.dylib in Copy Debug Libraries */,
			);
			name = "Copy Debug Libraries";
			runOnlyForDeploymentPostprocessing = 0;
		};
		CE4C6EF22B01AFF30015E51A /* Copy Libraries */ = {
			isa = PBXCopyFilesBuildPhase;
			buildActionMask = 2147483647;
			dstPath = "";
			dstSubfolderSpec = 10;
			files = (
				CE46BD2E2CFC4523002F900C /* libfmt.11.0.2.dylib in Copy Libraries */,
				CE46BD2F2CFC4523002F900C /* libglfw.3.4.dylib in Copy Libraries */,
				CE46BD1D2CFC4260002F900C /* libEngine.dylib in Copy Libraries */,
				CE46BD202CFC42BB002F900C /* libEditor.dylib in Copy Libraries */,
			);
			name = "Copy Libraries";
			runOnlyForDeploymentPostprocessing = 0;
		};
		CE5AD0552D002A07006E4AE8 /* Copy Modules to Reload Cache */ = {
			isa = PBXCopyFilesBuildPhase;
			buildActionMask = 2147483647;
			dstPath = reload_cache;
			dstSubfolderSpec = 16;
			files = (
				CE3D19482D23A84000F47CDF /* libEngineStaticD.a in Copy Modules to Reload Cache */,
				CE5AD0562D002A3F006E4AE8 /* libEditorD.dylib in Copy Modules to Reload Cache */,
				CE5AD0572D002A3F006E4AE8 /* libEngineD.dylib in Copy Modules to Reload Cache */,
			);
			name = "Copy Modules to Reload Cache";
			runOnlyForDeploymentPostprocessing = 0;
		};
		CE5AD0592D002B5B006E4AE8 /* Copy Modules to Reload Cache */ = {
			isa = PBXCopyFilesBuildPhase;
			buildActionMask = 2147483647;
			dstPath = reload_cache;
			dstSubfolderSpec = 16;
			files = (
				CE3D19442D23A73E00F47CDF /* libEngineStaticDev.a in Copy Modules to Reload Cache */,
				CE5AD05E2D002BF0006E4AE8 /* libEngineDev.dylib in Copy Modules to Reload Cache */,
				CE5AD0602D002BFC006E4AE8 /* libEditorDev.dylib in Copy Modules to Reload Cache */,
			);
			name = "Copy Modules to Reload Cache";
			runOnlyForDeploymentPostprocessing = 0;
		};
		CE5AD05A2D002B97006E4AE8 /* Copy Modules to Reload Cache */ = {
			isa = PBXCopyFilesBuildPhase;
			buildActionMask = 2147483647;
			dstPath = reload_cache;
			dstSubfolderSpec = 16;
			files = (
				CE3D19472D23A83700F47CDF /* libEngineStatic.a in Copy Modules to Reload Cache */,
				CE5AD05B2D002BAB006E4AE8 /* libEditor.dylib in Copy Modules to Reload Cache */,
				CE5AD05C2D002BAB006E4AE8 /* libEngine.dylib in Copy Modules to Reload Cache */,
			);
			name = "Copy Modules to Reload Cache";
			runOnlyForDeploymentPostprocessing = 0;
		};
		CE9B3CAD2CF6F85F0079DD67 /* Copy Developer Libraries */ = {
			isa = PBXCopyFilesBuildPhase;
			buildActionMask = 2147483647;
			dstPath = developer/engine/lib;
			dstSubfolderSpec = 7;
			files = (
				CE46BD292CFC4443002F900C /* libEngineStatic.a in Copy Developer Libraries */,
				CE46BD2B2CFC4471002F900C /* libEngineStaticD.a in Copy Developer Libraries */,
			);
			name = "Copy Developer Libraries";
			runOnlyForDeploymentPostprocessing = 0;
		};
/* End PBXCopyFilesBuildPhase section */

/* Begin PBXFileReference section */
		9A17AE9C282049EFD73089F9 /* BasePlatformMisc.h */ = {isa = PBXFileReference; includeInIndex = 1; lastKnownFileType = sourcecode.c.h; name = BasePlatformMisc.h; path = src/Core/_platform/Base/BasePlatformMisc.h; sourceTree = SOURCE_ROOT; };
		BB9B139C4E4771EF4F9FFD4B /* MimallocNewDeleteOverride.cpp */ = {isa = PBXFileReference; includeInIndex = 1; lastKnownFileType = sourcecode.cpp.cpp; name = MimallocNewDeleteOverride.cpp; path = src/_platform/Windows/MimallocNewDeleteOverride.cpp; sourceTree = SOURCE_ROOT; };
		CE0684982CEF1CB800031F0A /* Launcher */ = {isa = PBXFileReference; explicitFileType = "compiled.mach-o.executable"; includeInIndex = 0; path = Launcher; sourceTree = BUILT_PRODUCTS_DIR; };
		CE0684C02CF064F200031F0A /* LauncherD */ = {isa = PBXFileReference; explicitFileType = "compiled.mach-o.executable"; includeInIndex = 0; path = LauncherD; sourceTree = BUILT_PRODUCTS_DIR; };
		CE3D19432D23A73E00F47CDF /* libEngineStaticDev.a */ = {isa = PBXFileReference; lastKnownFileType = archive.ar; name = libEngineStaticDev.a; path = ../build/Engine/libEngineStaticDev.a; sourceTree = SOURCE_ROOT; };
		CE46BD152CFC33DC002F900C /* LauncherDev */ = {isa = PBXFileReference; explicitFileType = "compiled.mach-o.executable"; includeInIndex = 0; path = LauncherDev; sourceTree = BUILT_PRODUCTS_DIR; };
		CE46BD1C2CFC4260002F900C /* libEngine.dylib */ = {isa = PBXFileReference; lastKnownFileType = "compiled.mach-o.dylib"; name = libEngine.dylib; path = ../build/Engine/libEngine.dylib; sourceTree = SOURCE_ROOT; };
		CE46BD1F2CFC42BB002F900C /* libEditor.dylib */ = {isa = PBXFileReference; lastKnownFileType = "compiled.mach-o.dylib"; name = libEditor.dylib; path = ../build/Editor/libEditor.dylib; sourceTree = SOURCE_ROOT; };
		CE46BD212CFC4354002F900C /* libEngineD.dylib */ = {isa = PBXFileReference; lastKnownFileType = "compiled.mach-o.dylib"; name = libEngineD.dylib; path = ../build/Engine/libEngineD.dylib; sourceTree = SOURCE_ROOT; };
		CE46BD262CFC4418002F900C /* libEditorD.dylib */ = {isa = PBXFileReference; lastKnownFileType = "compiled.mach-o.dylib"; name = libEditorD.dylib; path = ../build/Editor/libEditorD.dylib; sourceTree = SOURCE_ROOT; };
		CE46BD282CFC4443002F900C /* libEngineStatic.a */ = {isa = PBXFileReference; lastKnownFileType = archive.ar; name = libEngineStatic.a; path = ../build/Engine/libEngineStatic.a; sourceTree = SOURCE_ROOT; };
		CE46BD2A2CFC4470002F900C /* libEngineStaticD.a */ = {isa = PBXFileReference; lastKnownFileType = archive.ar; name = libEngineStaticD.a; path = ../build/Engine/libEngineStaticD.a; sourceTree = SOURCE_ROOT; };
		CE46BD2C2CFC4523002F900C /* libfmt.11.0.2.dylib */ = {isa = PBXFileReference; lastKnownFileType = "compiled.mach-o.dylib"; name = libfmt.11.0.2.dylib; path = "../Engine/vcpkg_installed/uni-dynamic/lib/libfmt.11.0.2.dylib"; sourceTree = SOURCE_ROOT; };
		CE46BD2D2CFC4523002F900C /* libglfw.3.4.dylib */ = {isa = PBXFileReference; lastKnownFileType = "compiled.mach-o.dylib"; name = libglfw.3.4.dylib; path = "../Engine/vcpkg_installed/uni-dynamic/lib/libglfw.3.4.dylib"; sourceTree = SOURCE_ROOT; };
		CE46BD302CFC454A002F900C /* libfmtd.11.0.2.dylib */ = {isa = PBXFileReference; lastKnownFileType = "compiled.mach-o.dylib"; name = libfmtd.11.0.2.dylib; path = "../Engine/vcpkg_installed/uni-dynamic/debug/lib/libfmtd.11.0.2.dylib"; sourceTree = SOURCE_ROOT; };
		CE46BD312CFC454A002F900C /* libglfw.3.4.dylib */ = {isa = PBXFileReference; lastKnownFileType = "compiled.mach-o.dylib"; name = libglfw.3.4.dylib; path = "../Engine/vcpkg_installed/uni-dynamic/debug/lib/libglfw.3.4.dylib"; sourceTree = SOURCE_ROOT; };
		CE5AD05D2D002BF0006E4AE8 /* libEngineDev.dylib */ = {isa = PBXFileReference; lastKnownFileType = "compiled.mach-o.dylib"; name = libEngineDev.dylib; path = ../build/Engine/libEngineDev.dylib; sourceTree = SOURCE_ROOT; };
		CE5AD05F2D002BFC006E4AE8 /* libEditorDev.dylib */ = {isa = PBXFileReference; lastKnownFileType = "compiled.mach-o.dylib"; name = libEditorDev.dylib; path = ../build/Editor/libEditorDev.dylib; sourceTree = SOURCE_ROOT; };
		CEA1AE0E2B016708005AC6CE /* Ad Hoc Editor.app */ = {isa = PBXFileReference; explicitFileType = wrapper.application; includeInIndex = 0; path = "Ad Hoc Editor.app"; sourceTree = BUILT_PRODUCTS_DIR; };
		CEA1AE142B01670A005AC6CE /* Assets.xcassets */ = {isa = PBXFileReference; lastKnownFileType = folder.assetcatalog; name = Assets.xcassets; path = resources/Mac/Assets.xcassets; sourceTree = SOURCE_ROOT; };
		CEA1AE1B2B01670A005AC6CE /* AdHocEngine.entitlements */ = {isa = PBXFileReference; lastKnownFileType = text.plist.entitlements; name = AdHocEngine.entitlements; path = resources/Mac/AdHocEngine.entitlements; sourceTree = SOURCE_ROOT; };
		CECE76422B110ACD0098AAEB /* AppKit.framework */ = {isa = PBXFileReference; lastKnownFileType = wrapper.framework; name = AppKit.framework; path = System/Library/Frameworks/AppKit.framework; sourceTree = SDKROOT; };
		CED4DDAB2D101DFB00BAE96F /* main.cpp */ = {isa = PBXFileReference; fileEncoding = 4; lastKnownFileType = sourcecode.cpp.cpp; name = main.cpp; path = src/main.cpp; sourceTree = SOURCE_ROOT; };
		CEDDB0A22D1FCCA000EADB67 /* MacPlatformMisc.cpp */ = {isa = PBXFileReference; fileEncoding = 4; lastKnownFileType = sourcecode.cpp.cpp; name = MacPlatformMisc.cpp; path = src/Core/_platform/Mac/MacPlatformMisc.cpp; sourceTree = SOURCE_ROOT; };
		CEDDB0A52D1FCCA000EADB67 /* MacPlatformMisc.h */ = {isa = PBXFileReference; fileEncoding = 4; lastKnownFileType = sourcecode.c.h; name = MacPlatformMisc.h; path = src/Core/_platform/Mac/MacPlatformMisc.h; sourceTree = SOURCE_ROOT; };
		CEDDB0A82D1FCCA000EADB67 /* WindowsPlatformMisc.h */ = {isa = PBXFileReference; fileEncoding = 4; lastKnownFileType = sourcecode.c.h; name = WindowsPlatformMisc.h; path = src/Core/_platform/Windows/WindowsPlatformMisc.h; sourceTree = SOURCE_ROOT; };
		CEDDB0AA2D1FCCA000EADB67 /* WindowsPlatformMisc.cpp */ = {isa = PBXFileReference; fileEncoding = 4; lastKnownFileType = sourcecode.cpp.cpp; name = WindowsPlatformMisc.cpp; path = src/Core/_platform/Windows/WindowsPlatformMisc.cpp; sourceTree = SOURCE_ROOT; };
		CEDDB0B02D1FCCA000EADB67 /* PlatformMisc.h */ = {isa = PBXFileReference; fileEncoding = 4; lastKnownFileType = sourcecode.c.h; name = PlatformMisc.h; path = src/Core/PlatformMisc.h; sourceTree = SOURCE_ROOT; };
/* End PBXFileReference section */

/* Begin PBXFrameworksBuildPhase section */
		CE0684952CEF1CB800031F0A /* Frameworks */ = {
			isa = PBXFrameworksBuildPhase;
			buildActionMask = 2147483647;
			files = (
				CE0684A32CEF1D1600031F0A /* AppKit.framework in Frameworks */,
			);
			runOnlyForDeploymentPostprocessing = 0;
		};
		CE0684B52CF064F200031F0A /* Frameworks */ = {
			isa = PBXFrameworksBuildPhase;
			buildActionMask = 2147483647;
			files = (
				CE0684B62CF064F200031F0A /* AppKit.framework in Frameworks */,
			);
			runOnlyForDeploymentPostprocessing = 0;
		};
		CE46BD0F2CFC33DC002F900C /* Frameworks */ = {
			isa = PBXFrameworksBuildPhase;
			buildActionMask = 2147483647;
			files = (
				CE46BD102CFC33DC002F900C /* AppKit.framework in Frameworks */,
			);
			runOnlyForDeploymentPostprocessing = 0;
		};
		CECE76412B110A8A0098AAEB /* Frameworks */ = {
			isa = PBXFrameworksBuildPhase;
			buildActionMask = 2147483647;
			files = (
				CECE76432B110ACE0098AAEB /* AppKit.framework in Frameworks */,
			);
			runOnlyForDeploymentPostprocessing = 0;
		};
/* End PBXFrameworksBuildPhase section */

/* Begin PBXGroup section */
		635D866B9D09F6717598ABF9 /* Windows */ = {
			isa = PBXGroup;
			children = (
				BB9B139C4E4771EF4F9FFD4B /* MimallocNewDeleteOverride.cpp */,
			);
			name = Windows;
			path = src/_platform/Windows;
			sourceTree = SOURCE_ROOT;
		};
		6E5D78F485C711ACD9741822 /* _platform */ = {
			isa = PBXGroup;
			children = (
				635D866B9D09F6717598ABF9 /* Windows */,
			);
			name = _platform;
			path = src/_platform;
			sourceTree = SOURCE_ROOT;
		};
		CE01CABB2D041784008E0A1F /* Mac */ = {
			isa = PBXGroup;
			children = (
				CEA1AE1B2B01670A005AC6CE /* AdHocEngine.entitlements */,
				CEA1AE142B01670A005AC6CE /* Assets.xcassets */,
			);
			name = Mac;
			path = resources/Mac;
			sourceTree = SOURCE_ROOT;
		};
		CE2B9A2B2B01681C00DE24E0 /* resources */ = {
			isa = PBXGroup;
			children = (
				CE01CABB2D041784008E0A1F /* Mac */,
			);
			name = resources;
			path = resources;
			sourceTree = SOURCE_ROOT;
		};
		CE4C6E992B01963D0015E51A /* src */ = {
			isa = PBXGroup;
			children = (
				6E5D78F485C711ACD9741822 /* _platform */,
				CEDDB09C2D1FCCA000EADB67 /* Core */,
				CED4DDAB2D101DFB00BAE96F /* main.cpp */,
			);
			name = src;
			path = src;
			sourceTree = SOURCE_ROOT;
		};
		CE4C6EE62B01AE310015E51A /* Frameworks */ = {
			isa = PBXGroup;
			children = (
				CECE76422B110ACD0098AAEB /* AppKit.framework */,
				CE46BD1F2CFC42BB002F900C /* libEditor.dylib */,
				CE46BD262CFC4418002F900C /* libEditorD.dylib */,
				CE5AD05F2D002BFC006E4AE8 /* libEditorDev.dylib */,
				CE46BD1C2CFC4260002F900C /* libEngine.dylib */,
				CE46BD212CFC4354002F900C /* libEngineD.dylib */,
				CE5AD05D2D002BF0006E4AE8 /* libEngineDev.dylib */,
				CE46BD282CFC4443002F900C /* libEngineStatic.a */,
				CE46BD2A2CFC4470002F900C /* libEngineStaticD.a */,
				CE3D19432D23A73E00F47CDF /* libEngineStaticDev.a */,
				CE46BD2C2CFC4523002F900C /* libfmt.11.0.2.dylib */,
				CE46BD302CFC454A002F900C /* libfmtd.11.0.2.dylib */,
				CE46BD2D2CFC4523002F900C /* libglfw.3.4.dylib */,
				CE46BD312CFC454A002F900C /* libglfw.3.4.dylib */,
			);
			name = Frameworks;
			sourceTree = SOURCE_ROOT;
		};
		CEA1AE052B016708005AC6CE = {
			isa = PBXGroup;
			children = (
				CE4C6EE62B01AE310015E51A /* Frameworks */,
				CEA1AE0F2B016708005AC6CE /* Products */,
				CE2B9A2B2B01681C00DE24E0 /* resources */,
				CE4C6E992B01963D0015E51A /* src */,
			);
			sourceTree = SOURCE_ROOT;
		};
		CEA1AE0F2B016708005AC6CE /* Products */ = {
			isa = PBXGroup;
			children = (
				CEA1AE0E2B016708005AC6CE /* Ad Hoc Editor.app */,
				CE0684982CEF1CB800031F0A /* Launcher */,
				CE0684C02CF064F200031F0A /* LauncherD */,
				CE46BD152CFC33DC002F900C /* LauncherDev */,
			);
			name = Products;
			sourceTree = SOURCE_ROOT;
		};
		CEDDB09C2D1FCCA000EADB67 /* Core */ = {
			isa = PBXGroup;
			children = (
				CEDDB09F2D1FCCA000EADB67 /* _platform */,
				CEDDB0B02D1FCCA000EADB67 /* PlatformMisc.h */,
			);
			name = Core;
			path = src/Core;
			sourceTree = SOURCE_ROOT;
		};
		CEDDB09F2D1FCCA000EADB67 /* _platform */ = {
			isa = PBXGroup;
			children = (
				CEDDB0AD2D1FCCA000EADB67 /* Base */,
				CEDDB0A02D1FCCA000EADB67 /* Mac */,
				CEDDB0A62D1FCCA000EADB67 /* Windows */,
			);
			name = _platform;
			path = src/Core/_platform;
			sourceTree = SOURCE_ROOT;
		};
		CEDDB0A02D1FCCA000EADB67 /* Mac */ = {
			isa = PBXGroup;
			children = (
				CEDDB0A22D1FCCA000EADB67 /* MacPlatformMisc.cpp */,
				CEDDB0A52D1FCCA000EADB67 /* MacPlatformMisc.h */,
			);
			name = Mac;
			path = src/Core/_platform/Mac;
			sourceTree = SOURCE_ROOT;
		};
		CEDDB0A62D1FCCA000EADB67 /* Windows */ = {
			isa = PBXGroup;
			children = (
				CEDDB0AA2D1FCCA000EADB67 /* WindowsPlatformMisc.cpp */,
				CEDDB0A82D1FCCA000EADB67 /* WindowsPlatformMisc.h */,
			);
			name = Windows;
			path = src/Core/_platform/Windows;
			sourceTree = SOURCE_ROOT;
		};
		CEDDB0AD2D1FCCA000EADB67 /* Base */ = {
			isa = PBXGroup;
			children = (
				9A17AE9C282049EFD73089F9 /* BasePlatformMisc.h */,
			);
			name = Base;
			path = src/Core/_platform/Base;
			sourceTree = SOURCE_ROOT;
		};
/* End PBXGroup section */

/* Begin PBXNativeTarget section */
		CE0684972CEF1CB800031F0A /* Launcher */ = {
			isa = PBXNativeTarget;
			buildConfigurationList = CE06849E2CEF1CB800031F0A /* Build configuration list for PBXNativeTarget "Launcher" */;
			buildPhases = (
				CE0684942CEF1CB800031F0A /* Sources */,
				CE0684952CEF1CB800031F0A /* Frameworks */,
				CE5AD05A2D002B97006E4AE8 /* Copy Modules to Reload Cache */,
			);
			buildRules = (
			);
			dependencies = (
			);
			name = Launcher;
			productName = Launcher;
			productReference = CE0684982CEF1CB800031F0A /* Launcher */;
			productType = "com.apple.product-type.tool";
		};
		CE0684AF2CF064F200031F0A /* LauncherD */ = {
			isa = PBXNativeTarget;
			buildConfigurationList = CE0684BC2CF064F200031F0A /* Build configuration list for PBXNativeTarget "LauncherD" */;
			buildPhases = (
				CE0684B02CF064F200031F0A /* Sources */,
				CE0684B52CF064F200031F0A /* Frameworks */,
				CE5AD0552D002A07006E4AE8 /* Copy Modules to Reload Cache */,
			);
			buildRules = (
			);
			dependencies = (
			);
			name = LauncherD;
			productName = LauncherD;
			productReference = CE0684C02CF064F200031F0A /* LauncherD */;
			productType = "com.apple.product-type.tool";
		};
		CE46BD092CFC33DC002F900C /* LauncherDev */ = {
			isa = PBXNativeTarget;
			buildConfigurationList = CE46BD122CFC33DC002F900C /* Build configuration list for PBXNativeTarget "LauncherDev" */;
			buildPhases = (
				CE46BD0A2CFC33DC002F900C /* Sources */,
				CE46BD0F2CFC33DC002F900C /* Frameworks */,
				CE5AD0592D002B5B006E4AE8 /* Copy Modules to Reload Cache */,
			);
			buildRules = (
			);
			dependencies = (
			);
			name = LauncherDev;
			productName = LauncherDev;
			productReference = CE46BD152CFC33DC002F900C /* LauncherDev */;
			productType = "com.apple.product-type.tool";
		};
		CEA1AE0D2B016708005AC6CE /* Ad Hoc Editor */ = {
			isa = PBXNativeTarget;
			buildConfigurationList = CEA1AE1E2B01670A005AC6CE /* Build configuration list for PBXNativeTarget "Ad Hoc Editor" */;
			buildPhases = (
				CEA1AE0A2B016708005AC6CE /* Sources */,
				CECE76412B110A8A0098AAEB /* Frameworks */,
				CE4C6EF22B01AFF30015E51A /* Copy Libraries */,
				CE3370252B131E170020E817 /* Copy Debug Libraries */,
				CE9B3CAD2CF6F85F0079DD67 /* Copy Developer Libraries */,
				CEA1AE0C2B016708005AC6CE /* Resources */,
			);
			buildRules = (
			);
			dependencies = (
			);
			name = "Ad Hoc Editor";
			productName = "Ad Hoc Editor";
			productReference = CEA1AE0E2B016708005AC6CE /* Ad Hoc Editor.app */;
			productType = "com.apple.product-type.application";
		};
/* End PBXNativeTarget section */

/* Begin PBXProject section */
		CEA1AE062B016708005AC6CE /* Project object */ = {
			isa = PBXProject;
			attributes = {
				BuildIndependentTargetsInParallel = 1;
				LastUpgradeCheck = 1420;
				TargetAttributes = {
					CE0684972CEF1CB800031F0A = {
						CreatedOnToolsVersion = 14.2;
					};
					CEA1AE0D2B016708005AC6CE = {
						CreatedOnToolsVersion = 14.2;
					};
				};
			};
			buildConfigurationList = CEA1AE092B016708005AC6CE /* Build configuration list for PBXProject "Launcher" */;
			compatibilityVersion = "Xcode 14.0";
			developmentRegion = en;
			hasScannedForEncodings = 0;
			knownRegions = (
				en,
			);
			mainGroup = CEA1AE052B016708005AC6CE;
			productRefGroup = CEA1AE0F2B016708005AC6CE /* Products */;
			projectDirPath = "";
			projectRoot = "";
			targets = (
				CEA1AE0D2B016708005AC6CE /* Ad Hoc Editor */,
				CE0684972CEF1CB800031F0A /* Launcher */,
				CE46BD092CFC33DC002F900C /* LauncherDev */,
				CE0684AF2CF064F200031F0A /* LauncherD */,
			);
		};
/* End PBXProject section */

/* Begin PBXResourcesBuildPhase section */
		CEA1AE0C2B016708005AC6CE /* Resources */ = {
			isa = PBXResourcesBuildPhase;
			buildActionMask = 2147483647;
			files = (
				CEA1AE152B01670A005AC6CE /* Assets.xcassets in Resources */,
			);
			runOnlyForDeploymentPostprocessing = 0;
		};
/* End PBXResourcesBuildPhase section */

/* Begin PBXSourcesBuildPhase section */
		CE0684942CEF1CB800031F0A /* Sources */ = {
			isa = PBXSourcesBuildPhase;
			buildActionMask = 2147483647;
			files = (
				CEDDB0B32D1FCCA000EADB67 /* MacPlatformMisc.cpp in Sources */,
				CED4DDD12D1020D400BAE96F /* main.cpp in Sources */,
				CEDDB0C32D1FCCA000EADB67 /* WindowsPlatformMisc.cpp in Sources */,
				6649C4D16C7400BB343943F7 /* BasePlatformMisc.h in Sources */,
				BD16A5C57E892258A66EA83E /* MimallocNewDeleteOverride.cpp in Sources */,
			);
			runOnlyForDeploymentPostprocessing = 0;
		};
		CE0684B02CF064F200031F0A /* Sources */ = {
			isa = PBXSourcesBuildPhase;
			buildActionMask = 2147483647;
			files = (
				CEDDB0B52D1FCCA000EADB67 /* MacPlatformMisc.cpp in Sources */,
				CED4DDC72D1020D300BAE96F /* main.cpp in Sources */,
				CEDDB0C52D1FCCA000EADB67 /* WindowsPlatformMisc.cpp in Sources */,
				B08534C3FBC17B75D800BDE2 /* BasePlatformMisc.h in Sources */,
				BB804F324C24828F895D9C36 /* MimallocNewDeleteOverride.cpp in Sources */,
			);
			runOnlyForDeploymentPostprocessing = 0;
		};
		CE46BD0A2CFC33DC002F900C /* Sources */ = {
			isa = PBXSourcesBuildPhase;
			buildActionMask = 2147483647;
			files = (
				CEDDB0B42D1FCCA000EADB67 /* MacPlatformMisc.cpp in Sources */,
				CED4DDCC2D1020D300BAE96F /* main.cpp in Sources */,
				CEDDB0C42D1FCCA000EADB67 /* WindowsPlatformMisc.cpp in Sources */,
				6B02E36F78201B4DAF447209 /* BasePlatformMisc.h in Sources */,
				89659766E0DB625D13A2B640 /* MimallocNewDeleteOverride.cpp in Sources */,
			);
			runOnlyForDeploymentPostprocessing = 0;
		};
		CEA1AE0A2B016708005AC6CE /* Sources */ = {
			isa = PBXSourcesBuildPhase;
			buildActionMask = 2147483647;
			files = (
				CEDDB0B22D1FCCA000EADB67 /* MacPlatformMisc.cpp in Sources */,
				CED4DDB12D101DFC00BAE96F /* main.cpp in Sources */,
				CEDDB0C22D1FCCA000EADB67 /* WindowsPlatformMisc.cpp in Sources */,
				14636AA220BCC090ECF53EEE /* BasePlatformMisc.h in Sources */,
				AA67B0CBC80417ACCAE7B7BD /* MimallocNewDeleteOverride.cpp in Sources */,
			);
			runOnlyForDeploymentPostprocessing = 0;
		};
/* End PBXSourcesBuildPhase section */

/* Begin XCBuildConfiguration section */
		CE06849C2CEF1CB800031F0A /* Universal */ = {
			isa = XCBuildConfiguration;
			buildSettings = {
				DEVELOPMENT_TEAM = "";
				GCC_PREPROCESSOR_DEFINITIONS = (
					"$(inherited)",
					ADHOC_RELEASE,
				);
				LLVM_LTO = YES;
				PRODUCT_NAME = "$(TARGET_NAME)";
			};
			name = Universal;
		};
		CE06849D2CEF1CB800031F0A /* ActiveArch */ = {
			isa = XCBuildConfiguration;
			buildSettings = {
				DEVELOPMENT_TEAM = "";
				GCC_PREPROCESSOR_DEFINITIONS = (
					"$(inherited)",
					ADHOC_RELEASE,
				);
				LLVM_LTO = YES;
				PRODUCT_NAME = "$(TARGET_NAME)";
			};
			name = ActiveArch;
		};
		CE0684BD2CF064F200031F0A /* Universal */ = {
			isa = XCBuildConfiguration;
			buildSettings = {
				DEVELOPMENT_TEAM = "";
				ENABLE_NS_ASSERTIONS = YES;
				GCC_OPTIMIZATION_LEVEL = 0;
				GCC_PREPROCESSOR_DEFINITIONS = (
					"$(inherited)",
					"DEBUG=1",
					ADHOC_DEBUG,
				);
				MTL_ENABLE_DEBUG_INFO = INCLUDE_SOURCE;
				PRODUCT_NAME = "$(TARGET_NAME)";
			};
			name = Universal;
		};
		CE0684BE2CF064F200031F0A /* ActiveArch */ = {
			isa = XCBuildConfiguration;
			buildSettings = {
				DEVELOPMENT_TEAM = "";
				ENABLE_NS_ASSERTIONS = YES;
				GCC_OPTIMIZATION_LEVEL = 0;
				GCC_PREPROCESSOR_DEFINITIONS = (
					"$(inherited)",
					"DEBUG=1",
					ADHOC_DEBUG,
				);
				MTL_ENABLE_DEBUG_INFO = INCLUDE_SOURCE;
				PRODUCT_NAME = "$(TARGET_NAME)";
			};
			name = ActiveArch;
		};
		CE46BD132CFC33DC002F900C /* Universal */ = {
			isa = XCBuildConfiguration;
			buildSettings = {
				DEVELOPMENT_TEAM = "";
				GCC_PREPROCESSOR_DEFINITIONS = (
					"$(inherited)",
					ADHOC_DEV,
				);
				LLVM_LTO = YES_THIN;
				PRODUCT_NAME = "$(TARGET_NAME)";
			};
			name = Universal;
		};
		CE46BD142CFC33DC002F900C /* ActiveArch */ = {
			isa = XCBuildConfiguration;
			buildSettings = {
				DEVELOPMENT_TEAM = "";
				GCC_PREPROCESSOR_DEFINITIONS = (
					"$(inherited)",
					ADHOC_DEV,
				);
				LLVM_LTO = YES_THIN;
				PRODUCT_NAME = "$(TARGET_NAME)";
			};
			name = ActiveArch;
		};
		CEA1AE1D2B01670A005AC6CE /* Universal */ = {
			isa = XCBuildConfiguration;
			buildSettings = {
				ALWAYS_SEARCH_USER_PATHS = NO;
				CLANG_ANALYZER_NONNULL = YES;
				CLANG_ANALYZER_NUMBER_OBJECT_CONVERSION = YES_AGGRESSIVE;
				CLANG_CXX_LANGUAGE_STANDARD = "c++20";
				CLANG_ENABLE_MODULES = YES;
				CLANG_ENABLE_OBJC_ARC = YES;
				CLANG_ENABLE_OBJC_WEAK = YES;
				CLANG_WARN_BLOCK_CAPTURE_AUTORELEASING = YES;
				CLANG_WARN_BOOL_CONVERSION = YES;
				CLANG_WARN_COMMA = YES;
				CLANG_WARN_CONSTANT_CONVERSION = YES;
				CLANG_WARN_DEPRECATED_OBJC_IMPLEMENTATIONS = YES;
				CLANG_WARN_DIRECT_OBJC_ISA_USAGE = YES_ERROR;
				CLANG_WARN_DOCUMENTATION_COMMENTS = YES;
				CLANG_WARN_EMPTY_BODY = YES;
				CLANG_WARN_ENUM_CONVERSION = YES;
				CLANG_WARN_INFINITE_RECURSION = YES;
				CLANG_WARN_INT_CONVERSION = YES;
				CLANG_WARN_NON_LITERAL_NULL_CONVERSION = YES;
				CLANG_WARN_OBJC_IMPLICIT_RETAIN_SELF = YES;
				CLANG_WARN_OBJC_LITERAL_CONVERSION = YES;
				CLANG_WARN_OBJC_ROOT_CLASS = YES_ERROR;
				CLANG_WARN_QUOTED_INCLUDE_IN_FRAMEWORK_HEADER = YES;
				CLANG_WARN_RANGE_LOOP_ANALYSIS = YES;
				CLANG_WARN_STRICT_PROTOTYPES = YES;
				CLANG_WARN_SUSPICIOUS_MOVE = YES;
				CLANG_WARN_UNGUARDED_AVAILABILITY = YES_AGGRESSIVE;
				CLANG_WARN_UNREACHABLE_CODE = YES;
				CLANG_WARN__DUPLICATE_METHOD_MATCH = YES;
				CODE_SIGN_ENTITLEMENTS = resources/Mac/AdHocEngine.entitlements;
				CONFIGURATION_BUILD_DIR = "$(PROJECT_DIR)/../build/Launcher";
				CONFIGURATION_TEMP_DIR = "$(PROJECT_DIR)/../build-int.noindex/$(CONFIGURATION)/Launcher";
				COPY_PHASE_STRIP = NO;
				CURRENT_PROJECT_VERSION = 1;
				DEBUG_INFORMATION_FORMAT = "dwarf-with-dsym";
				ENABLE_NS_ASSERTIONS = NO;
				ENABLE_STRICT_OBJC_MSGSEND = YES;
				EXCLUDED_SOURCE_FILE_NAMES = "*/_platform/Windows/*.cpp";
				GCC_C_LANGUAGE_STANDARD = gnu11;
				GCC_NO_COMMON_BLOCKS = YES;
				GCC_OPTIMIZATION_LEVEL = fast;
				GCC_PREPROCESSOR_DEFINITIONS = (
					ADHOC_INTERNAL,
					ADHOC_MACOS,
				);
				GCC_WARN_64_TO_32_BIT_CONVERSION = YES;
				GCC_WARN_ABOUT_RETURN_TYPE = YES_ERROR;
				GCC_WARN_UNDECLARED_SELECTOR = YES;
				GCC_WARN_UNINITIALIZED_AUTOS = YES_AGGRESSIVE;
				GCC_WARN_UNUSED_FUNCTION = YES;
				GCC_WARN_UNUSED_VARIABLE = YES;
				GENERATE_INFOPLIST_FILE = YES;
				HEADER_SEARCH_PATHS = (
					"$(PROJECT_DIR)/src",
					"$(PROJECT_DIR)/../Editor/include",
				);
				INFOPLIST_KEY_LSApplicationCategoryType = "public.app-category.developer-tools";
				MACOSX_DEPLOYMENT_TARGET = 11.5;
				MARKETING_VERSION = 0.1.0;
				MTL_ENABLE_DEBUG_INFO = NO;
				MTL_FAST_MATH = YES;
				OBJROOT = "$(SYMROOT)-int.noindex";
				ONLY_ACTIVE_ARCH = NO;
				PRODUCT_BUNDLE_IDENTIFIER = dev.AdHocEngine;
				SDKROOT = macosx;
				SYMROOT = "$(PROJECT_DIR)/../build";
			};
			name = Universal;
		};
		CEA1AE202B01670A005AC6CE /* Universal */ = {
			isa = XCBuildConfiguration;
			buildSettings = {
				ASSETCATALOG_COMPILER_APPICON_NAME = AppIcon;
				ASSETCATALOG_COMPILER_INCLUDE_ALL_APPICON_ASSETS = NO;
				COMBINE_HIDPI_IMAGES = YES;
				CONFIGURATION_BUILD_DIR = "$(PROJECT_DIR)/../build/Bundle";
				CONFIGURATION_TEMP_DIR = "$(PROJECT_DIR)/../build-int.noindex/$(CONFIGURATION)/Launcher";
				ENABLE_HARDENED_RUNTIME = YES;
				GCC_PREPROCESSOR_DEFINITIONS = (
					"$(inherited)",
					ADHOC_RELEASE,
				);
				INFOPLIST_KEY_LSApplicationCategoryType = "public.app-category.developer-tools";
				INFOPLIST_KEY_NSPrincipalClass = NSApplication;
				LLVM_LTO = YES;
				PRODUCT_NAME = "$(TARGET_NAME)";
			};
			name = Universal;
		};
		CED3D66A2B12D39C00C5FB04 /* ActiveArch */ = {
			isa = XCBuildConfiguration;
			buildSettings = {
				ALWAYS_SEARCH_USER_PATHS = NO;
				CLANG_ANALYZER_NONNULL = YES;
				CLANG_ANALYZER_NUMBER_OBJECT_CONVERSION = YES_AGGRESSIVE;
				CLANG_CXX_LANGUAGE_STANDARD = "c++20";
				CLANG_ENABLE_MODULES = YES;
				CLANG_ENABLE_OBJC_ARC = YES;
				CLANG_ENABLE_OBJC_WEAK = YES;
				CLANG_WARN_BLOCK_CAPTURE_AUTORELEASING = YES;
				CLANG_WARN_BOOL_CONVERSION = YES;
				CLANG_WARN_COMMA = YES;
				CLANG_WARN_CONSTANT_CONVERSION = YES;
				CLANG_WARN_DEPRECATED_OBJC_IMPLEMENTATIONS = YES;
				CLANG_WARN_DIRECT_OBJC_ISA_USAGE = YES_ERROR;
				CLANG_WARN_DOCUMENTATION_COMMENTS = YES;
				CLANG_WARN_EMPTY_BODY = YES;
				CLANG_WARN_ENUM_CONVERSION = YES;
				CLANG_WARN_INFINITE_RECURSION = YES;
				CLANG_WARN_INT_CONVERSION = YES;
				CLANG_WARN_NON_LITERAL_NULL_CONVERSION = YES;
				CLANG_WARN_OBJC_IMPLICIT_RETAIN_SELF = YES;
				CLANG_WARN_OBJC_LITERAL_CONVERSION = YES;
				CLANG_WARN_OBJC_ROOT_CLASS = YES_ERROR;
				CLANG_WARN_QUOTED_INCLUDE_IN_FRAMEWORK_HEADER = YES;
				CLANG_WARN_RANGE_LOOP_ANALYSIS = YES;
				CLANG_WARN_STRICT_PROTOTYPES = YES;
				CLANG_WARN_SUSPICIOUS_MOVE = YES;
				CLANG_WARN_UNGUARDED_AVAILABILITY = YES_AGGRESSIVE;
				CLANG_WARN_UNREACHABLE_CODE = YES;
				CLANG_WARN__DUPLICATE_METHOD_MATCH = YES;
				CODE_SIGN_ENTITLEMENTS = resources/Mac/AdHocEngine.entitlements;
				CONFIGURATION_BUILD_DIR = "$(PROJECT_DIR)/../build/Launcher";
				CONFIGURATION_TEMP_DIR = "$(PROJECT_DIR)/../build-int.noindex/$(CONFIGURATION)/Launcher";
				COPY_PHASE_STRIP = NO;
				CURRENT_PROJECT_VERSION = 1;
				DEBUG_INFORMATION_FORMAT = "dwarf-with-dsym";
				ENABLE_NS_ASSERTIONS = NO;
				ENABLE_STRICT_OBJC_MSGSEND = YES;
				EXCLUDED_SOURCE_FILE_NAMES = "*/_platform/Windows/*.cpp";
				GCC_C_LANGUAGE_STANDARD = gnu11;
				GCC_NO_COMMON_BLOCKS = YES;
				GCC_OPTIMIZATION_LEVEL = fast;
				GCC_PREPROCESSOR_DEFINITIONS = (
					ADHOC_INTERNAL,
					ADHOC_MACOS,
				);
				GCC_WARN_64_TO_32_BIT_CONVERSION = YES;
				GCC_WARN_ABOUT_RETURN_TYPE = YES_ERROR;
				GCC_WARN_UNDECLARED_SELECTOR = YES;
				GCC_WARN_UNINITIALIZED_AUTOS = YES_AGGRESSIVE;
				GCC_WARN_UNUSED_FUNCTION = YES;
				GCC_WARN_UNUSED_VARIABLE = YES;
				GENERATE_INFOPLIST_FILE = YES;
				HEADER_SEARCH_PATHS = (
					"$(PROJECT_DIR)/src",
					"$(PROJECT_DIR)/../Editor/include",
				);
				INFOPLIST_KEY_LSApplicationCategoryType = "public.app-category.developer-tools";
				MACOSX_DEPLOYMENT_TARGET = 11.5;
				MARKETING_VERSION = 0.1.0;
				MTL_ENABLE_DEBUG_INFO = NO;
				MTL_FAST_MATH = YES;
				OBJROOT = "$(SYMROOT)-int.noindex";
				ONLY_ACTIVE_ARCH = YES;
				PRODUCT_BUNDLE_IDENTIFIER = dev.AdHocEngine;
				SDKROOT = macosx;
				SYMROOT = "$(PROJECT_DIR)/../build";
			};
			name = ActiveArch;
		};
		CED3D66B2B12D39C00C5FB04 /* ActiveArch */ = {
			isa = XCBuildConfiguration;
			buildSettings = {
				ASSETCATALOG_COMPILER_APPICON_NAME = AppIcon;
				ASSETCATALOG_COMPILER_INCLUDE_ALL_APPICON_ASSETS = NO;
				COMBINE_HIDPI_IMAGES = YES;
				CONFIGURATION_BUILD_DIR = "$(PROJECT_DIR)/../build/Bundle";
				CONFIGURATION_TEMP_DIR = "$(PROJECT_DIR)/../build-int.noindex/$(CONFIGURATION)/Launcher";
				ENABLE_HARDENED_RUNTIME = YES;
				GCC_PREPROCESSOR_DEFINITIONS = (
					"$(inherited)",
					ADHOC_RELEASE,
				);
				INFOPLIST_KEY_LSApplicationCategoryType = "public.app-category.developer-tools";
				INFOPLIST_KEY_NSPrincipalClass = NSApplication;
				LLVM_LTO = YES;
				PRODUCT_NAME = "$(TARGET_NAME)";
			};
			name = ActiveArch;
		};
/* End XCBuildConfiguration section */

/* Begin XCConfigurationList section */
		CE06849E2CEF1CB800031F0A /* Build configuration list for PBXNativeTarget "Launcher" */ = {
			isa = XCConfigurationList;
			buildConfigurations = (
				CE06849C2CEF1CB800031F0A /* Universal */,
				CE06849D2CEF1CB800031F0A /* ActiveArch */,
			);
			defaultConfigurationIsVisible = 0;
			defaultConfigurationName = Universal;
		};
		CE0684BC2CF064F200031F0A /* Build configuration list for PBXNativeTarget "LauncherD" */ = {
			isa = XCConfigurationList;
			buildConfigurations = (
				CE0684BD2CF064F200031F0A /* Universal */,
				CE0684BE2CF064F200031F0A /* ActiveArch */,
			);
			defaultConfigurationIsVisible = 0;
			defaultConfigurationName = Universal;
		};
		CE46BD122CFC33DC002F900C /* Build configuration list for PBXNativeTarget "LauncherDev" */ = {
			isa = XCConfigurationList;
			buildConfigurations = (
				CE46BD132CFC33DC002F900C /* Universal */,
				CE46BD142CFC33DC002F900C /* ActiveArch */,
			);
			defaultConfigurationIsVisible = 0;
			defaultConfigurationName = Universal;
		};
		CEA1AE092B016708005AC6CE /* Build configuration list for PBXProject "Launcher" */ = {
			isa = XCConfigurationList;
			buildConfigurations = (
				CEA1AE1D2B01670A005AC6CE /* Universal */,
				CED3D66A2B12D39C00C5FB04 /* ActiveArch */,
			);
			defaultConfigurationIsVisible = 0;
			defaultConfigurationName = Universal;
		};
		CEA1AE1E2B01670A005AC6CE /* Build configuration list for PBXNativeTarget "Ad Hoc Editor" */ = {
			isa = XCConfigurationList;
			buildConfigurations = (
				CEA1AE202B01670A005AC6CE /* Universal */,
				CED3D66B2B12D39C00C5FB04 /* ActiveArch */,
			);
			defaultConfigurationIsVisible = 0;
			defaultConfigurationName = Universal;
		};
/* End XCConfigurationList section */
	};
	rootObject = CEA1AE062B016708005AC6CE /* Project object */;
}
