// !$*UTF8*$!
{
	archiveVersion = 1;
	classes = {
	};
	objectVersion = 56;
	objects = {

/* Begin PBXBuildFile section */
		0221FC7E13762403A8116672 /* WindowsBacktraceSymbolHandler.cpp in Sources */ = {isa = PBXBuildFile; fileRef = 824F3014549271C830FA6D87 /* WindowsBacktraceSymbolHandler.cpp */; };
		03CE4123449EBBB7DFA83284 /* MimallocNewDeleteOverride.cpp in Sources */ = {isa = PBXBuildFile; fileRef = 3A59F756AEC59EE0C077E296 /* MimallocNewDeleteOverride.cpp */; };
		0890BC5797D77E2D2AF79AF3 /* WindowsDynamicLibrary.h in Sources */ = {isa = PBXBuildFile; fileRef = FB2D8002D36CEA5A4D4E4D68 /* WindowsDynamicLibrary.h */; };
		0B835018D39498AB6BFEF151 /* WindowsBacktraceSymbolHandler.h in Sources */ = {isa = PBXBuildFile; fileRef = 2F63568507269A791291C086 /* WindowsBacktraceSymbolHandler.h */; };
		0DB82B87D29113E8CC0BBF79 /* MacBacktraceSymbolHandler.h in Sources */ = {isa = PBXBuildFile; fileRef = C6269FC5E3BC251863BDE7B0 /* MacBacktraceSymbolHandler.h */; };
		11236E826FC2E860CE8549E6 /* DynamicLibrary.h in Sources */ = {isa = PBXBuildFile; fileRef = B461EBCC16E4DF7323256211 /* DynamicLibrary.h */; };
		12BA6B93305F0D5847091659 /* BaseDynamicLibrary.h in Sources */ = {isa = PBXBuildFile; fileRef = 503F1DE813DBA8F9708A835A /* BaseDynamicLibrary.h */; };
		133F055E8F7A368EE52F22DC /* MacBacktraceSymbolHandler.h in Sources */ = {isa = PBXBuildFile; fileRef = C6269FC5E3BC251863BDE7B0 /* MacBacktraceSymbolHandler.h */; };
		1656E136C8C1D35DE4A60B81 /* WindowsDynamicLibrary.h in Sources */ = {isa = PBXBuildFile; fileRef = FB2D8002D36CEA5A4D4E4D68 /* WindowsDynamicLibrary.h */; };
		1B1F86B6B34CEDEEF641F557 /* MimallocNewDeleteOverride.cpp in Sources */ = {isa = PBXBuildFile; fileRef = 3A59F756AEC59EE0C077E296 /* MimallocNewDeleteOverride.cpp */; };
		1C3AC1D57E0E1349399B7DB6 /* MacDynamicLibrary.h in Sources */ = {isa = PBXBuildFile; fileRef = E71D733E863B862252F24D52 /* MacDynamicLibrary.h */; };
		1CF66C91DD0C29CE0586A740 /* BaseDynamicLibrary.h in Sources */ = {isa = PBXBuildFile; fileRef = 503F1DE813DBA8F9708A835A /* BaseDynamicLibrary.h */; };
		1EFD0D253332D1DF52670AAD /* BaseDynamicLibrary.h in Sources */ = {isa = PBXBuildFile; fileRef = 503F1DE813DBA8F9708A835A /* BaseDynamicLibrary.h */; };
		201504787408F2AD15FB0B0F /* MacBacktraceSymbolHandler.h in Sources */ = {isa = PBXBuildFile; fileRef = C6269FC5E3BC251863BDE7B0 /* MacBacktraceSymbolHandler.h */; };
		212BCE146B45DDF293D02B03 /* MacDynamicLibrary.h in Sources */ = {isa = PBXBuildFile; fileRef = E71D733E863B862252F24D52 /* MacDynamicLibrary.h */; };
		215AEFA9CD836AAFDDA882EB /* MacDynamicLibrary.cpp in Sources */ = {isa = PBXBuildFile; fileRef = 96AEDB0C11B8CFE151A75BEE /* MacDynamicLibrary.cpp */; };
		2998B6917801A6DB3D9B8700 /* DllMain.cpp in Sources */ = {isa = PBXBuildFile; fileRef = 7E6CB9BA45A15B3F889B68A0 /* DllMain.cpp */; };
		3C272A5EB21016E9B64A2350 /* WindowsBacktraceSymbolHandler.cpp in Sources */ = {isa = PBXBuildFile; fileRef = 824F3014549271C830FA6D87 /* WindowsBacktraceSymbolHandler.cpp */; };
		3E4B3978D567AEB037213195 /* MacDynamicLibrary.h in Sources */ = {isa = PBXBuildFile; fileRef = E71D733E863B862252F24D52 /* MacDynamicLibrary.h */; };
		3F5CE3FA47BFBEA90E3A9F5E /* BacktraceSymbolHandler.h in Sources */ = {isa = PBXBuildFile; fileRef = 40D6414B063219FED91C26DA /* BacktraceSymbolHandler.h */; };
		40F18DA894CE9E6670AAC283 /* WindowsBacktraceSymbolHandler.h in Sources */ = {isa = PBXBuildFile; fileRef = 2F63568507269A791291C086 /* WindowsBacktraceSymbolHandler.h */; };
		48AFD3ACF4D62B7FC7EBA560 /* WindowsBacktraceSymbolHandler.cpp in Sources */ = {isa = PBXBuildFile; fileRef = 824F3014549271C830FA6D87 /* WindowsBacktraceSymbolHandler.cpp */; };
		4E341695022C2E5D426E5D2B /* DllMain.cpp in Sources */ = {isa = PBXBuildFile; fileRef = 7E6CB9BA45A15B3F889B68A0 /* DllMain.cpp */; };
		4E6CD616F18F8B8859BC3202 /* DllMain.cpp in Sources */ = {isa = PBXBuildFile; fileRef = 7E6CB9BA45A15B3F889B68A0 /* DllMain.cpp */; };
		4F06889024D53B1F7F8A26E3 /* DllMain.cpp in Sources */ = {isa = PBXBuildFile; fileRef = 7E6CB9BA45A15B3F889B68A0 /* DllMain.cpp */; };
		50D63B03B2AB0ECE9993EDDF /* DynamicLibrary.h in Sources */ = {isa = PBXBuildFile; fileRef = B461EBCC16E4DF7323256211 /* DynamicLibrary.h */; };
		5209D1A90B8DFAD74EB374D7 /* BaseDynamicLibrary.h in Sources */ = {isa = PBXBuildFile; fileRef = 503F1DE813DBA8F9708A835A /* BaseDynamicLibrary.h */; };
		533BBED14149C3DBA1DFBC4D /* BaseDynamicLibrary.h in Sources */ = {isa = PBXBuildFile; fileRef = 503F1DE813DBA8F9708A835A /* BaseDynamicLibrary.h */; };
		595130EF3F3CED072C272E28 /* MimallocNewDeleteOverride.cpp in Sources */ = {isa = PBXBuildFile; fileRef = 3A59F756AEC59EE0C077E296 /* MimallocNewDeleteOverride.cpp */; };
		62DD6C6F9524DC0E1D9B88F6 /* MacDynamicLibrary.cpp in Sources */ = {isa = PBXBuildFile; fileRef = 96AEDB0C11B8CFE151A75BEE /* MacDynamicLibrary.cpp */; };
		64E99E99D067E2EBE4B9321C /* BaseDynamicLibrary.h in Sources */ = {isa = PBXBuildFile; fileRef = 503F1DE813DBA8F9708A835A /* BaseDynamicLibrary.h */; };
		6681619184EAF22F5832A6B5 /* MacDynamicLibrary.h in Sources */ = {isa = PBXBuildFile; fileRef = E71D733E863B862252F24D52 /* MacDynamicLibrary.h */; };
		682DC67AC40F128D35650C5E /* WindowsDynamicLibrary.cpp in Sources */ = {isa = PBXBuildFile; fileRef = 8D93B0BEE644482F2DC10AA3 /* WindowsDynamicLibrary.cpp */; };
		68616A035E5081D0EE21F5FE /* MacDynamicLibrary.cpp in Sources */ = {isa = PBXBuildFile; fileRef = 96AEDB0C11B8CFE151A75BEE /* MacDynamicLibrary.cpp */; };
		6A747152A647F84013118D99 /* DynamicLibrary.h in Sources */ = {isa = PBXBuildFile; fileRef = B461EBCC16E4DF7323256211 /* DynamicLibrary.h */; };
		706EAFB5805BDF80FD5F3037 /* MacDynamicLibrary.cpp in Sources */ = {isa = PBXBuildFile; fileRef = 96AEDB0C11B8CFE151A75BEE /* MacDynamicLibrary.cpp */; };
		71BEAB9C9793248154CD1F2F /* WindowsBacktraceSymbolHandler.h in Sources */ = {isa = PBXBuildFile; fileRef = 2F63568507269A791291C086 /* WindowsBacktraceSymbolHandler.h */; };
		738894A50FD1DA8207785F0F /* WindowsBacktraceSymbolHandler.h in Sources */ = {isa = PBXBuildFile; fileRef = 2F63568507269A791291C086 /* WindowsBacktraceSymbolHandler.h */; };
		7461AF79B89FA9B9799F940D /* WindowsDynamicLibrary.cpp in Sources */ = {isa = PBXBuildFile; fileRef = 8D93B0BEE644482F2DC10AA3 /* WindowsDynamicLibrary.cpp */; };
		751208F6FA169F6BE8691FB8 /* DllMain.cpp in Sources */ = {isa = PBXBuildFile; fileRef = 7E6CB9BA45A15B3F889B68A0 /* DllMain.cpp */; };
		8633DFCB6ED2A951F42539DF /* WindowsBacktraceSymbolHandler.cpp in Sources */ = {isa = PBXBuildFile; fileRef = 824F3014549271C830FA6D87 /* WindowsBacktraceSymbolHandler.cpp */; };
		8667A166B91929C4EA2EE413 /* MimallocNewDeleteOverride.cpp in Sources */ = {isa = PBXBuildFile; fileRef = 3A59F756AEC59EE0C077E296 /* MimallocNewDeleteOverride.cpp */; };
		8B7822D87243517F6C48929A /* WindowsDynamicLibrary.cpp in Sources */ = {isa = PBXBuildFile; fileRef = 8D93B0BEE644482F2DC10AA3 /* WindowsDynamicLibrary.cpp */; };
		8D93BB5A26DE6A408882DBA4 /* WindowsDynamicLibrary.cpp in Sources */ = {isa = PBXBuildFile; fileRef = 8D93B0BEE644482F2DC10AA3 /* WindowsDynamicLibrary.cpp */; };
		8FF71408C1433077DD912206 /* MacDynamicLibrary.h in Sources */ = {isa = PBXBuildFile; fileRef = E71D733E863B862252F24D52 /* MacDynamicLibrary.h */; };
		9592B2316FFE4D3B828938D0 /* MacDynamicLibrary.h in Sources */ = {isa = PBXBuildFile; fileRef = E71D733E863B862252F24D52 /* MacDynamicLibrary.h */; };
		9652B410B05B9FEF818B7E7F /* WindowsBacktraceSymbolHandler.cpp in Sources */ = {isa = PBXBuildFile; fileRef = 824F3014549271C830FA6D87 /* WindowsBacktraceSymbolHandler.cpp */; };
		9700433BFECD91BC05B5245F /* MacDynamicLibrary.cpp in Sources */ = {isa = PBXBuildFile; fileRef = 96AEDB0C11B8CFE151A75BEE /* MacDynamicLibrary.cpp */; };
		991871A5987AE66183EAF09F /* MacBacktraceSymbolHandler.h in Sources */ = {isa = PBXBuildFile; fileRef = C6269FC5E3BC251863BDE7B0 /* MacBacktraceSymbolHandler.h */; };
		99E8FE87C0E96A2A9FE7C87B /* BacktraceSymbolHandler.h in Sources */ = {isa = PBXBuildFile; fileRef = 40D6414B063219FED91C26DA /* BacktraceSymbolHandler.h */; };
		9AF77ECD4EB166491E282811 /* MacBacktraceSymbolHandler.h in Sources */ = {isa = PBXBuildFile; fileRef = C6269FC5E3BC251863BDE7B0 /* MacBacktraceSymbolHandler.h */; };
		9C1FAE4B3B151BFF3055088B /* BaseBacktraceSymbolHandler.h in Sources */ = {isa = PBXBuildFile; fileRef = F87221A85A8A1DC94BF577C0 /* BaseBacktraceSymbolHandler.h */; };
		9FAA62505C357C2C201630EE /* WindowsBacktraceSymbolHandler.h in Sources */ = {isa = PBXBuildFile; fileRef = 2F63568507269A791291C086 /* WindowsBacktraceSymbolHandler.h */; };
		A1A3EEAB68489E23F2377DFC /* BaseBacktraceSymbolHandler.h in Sources */ = {isa = PBXBuildFile; fileRef = F87221A85A8A1DC94BF577C0 /* BaseBacktraceSymbolHandler.h */; };
		A6DEE2FEF356111B3F0711BD /* MacBacktraceSymbolHandler.h in Sources */ = {isa = PBXBuildFile; fileRef = C6269FC5E3BC251863BDE7B0 /* MacBacktraceSymbolHandler.h */; };
		AB147F8EAFC81870710E7392 /* WindowsDynamicLibrary.h in Sources */ = {isa = PBXBuildFile; fileRef = FB2D8002D36CEA5A4D4E4D68 /* WindowsDynamicLibrary.h */; };
		AEC8870566FB4631B83A0B1E /* WindowsBacktraceSymbolHandler.h in Sources */ = {isa = PBXBuildFile; fileRef = 2F63568507269A791291C086 /* WindowsBacktraceSymbolHandler.h */; };
		B1CE74CA703E918FF92A6157 /* BacktraceSymbolHandler.h in Sources */ = {isa = PBXBuildFile; fileRef = 40D6414B063219FED91C26DA /* BacktraceSymbolHandler.h */; };
		B281A5FD3E988F6031CF313F /* BacktraceSymbolHandler.h in Sources */ = {isa = PBXBuildFile; fileRef = 40D6414B063219FED91C26DA /* BacktraceSymbolHandler.h */; };
		B35FF32C5EAF46655C94EB68 /* DynamicLibrary.h in Sources */ = {isa = PBXBuildFile; fileRef = B461EBCC16E4DF7323256211 /* DynamicLibrary.h */; };
		B50CCAA5F73521C089662E8E /* BaseBacktraceSymbolHandler.h in Sources */ = {isa = PBXBuildFile; fileRef = F87221A85A8A1DC94BF577C0 /* BaseBacktraceSymbolHandler.h */; };
		B7E50F09C9F72D6884FEA46A /* BacktraceSymbolHandler.h in Sources */ = {isa = PBXBuildFile; fileRef = 40D6414B063219FED91C26DA /* BacktraceSymbolHandler.h */; };
		B84295B2045294664262925F /* MimallocNewDeleteOverride.cpp in Sources */ = {isa = PBXBuildFile; fileRef = 3A59F756AEC59EE0C077E296 /* MimallocNewDeleteOverride.cpp */; };
		BBC50569065B4D8FFE666EE3 /* MacDynamicLibrary.cpp in Sources */ = {isa = PBXBuildFile; fileRef = 96AEDB0C11B8CFE151A75BEE /* MacDynamicLibrary.cpp */; };
		BFC40F0EC72A137504EC13FD /* MimallocNewDeleteOverride.cpp in Sources */ = {isa = PBXBuildFile; fileRef = 3A59F756AEC59EE0C077E296 /* MimallocNewDeleteOverride.cpp */; };
		C438BB27CEC80889370F3F65 /* WindowsDynamicLibrary.cpp in Sources */ = {isa = PBXBuildFile; fileRef = 8D93B0BEE644482F2DC10AA3 /* WindowsDynamicLibrary.cpp */; };
		CB668F9A1034B4986CCB1FC5 /* WindowsBacktraceSymbolHandler.cpp in Sources */ = {isa = PBXBuildFile; fileRef = 824F3014549271C830FA6D87 /* WindowsBacktraceSymbolHandler.cpp */; };
		CE0D0DFD2D325C1200BC9EB1 /* Assertions.cpp in Sources */ = {isa = PBXBuildFile; fileRef = CE0D0DFB2D325C1200BC9EB1 /* Assertions.cpp */; };
		CE0D0DFE2D325C1200BC9EB1 /* Assertions.cpp in Sources */ = {isa = PBXBuildFile; fileRef = CE0D0DFB2D325C1200BC9EB1 /* Assertions.cpp */; };
		CE0D0DFF2D325C1200BC9EB1 /* Assertions.cpp in Sources */ = {isa = PBXBuildFile; fileRef = CE0D0DFB2D325C1200BC9EB1 /* Assertions.cpp */; };
		CE0D0E002D325C1200BC9EB1 /* Assertions.cpp in Sources */ = {isa = PBXBuildFile; fileRef = CE0D0DFB2D325C1200BC9EB1 /* Assertions.cpp */; };
		CE0D0E012D325C1200BC9EB1 /* Assertions.cpp in Sources */ = {isa = PBXBuildFile; fileRef = CE0D0DFB2D325C1200BC9EB1 /* Assertions.cpp */; };
		CE0D0E022D325C1200BC9EB1 /* Assertions.cpp in Sources */ = {isa = PBXBuildFile; fileRef = CE0D0DFB2D325C1200BC9EB1 /* Assertions.cpp */; };
		CE0D0E032D325C1200BC9EB1 /* Console.cpp in Sources */ = {isa = PBXBuildFile; fileRef = CE0D0DFC2D325C1200BC9EB1 /* Console.cpp */; };
		CE0D0E042D325C1200BC9EB1 /* Console.cpp in Sources */ = {isa = PBXBuildFile; fileRef = CE0D0DFC2D325C1200BC9EB1 /* Console.cpp */; };
		CE0D0E052D325C1200BC9EB1 /* Console.cpp in Sources */ = {isa = PBXBuildFile; fileRef = CE0D0DFC2D325C1200BC9EB1 /* Console.cpp */; };
		CE0D0E062D325C1200BC9EB1 /* Console.cpp in Sources */ = {isa = PBXBuildFile; fileRef = CE0D0DFC2D325C1200BC9EB1 /* Console.cpp */; };
		CE0D0E072D325C1200BC9EB1 /* Console.cpp in Sources */ = {isa = PBXBuildFile; fileRef = CE0D0DFC2D325C1200BC9EB1 /* Console.cpp */; };
		CE0D0E082D325C1200BC9EB1 /* Console.cpp in Sources */ = {isa = PBXBuildFile; fileRef = CE0D0DFC2D325C1200BC9EB1 /* Console.cpp */; };
		CE46BCDC2CFC336A002F900C /* libglfw.3.4.dylib in Frameworks */ = {isa = PBXBuildFile; fileRef = CEDB37902CFC166C00FC593F /* libglfw.3.4.dylib */; };
		CE46BCDD2CFC336A002F900C /* libfmt.11.0.2.dylib in Frameworks */ = {isa = PBXBuildFile; fileRef = CEDB37912CFC166C00FC593F /* libfmt.11.0.2.dylib */; };
		CE46BCF22CFC3373002F900C /* libfmt.a in Frameworks */ = {isa = PBXBuildFile; fileRef = CEDB37982CFC16CA00FC593F /* libfmt.a */; };
		CE46BCF32CFC3373002F900C /* libglfw3.a in Frameworks */ = {isa = PBXBuildFile; fileRef = CEDB37992CFC16CA00FC593F /* libglfw3.a */; };
		CE9743582D45ED0000C7D0F7 /* libmimalloc.2.1.dylib in Frameworks */ = {isa = PBXBuildFile; fileRef = CE9743572D45ED0000C7D0F7 /* libmimalloc.2.1.dylib */; };
		CE97435A2D45ED1700C7D0F7 /* libmimalloc.2.1.dylib in Frameworks */ = {isa = PBXBuildFile; fileRef = CE9743572D45ED0000C7D0F7 /* libmimalloc.2.1.dylib */; };
		CE9743672D45F23300C7D0F7 /* libmimalloc-debug.2.1.dylib in Frameworks */ = {isa = PBXBuildFile; fileRef = CE9743542D45ECAA00C7D0F7 /* libmimalloc-debug.2.1.dylib */; };
		CE9743682D45F23900C7D0F7 /* libfmtd.11.0.2.dylib in Frameworks */ = {isa = PBXBuildFile; fileRef = CEDB37942CFC169B00FC593F /* libfmtd.11.0.2.dylib */; };
		CE9743692D45F23D00C7D0F7 /* libglfw.3.4.dylib in Frameworks */ = {isa = PBXBuildFile; fileRef = CEDB37952CFC169B00FC593F /* libglfw.3.4.dylib */; };
		CEB8040A2D46054700BD6E47 /* libmimalloc-debug.2.1.dylib in Copy vcpkg Dependencies */ = {isa = PBXBuildFile; fileRef = CE9743542D45ECAA00C7D0F7 /* libmimalloc-debug.2.1.dylib */; settings = {ATTRIBUTES = (CodeSignOnCopy, ); }; };
		CEB8040B2D46054D00BD6E47 /* libfmtd.11.0.2.dylib in Copy vcpkg Dependencies */ = {isa = PBXBuildFile; fileRef = CEDB37942CFC169B00FC593F /* libfmtd.11.0.2.dylib */; settings = {ATTRIBUTES = (CodeSignOnCopy, ); }; };
		CEB8040C2D46055500BD6E47 /* libglfw.3.4.dylib in Copy vcpkg Dependencies */ = {isa = PBXBuildFile; fileRef = CEDB37952CFC169B00FC593F /* libglfw.3.4.dylib */; settings = {ATTRIBUTES = (CodeSignOnCopy, ); }; };
		CEB8040F2D46057700BD6E47 /* libfmt.11.0.2.dylib in Copy vcpkg Dependencies */ = {isa = PBXBuildFile; fileRef = CEDB37912CFC166C00FC593F /* libfmt.11.0.2.dylib */; settings = {ATTRIBUTES = (CodeSignOnCopy, ); }; };
		CEB804102D46057B00BD6E47 /* libglfw.3.4.dylib in Copy vcpkg Dependencies */ = {isa = PBXBuildFile; fileRef = CEDB37902CFC166C00FC593F /* libglfw.3.4.dylib */; settings = {ATTRIBUTES = (CodeSignOnCopy, ); }; };
		CEB804112D46057E00BD6E47 /* libmimalloc.2.1.dylib in Copy vcpkg Dependencies */ = {isa = PBXBuildFile; fileRef = CE9743572D45ED0000C7D0F7 /* libmimalloc.2.1.dylib */; settings = {ATTRIBUTES = (CodeSignOnCopy, ); }; };
		CEB804132D46059F00BD6E47 /* libfmt.11.0.2.dylib in Copy vcpkg Dependencies */ = {isa = PBXBuildFile; fileRef = CEDB37912CFC166C00FC593F /* libfmt.11.0.2.dylib */; settings = {ATTRIBUTES = (CodeSignOnCopy, ); }; };
		CEB804142D4605A200BD6E47 /* libglfw.3.4.dylib in Copy vcpkg Dependencies */ = {isa = PBXBuildFile; fileRef = CEDB37902CFC166C00FC593F /* libglfw.3.4.dylib */; settings = {ATTRIBUTES = (CodeSignOnCopy, ); }; };
		CEB804152D4605A700BD6E47 /* libmimalloc.2.1.dylib in Copy vcpkg Dependencies */ = {isa = PBXBuildFile; fileRef = CE9743572D45ED0000C7D0F7 /* libmimalloc.2.1.dylib */; settings = {ATTRIBUTES = (CodeSignOnCopy, ); }; };
		CEDB37922CFC166C00FC593F /* libglfw.3.4.dylib in Frameworks */ = {isa = PBXBuildFile; fileRef = CEDB37902CFC166C00FC593F /* libglfw.3.4.dylib */; };
		CEDB37932CFC166C00FC593F /* libfmt.11.0.2.dylib in Frameworks */ = {isa = PBXBuildFile; fileRef = CEDB37912CFC166C00FC593F /* libfmt.11.0.2.dylib */; };
		CEDB379A2CFC16CA00FC593F /* libfmt.a in Frameworks */ = {isa = PBXBuildFile; fileRef = CEDB37982CFC16CA00FC593F /* libfmt.a */; };
		CEDB379B2CFC16CA00FC593F /* libglfw3.a in Frameworks */ = {isa = PBXBuildFile; fileRef = CEDB37992CFC16CA00FC593F /* libglfw3.a */; };
		CEDB379E2CFC16E600FC593F /* libglfw3.a in Frameworks */ = {isa = PBXBuildFile; fileRef = CEDB379C2CFC16E600FC593F /* libglfw3.a */; };
		CEDB379F2CFC16E600FC593F /* libfmtd.a in Frameworks */ = {isa = PBXBuildFile; fileRef = CEDB379D2CFC16E600FC593F /* libfmtd.a */; };
		CEDDB0E62D1FCE0D00EADB67 /* MacMisc.cpp in Sources */ = {isa = PBXBuildFile; fileRef = CEDDB0E12D1FCE0D00EADB67 /* MacMisc.cpp */; };
		CEDDB0E72D1FCE0D00EADB67 /* MacMisc.cpp in Sources */ = {isa = PBXBuildFile; fileRef = CEDDB0E12D1FCE0D00EADB67 /* MacMisc.cpp */; };
		CEDDB0E82D1FCE0D00EADB67 /* MacMisc.cpp in Sources */ = {isa = PBXBuildFile; fileRef = CEDDB0E12D1FCE0D00EADB67 /* MacMisc.cpp */; };
		CEDDB0E92D1FCE0D00EADB67 /* MacMisc.cpp in Sources */ = {isa = PBXBuildFile; fileRef = CEDDB0E12D1FCE0D00EADB67 /* MacMisc.cpp */; };
		CEDDB0EA2D1FCE0D00EADB67 /* MacMisc.cpp in Sources */ = {isa = PBXBuildFile; fileRef = CEDDB0E12D1FCE0D00EADB67 /* MacMisc.cpp */; };
		CEDDB0EB2D1FCE0D00EADB67 /* MacMisc.cpp in Sources */ = {isa = PBXBuildFile; fileRef = CEDDB0E12D1FCE0D00EADB67 /* MacMisc.cpp */; };
		CEDDB0EC2D1FCE0D00EADB67 /* WindowsPlatformHelpers.cpp in Sources */ = {isa = PBXBuildFile; fileRef = CEDDB0E32D1FCE0D00EADB67 /* WindowsPlatformHelpers.cpp */; };
		CEDDB0ED2D1FCE0D00EADB67 /* WindowsPlatformHelpers.cpp in Sources */ = {isa = PBXBuildFile; fileRef = CEDDB0E32D1FCE0D00EADB67 /* WindowsPlatformHelpers.cpp */; };
		CEDDB0EE2D1FCE0D00EADB67 /* WindowsPlatformHelpers.cpp in Sources */ = {isa = PBXBuildFile; fileRef = CEDDB0E32D1FCE0D00EADB67 /* WindowsPlatformHelpers.cpp */; };
		CEDDB0EF2D1FCE0D00EADB67 /* WindowsPlatformHelpers.cpp in Sources */ = {isa = PBXBuildFile; fileRef = CEDDB0E32D1FCE0D00EADB67 /* WindowsPlatformHelpers.cpp */; };
		CEDDB0F02D1FCE0D00EADB67 /* WindowsPlatformHelpers.cpp in Sources */ = {isa = PBXBuildFile; fileRef = CEDDB0E32D1FCE0D00EADB67 /* WindowsPlatformHelpers.cpp */; };
		CEDDB0F12D1FCE0D00EADB67 /* WindowsPlatformHelpers.cpp in Sources */ = {isa = PBXBuildFile; fileRef = CEDDB0E32D1FCE0D00EADB67 /* WindowsPlatformHelpers.cpp */; };
		CEDDB0F22D1FCE0D00EADB67 /* WindowsMisc.cpp in Sources */ = {isa = PBXBuildFile; fileRef = CEDDB0E42D1FCE0D00EADB67 /* WindowsMisc.cpp */; };
		CEDDB0F32D1FCE0D00EADB67 /* WindowsMisc.cpp in Sources */ = {isa = PBXBuildFile; fileRef = CEDDB0E42D1FCE0D00EADB67 /* WindowsMisc.cpp */; };
		CEDDB0F42D1FCE0D00EADB67 /* WindowsMisc.cpp in Sources */ = {isa = PBXBuildFile; fileRef = CEDDB0E42D1FCE0D00EADB67 /* WindowsMisc.cpp */; };
		CEDDB0F52D1FCE0D00EADB67 /* WindowsMisc.cpp in Sources */ = {isa = PBXBuildFile; fileRef = CEDDB0E42D1FCE0D00EADB67 /* WindowsMisc.cpp */; };
		CEDDB0F62D1FCE0D00EADB67 /* WindowsMisc.cpp in Sources */ = {isa = PBXBuildFile; fileRef = CEDDB0E42D1FCE0D00EADB67 /* WindowsMisc.cpp */; };
		CEDDB0F72D1FCE0D00EADB67 /* WindowsMisc.cpp in Sources */ = {isa = PBXBuildFile; fileRef = CEDDB0E42D1FCE0D00EADB67 /* WindowsMisc.cpp */; };
		CEDDB0F82D1FCE0D00EADB67 /* WindowsPlatformData.cpp in Sources */ = {isa = PBXBuildFile; fileRef = CEDDB0E52D1FCE0D00EADB67 /* WindowsPlatformData.cpp */; };
		CEDDB0F92D1FCE0D00EADB67 /* WindowsPlatformData.cpp in Sources */ = {isa = PBXBuildFile; fileRef = CEDDB0E52D1FCE0D00EADB67 /* WindowsPlatformData.cpp */; };
		CEDDB0FA2D1FCE0D00EADB67 /* WindowsPlatformData.cpp in Sources */ = {isa = PBXBuildFile; fileRef = CEDDB0E52D1FCE0D00EADB67 /* WindowsPlatformData.cpp */; };
		CEDDB0FB2D1FCE0D00EADB67 /* WindowsPlatformData.cpp in Sources */ = {isa = PBXBuildFile; fileRef = CEDDB0E52D1FCE0D00EADB67 /* WindowsPlatformData.cpp */; };
		CEDDB0FC2D1FCE0D00EADB67 /* WindowsPlatformData.cpp in Sources */ = {isa = PBXBuildFile; fileRef = CEDDB0E52D1FCE0D00EADB67 /* WindowsPlatformData.cpp */; };
		CEDDB0FD2D1FCE0D00EADB67 /* WindowsPlatformData.cpp in Sources */ = {isa = PBXBuildFile; fileRef = CEDDB0E52D1FCE0D00EADB67 /* WindowsPlatformData.cpp */; };
		CF86CA69327FBA8718868591 /* DynamicLibrary.h in Sources */ = {isa = PBXBuildFile; fileRef = B461EBCC16E4DF7323256211 /* DynamicLibrary.h */; };
		D045EF5430862A14A51ABD21 /* BaseBacktraceSymbolHandler.h in Sources */ = {isa = PBXBuildFile; fileRef = F87221A85A8A1DC94BF577C0 /* BaseBacktraceSymbolHandler.h */; };
		D1EADCB719FDAA14DC03840B /* WindowsDynamicLibrary.h in Sources */ = {isa = PBXBuildFile; fileRef = FB2D8002D36CEA5A4D4E4D68 /* WindowsDynamicLibrary.h */; };
		DA52C0940A220EEDED2EDDB2 /* DynamicLibrary.h in Sources */ = {isa = PBXBuildFile; fileRef = B461EBCC16E4DF7323256211 /* DynamicLibrary.h */; };
		DC9397115F15FB350BEA0269 /* BaseBacktraceSymbolHandler.h in Sources */ = {isa = PBXBuildFile; fileRef = F87221A85A8A1DC94BF577C0 /* BaseBacktraceSymbolHandler.h */; };
		DF70935DBA79CC17A5CAB47C /* DllMain.cpp in Sources */ = {isa = PBXBuildFile; fileRef = 7E6CB9BA45A15B3F889B68A0 /* DllMain.cpp */; };
		DFAB34AEEF0B114D88F056F7 /* BacktraceSymbolHandler.h in Sources */ = {isa = PBXBuildFile; fileRef = 40D6414B063219FED91C26DA /* BacktraceSymbolHandler.h */; };
		E68CE0C8DE050A331CE2E342 /* BaseBacktraceSymbolHandler.h in Sources */ = {isa = PBXBuildFile; fileRef = F87221A85A8A1DC94BF577C0 /* BaseBacktraceSymbolHandler.h */; };
		EB226059DE08C5B7FE365EC3 /* WindowsDynamicLibrary.h in Sources */ = {isa = PBXBuildFile; fileRef = FB2D8002D36CEA5A4D4E4D68 /* WindowsDynamicLibrary.h */; };
		ED6628C49A2B0FCEF551A2F2 /* WindowsDynamicLibrary.h in Sources */ = {isa = PBXBuildFile; fileRef = FB2D8002D36CEA5A4D4E4D68 /* WindowsDynamicLibrary.h */; };
		EE2E7632ED37C5D1173F90AF /* WindowsDynamicLibrary.cpp in Sources */ = {isa = PBXBuildFile; fileRef = 8D93B0BEE644482F2DC10AA3 /* WindowsDynamicLibrary.cpp */; };
/* End PBXBuildFile section */

/* Begin PBXCopyFilesBuildPhase section */
		CEB804092D46051600BD6E47 /* Copy vcpkg Dependencies */ = {
			isa = PBXCopyFilesBuildPhase;
			buildActionMask = 12;
			dstPath = "";
			dstSubfolderSpec = 16;
			files = (
				CEB8040A2D46054700BD6E47 /* libmimalloc-debug.2.1.dylib in Copy vcpkg Dependencies */,
				CEB8040B2D46054D00BD6E47 /* libfmtd.11.0.2.dylib in Copy vcpkg Dependencies */,
				CEB8040C2D46055500BD6E47 /* libglfw.3.4.dylib in Copy vcpkg Dependencies */,
			);
			name = "Copy vcpkg Dependencies";
			runOnlyForDeploymentPostprocessing = 0;
		};
		CEB8040D2D46055D00BD6E47 /* Copy vcpkg Dependencies */ = {
			isa = PBXCopyFilesBuildPhase;
			buildActionMask = 2147483647;
			dstPath = "";
			dstSubfolderSpec = 16;
			files = (
				CEB804112D46057E00BD6E47 /* libmimalloc.2.1.dylib in Copy vcpkg Dependencies */,
				CEB8040F2D46057700BD6E47 /* libfmt.11.0.2.dylib in Copy vcpkg Dependencies */,
				CEB804102D46057B00BD6E47 /* libglfw.3.4.dylib in Copy vcpkg Dependencies */,
			);
			name = "Copy vcpkg Dependencies";
			runOnlyForDeploymentPostprocessing = 0;
		};
		CEB804122D46058600BD6E47 /* Copy vcpkg Dependencies */ = {
			isa = PBXCopyFilesBuildPhase;
			buildActionMask = 2147483647;
			dstPath = "";
			dstSubfolderSpec = 16;
			files = (
				CEB804152D4605A700BD6E47 /* libmimalloc.2.1.dylib in Copy vcpkg Dependencies */,
				CEB804132D46059F00BD6E47 /* libfmt.11.0.2.dylib in Copy vcpkg Dependencies */,
				CEB804142D4605A200BD6E47 /* libglfw.3.4.dylib in Copy vcpkg Dependencies */,
			);
			name = "Copy vcpkg Dependencies";
			runOnlyForDeploymentPostprocessing = 0;
		};
/* End PBXCopyFilesBuildPhase section */

/* Begin PBXFileReference section */
		2F63568507269A791291C086 /* WindowsBacktraceSymbolHandler.h */ = {isa = PBXFileReference; includeInIndex = 1; lastKnownFileType = sourcecode.c.h; name = WindowsBacktraceSymbolHandler.h; path = include/Engine/Core/_platform/Windows/WindowsBacktraceSymbolHandler.h; sourceTree = SOURCE_ROOT; };
		3A59F756AEC59EE0C077E296 /* MimallocNewDeleteOverride.cpp */ = {isa = PBXFileReference; includeInIndex = 1; lastKnownFileType = sourcecode.cpp.cpp; name = MimallocNewDeleteOverride.cpp; path = src/_platform/Windows/MimallocNewDeleteOverride.cpp; sourceTree = SOURCE_ROOT; };
		40D6414B063219FED91C26DA /* BacktraceSymbolHandler.h */ = {isa = PBXFileReference; includeInIndex = 1; lastKnownFileType = sourcecode.c.h; name = BacktraceSymbolHandler.h; path = include/Engine/Core/BacktraceSymbolHandler.h; sourceTree = SOURCE_ROOT; };
		503F1DE813DBA8F9708A835A /* BaseDynamicLibrary.h */ = {isa = PBXFileReference; includeInIndex = 1; lastKnownFileType = sourcecode.c.h; name = BaseDynamicLibrary.h; path = include/Engine/Core/_platform/Base/BaseDynamicLibrary.h; sourceTree = SOURCE_ROOT; };
		7E6CB9BA45A15B3F889B68A0 /* DllMain.cpp */ = {isa = PBXFileReference; includeInIndex = 1; lastKnownFileType = sourcecode.cpp.cpp; name = DllMain.cpp; path = src/_platform/Windows/DllMain.cpp; sourceTree = SOURCE_ROOT; };
		824F3014549271C830FA6D87 /* WindowsBacktraceSymbolHandler.cpp */ = {isa = PBXFileReference; includeInIndex = 1; lastKnownFileType = sourcecode.cpp.cpp; name = WindowsBacktraceSymbolHandler.cpp; path = src/Core/_platform/Windows/WindowsBacktraceSymbolHandler.cpp; sourceTree = SOURCE_ROOT; };
		8D93B0BEE644482F2DC10AA3 /* WindowsDynamicLibrary.cpp */ = {isa = PBXFileReference; includeInIndex = 1; lastKnownFileType = sourcecode.cpp.cpp; name = WindowsDynamicLibrary.cpp; path = src/Core/_platform/Windows/WindowsDynamicLibrary.cpp; sourceTree = SOURCE_ROOT; };
		96AEDB0C11B8CFE151A75BEE /* MacDynamicLibrary.cpp */ = {isa = PBXFileReference; includeInIndex = 1; lastKnownFileType = sourcecode.cpp.cpp; name = MacDynamicLibrary.cpp; path = src/Core/_platform/Mac/MacDynamicLibrary.cpp; sourceTree = SOURCE_ROOT; };
		B461EBCC16E4DF7323256211 /* DynamicLibrary.h */ = {isa = PBXFileReference; includeInIndex = 1; lastKnownFileType = sourcecode.c.h; name = DynamicLibrary.h; path = include/Engine/Core/DynamicLibrary.h; sourceTree = SOURCE_ROOT; };
		C6269FC5E3BC251863BDE7B0 /* MacBacktraceSymbolHandler.h */ = {isa = PBXFileReference; includeInIndex = 1; lastKnownFileType = sourcecode.c.h; name = MacBacktraceSymbolHandler.h; path = include/Engine/Core/_platform/Mac/MacBacktraceSymbolHandler.h; sourceTree = SOURCE_ROOT; };
		CE0D0DFB2D325C1200BC9EB1 /* Assertions.cpp */ = {isa = PBXFileReference; fileEncoding = 4; lastKnownFileType = sourcecode.cpp.cpp; name = Assertions.cpp; path = src/Core/Assertions.cpp; sourceTree = SOURCE_ROOT; };
		CE0D0DFC2D325C1200BC9EB1 /* Console.cpp */ = {isa = PBXFileReference; fileEncoding = 4; lastKnownFileType = sourcecode.cpp.cpp; name = Console.cpp; path = src/Core/Console.cpp; sourceTree = SOURCE_ROOT; };
		CE0D0E1A2D325CA200BC9EB1 /* Console.h */ = {isa = PBXFileReference; fileEncoding = 4; lastKnownFileType = sourcecode.c.h; name = Console.h; path = include/Engine/Core/Console.h; sourceTree = SOURCE_ROOT; };
		CE0D0E1B2D325CA200BC9EB1 /* PlatformAbstraction.h */ = {isa = PBXFileReference; fileEncoding = 4; lastKnownFileType = sourcecode.c.h; name = PlatformAbstraction.h; path = include/Engine/Core/PlatformAbstraction.h; sourceTree = SOURCE_ROOT; };
		CE0D0E1C2D325CA200BC9EB1 /* MiscMacros.h */ = {isa = PBXFileReference; fileEncoding = 4; lastKnownFileType = sourcecode.c.h; name = MiscMacros.h; path = include/Engine/Core/MiscMacros.h; sourceTree = SOURCE_ROOT; };
		CE0D0E1D2D325CA200BC9EB1 /* Assertions.h */ = {isa = PBXFileReference; fileEncoding = 4; lastKnownFileType = sourcecode.c.h; name = Assertions.h; path = include/Engine/Core/Assertions.h; sourceTree = SOURCE_ROOT; };
		CE0D0E202D325CA200BC9EB1 /* MacMisc.h */ = {isa = PBXFileReference; fileEncoding = 4; lastKnownFileType = sourcecode.c.h; name = MacMisc.h; path = include/Engine/Core/_platform/Mac/MacMisc.h; sourceTree = SOURCE_ROOT; };
		CE0D0E212D325CA200BC9EB1 /* MacPlatformHelpers.h */ = {isa = PBXFileReference; fileEncoding = 4; lastKnownFileType = sourcecode.c.h; name = MacPlatformHelpers.h; path = include/Engine/Core/_platform/Mac/MacPlatformHelpers.h; sourceTree = SOURCE_ROOT; };
		CE0D0E222D325CA200BC9EB1 /* MacPlatformData.h */ = {isa = PBXFileReference; fileEncoding = 4; lastKnownFileType = sourcecode.c.h; name = MacPlatformData.h; path = include/Engine/Core/_platform/Mac/MacPlatformData.h; sourceTree = SOURCE_ROOT; };
		CE0D0E242D325CA200BC9EB1 /* WindowsPlatformData.h */ = {isa = PBXFileReference; fileEncoding = 4; lastKnownFileType = sourcecode.c.h; name = WindowsPlatformData.h; path = include/Engine/Core/_platform/Windows/WindowsPlatformData.h; sourceTree = SOURCE_ROOT; };
		CE0D0E252D325CA200BC9EB1 /* WindowsPlatformHelpers.h */ = {isa = PBXFileReference; fileEncoding = 4; lastKnownFileType = sourcecode.c.h; name = WindowsPlatformHelpers.h; path = include/Engine/Core/_platform/Windows/WindowsPlatformHelpers.h; sourceTree = SOURCE_ROOT; };
		CE0D0E262D325CA200BC9EB1 /* WindowsMisc.h */ = {isa = PBXFileReference; fileEncoding = 4; lastKnownFileType = sourcecode.c.h; name = WindowsMisc.h; path = include/Engine/Core/_platform/Windows/WindowsMisc.h; sourceTree = SOURCE_ROOT; };
		CE0D0E272D325CA200BC9EB1 /* Misc.h */ = {isa = PBXFileReference; fileEncoding = 4; lastKnownFileType = sourcecode.c.h; name = Misc.h; path = include/Engine/Core/Misc.h; sourceTree = SOURCE_ROOT; };
		CE0D0E282D325CA200BC9EB1 /* PlatformHelpers.h */ = {isa = PBXFileReference; fileEncoding = 4; lastKnownFileType = sourcecode.c.h; name = PlatformHelpers.h; path = include/Engine/Core/PlatformHelpers.h; sourceTree = SOURCE_ROOT; };
		CE0D0E292D325CA200BC9EB1 /* SymbolExportMacros.h */ = {isa = PBXFileReference; fileEncoding = 4; lastKnownFileType = sourcecode.c.h; name = SymbolExportMacros.h; path = include/Engine/Core/SymbolExportMacros.h; sourceTree = SOURCE_ROOT; };
		CE0D0E2A2D325CA200BC9EB1 /* PlatformData.h */ = {isa = PBXFileReference; fileEncoding = 4; lastKnownFileType = sourcecode.c.h; name = PlatformData.h; path = include/Engine/Core/PlatformData.h; sourceTree = SOURCE_ROOT; };
		CE2B9A452B018B8100DE24E0 /* libEngine.dylib */ = {isa = PBXFileReference; explicitFileType = "compiled.mach-o.dylib"; includeInIndex = 0; path = libEngine.dylib; sourceTree = BUILT_PRODUCTS_DIR; };
		CE3833D22CF0E6380004C108 /* libEngineStatic.dylib */ = {isa = PBXFileReference; explicitFileType = archive.ar; includeInIndex = 0; name = libEngineStatic.dylib; path = libEngineStatic.a; sourceTree = BUILT_PRODUCTS_DIR; };
		CE3833DF2CF2FC250004C108 /* libEngineStaticD.dylib */ = {isa = PBXFileReference; explicitFileType = archive.ar; includeInIndex = 0; name = libEngineStaticD.dylib; path = libEngineStaticD.a; sourceTree = BUILT_PRODUCTS_DIR; };
		CE46BCE12CFC336A002F900C /* libEngineDev.dylib */ = {isa = PBXFileReference; explicitFileType = "compiled.mach-o.dylib"; includeInIndex = 0; path = libEngineDev.dylib; sourceTree = BUILT_PRODUCTS_DIR; };
		CE46BCF72CFC3373002F900C /* libEngineStaticDev.dylib */ = {isa = PBXFileReference; explicitFileType = archive.ar; includeInIndex = 0; name = libEngineStaticDev.dylib; path = libEngineStaticDev.a; sourceTree = BUILT_PRODUCTS_DIR; };
		CE4C6EC52B0196A60015E51A /* vcpkg.json */ = {isa = PBXFileReference; fileEncoding = 4; lastKnownFileType = text.json; path = vcpkg.json; sourceTree = SOURCE_ROOT; };
		CE9743542D45ECAA00C7D0F7 /* libmimalloc-debug.2.1.dylib */ = {isa = PBXFileReference; lastKnownFileType = "compiled.mach-o.dylib"; name = "libmimalloc-debug.2.1.dylib"; path = "vcpkg_installed/uni-dynamic/debug/lib/libmimalloc-debug.2.1.dylib"; sourceTree = SOURCE_ROOT; };
		CE9743572D45ED0000C7D0F7 /* libmimalloc.2.1.dylib */ = {isa = PBXFileReference; lastKnownFileType = "compiled.mach-o.dylib"; name = libmimalloc.2.1.dylib; path = "vcpkg_installed/uni-dynamic/lib/libmimalloc.2.1.dylib"; sourceTree = SOURCE_ROOT; };
		CED3D6862B12D3C800C5FB04 /* libEngineD.dylib */ = {isa = PBXFileReference; explicitFileType = "compiled.mach-o.dylib"; includeInIndex = 0; path = libEngineD.dylib; sourceTree = BUILT_PRODUCTS_DIR; };
		CEDB37902CFC166C00FC593F /* libglfw.3.4.dylib */ = {isa = PBXFileReference; lastKnownFileType = "compiled.mach-o.dylib"; name = libglfw.3.4.dylib; path = "vcpkg_installed/uni-dynamic/lib/libglfw.3.4.dylib"; sourceTree = SOURCE_ROOT; };
		CEDB37912CFC166C00FC593F /* libfmt.11.0.2.dylib */ = {isa = PBXFileReference; lastKnownFileType = "compiled.mach-o.dylib"; name = libfmt.11.0.2.dylib; path = "vcpkg_installed/uni-dynamic/lib/libfmt.11.0.2.dylib"; sourceTree = SOURCE_ROOT; };
		CEDB37942CFC169B00FC593F /* libfmtd.11.0.2.dylib */ = {isa = PBXFileReference; lastKnownFileType = "compiled.mach-o.dylib"; name = libfmtd.11.0.2.dylib; path = "vcpkg_installed/uni-dynamic/debug/lib/libfmtd.11.0.2.dylib"; sourceTree = SOURCE_ROOT; };
		CEDB37952CFC169B00FC593F /* libglfw.3.4.dylib */ = {isa = PBXFileReference; lastKnownFileType = "compiled.mach-o.dylib"; name = libglfw.3.4.dylib; path = "vcpkg_installed/uni-dynamic/debug/lib/libglfw.3.4.dylib"; sourceTree = SOURCE_ROOT; };
		CEDB37982CFC16CA00FC593F /* libfmt.a */ = {isa = PBXFileReference; explicitFileType = archive.ar; name = libfmt.a; path = "vcpkg_installed/uni-static/lib/libfmt.a"; sourceTree = SOURCE_ROOT; };
		CEDB37992CFC16CA00FC593F /* libglfw3.a */ = {isa = PBXFileReference; explicitFileType = archive.ar; name = libglfw3.a; path = "vcpkg_installed/uni-static/lib/libglfw3.a"; sourceTree = SOURCE_ROOT; };
		CEDB379C2CFC16E600FC593F /* libglfw3.a */ = {isa = PBXFileReference; explicitFileType = archive.ar; name = libglfw3.a; path = "vcpkg_installed/uni-static/debug/lib/libglfw3.a"; sourceTree = SOURCE_ROOT; };
		CEDB379D2CFC16E600FC593F /* libfmtd.a */ = {isa = PBXFileReference; explicitFileType = archive.ar; name = libfmtd.a; path = "vcpkg_installed/uni-static/debug/lib/libfmtd.a"; sourceTree = SOURCE_ROOT; };
		CEDDB0E12D1FCE0D00EADB67 /* MacMisc.cpp */ = {isa = PBXFileReference; fileEncoding = 4; lastKnownFileType = sourcecode.cpp.cpp; name = MacMisc.cpp; path = src/Core/_platform/Mac/MacMisc.cpp; sourceTree = SOURCE_ROOT; };
		CEDDB0E32D1FCE0D00EADB67 /* WindowsPlatformHelpers.cpp */ = {isa = PBXFileReference; fileEncoding = 4; lastKnownFileType = sourcecode.cpp.cpp; name = WindowsPlatformHelpers.cpp; path = src/Core/_platform/Windows/WindowsPlatformHelpers.cpp; sourceTree = SOURCE_ROOT; };
		CEDDB0E42D1FCE0D00EADB67 /* WindowsMisc.cpp */ = {isa = PBXFileReference; fileEncoding = 4; lastKnownFileType = sourcecode.cpp.cpp; name = WindowsMisc.cpp; path = src/Core/_platform/Windows/WindowsMisc.cpp; sourceTree = SOURCE_ROOT; };
		CEDDB0E52D1FCE0D00EADB67 /* WindowsPlatformData.cpp */ = {isa = PBXFileReference; fileEncoding = 4; lastKnownFileType = sourcecode.cpp.cpp; name = WindowsPlatformData.cpp; path = src/Core/_platform/Windows/WindowsPlatformData.cpp; sourceTree = SOURCE_ROOT; };
		E71D733E863B862252F24D52 /* MacDynamicLibrary.h */ = {isa = PBXFileReference; includeInIndex = 1; lastKnownFileType = sourcecode.c.h; name = MacDynamicLibrary.h; path = include/Engine/Core/_platform/Mac/MacDynamicLibrary.h; sourceTree = SOURCE_ROOT; };
		F87221A85A8A1DC94BF577C0 /* BaseBacktraceSymbolHandler.h */ = {isa = PBXFileReference; includeInIndex = 1; lastKnownFileType = sourcecode.c.h; name = BaseBacktraceSymbolHandler.h; path = include/Engine/Core/_platform/Base/BaseBacktraceSymbolHandler.h; sourceTree = SOURCE_ROOT; };
		FB2D8002D36CEA5A4D4E4D68 /* WindowsDynamicLibrary.h */ = {isa = PBXFileReference; includeInIndex = 1; lastKnownFileType = sourcecode.c.h; name = WindowsDynamicLibrary.h; path = include/Engine/Core/_platform/Windows/WindowsDynamicLibrary.h; sourceTree = SOURCE_ROOT; };
/* End PBXFileReference section */

/* Begin PBXFrameworksBuildPhase section */
		CE2B9A432B018B8100DE24E0 /* Frameworks */ = {
			isa = PBXFrameworksBuildPhase;
			buildActionMask = 2147483647;
			files = (
				CE97435A2D45ED1700C7D0F7 /* libmimalloc.2.1.dylib in Frameworks */,
				CEDB37932CFC166C00FC593F /* libfmt.11.0.2.dylib in Frameworks */,
				CEDB37922CFC166C00FC593F /* libglfw.3.4.dylib in Frameworks */,
			);
			runOnlyForDeploymentPostprocessing = 0;
		};
		CE3833D02CF0E6380004C108 /* Frameworks */ = {
			isa = PBXFrameworksBuildPhase;
			buildActionMask = 2147483647;
			files = (
				CEDB379A2CFC16CA00FC593F /* libfmt.a in Frameworks */,
				CEDB379B2CFC16CA00FC593F /* libglfw3.a in Frameworks */,
			);
			runOnlyForDeploymentPostprocessing = 0;
		};
		CE3833DB2CF2FC250004C108 /* Frameworks */ = {
			isa = PBXFrameworksBuildPhase;
			buildActionMask = 2147483647;
			files = (
				CEDB379F2CFC16E600FC593F /* libfmtd.a in Frameworks */,
				CEDB379E2CFC16E600FC593F /* libglfw3.a in Frameworks */,
			);
			runOnlyForDeploymentPostprocessing = 0;
		};
		CE46BCDB2CFC336A002F900C /* Frameworks */ = {
			isa = PBXFrameworksBuildPhase;
			buildActionMask = 2147483647;
			files = (
				CE9743582D45ED0000C7D0F7 /* libmimalloc.2.1.dylib in Frameworks */,
				CE46BCDD2CFC336A002F900C /* libfmt.11.0.2.dylib in Frameworks */,
				CE46BCDC2CFC336A002F900C /* libglfw.3.4.dylib in Frameworks */,
			);
			runOnlyForDeploymentPostprocessing = 0;
		};
		CE46BCF12CFC3373002F900C /* Frameworks */ = {
			isa = PBXFrameworksBuildPhase;
			buildActionMask = 2147483647;
			files = (
				CE46BCF22CFC3373002F900C /* libfmt.a in Frameworks */,
				CE46BCF32CFC3373002F900C /* libglfw3.a in Frameworks */,
			);
			runOnlyForDeploymentPostprocessing = 0;
		};
		CED3D6802B12D3C800C5FB04 /* Frameworks */ = {
			isa = PBXFrameworksBuildPhase;
			buildActionMask = 2147483647;
			files = (
				CE9743672D45F23300C7D0F7 /* libmimalloc-debug.2.1.dylib in Frameworks */,
				CE9743682D45F23900C7D0F7 /* libfmtd.11.0.2.dylib in Frameworks */,
				CE9743692D45F23D00C7D0F7 /* libglfw.3.4.dylib in Frameworks */,
			);
			runOnlyForDeploymentPostprocessing = 0;
		};
/* End PBXFrameworksBuildPhase section */

/* Begin PBXGroup section */
		34B8943EB0C0E2DD6C4462B9 /* _platform */ = {
			isa = PBXGroup;
			children = (
				771FBDA37E3571BD419B7B52 /* Windows */,
			);
			name = _platform;
			path = src/_platform;
			sourceTree = SOURCE_ROOT;
		};
		662E211BA2A7C61D7FA9672B /* Base */ = {
			isa = PBXGroup;
			children = (
				F87221A85A8A1DC94BF577C0 /* BaseBacktraceSymbolHandler.h */,
				503F1DE813DBA8F9708A835A /* BaseDynamicLibrary.h */,
			);
			name = Base;
			path = include/Engine/Core/_platform/Base;
			sourceTree = SOURCE_ROOT;
		};
		771FBDA37E3571BD419B7B52 /* Windows */ = {
			isa = PBXGroup;
			children = (
				7E6CB9BA45A15B3F889B68A0 /* DllMain.cpp */,
				3A59F756AEC59EE0C077E296 /* MimallocNewDeleteOverride.cpp */,
			);
			name = Windows;
			path = src/_platform/Windows;
			sourceTree = SOURCE_ROOT;
		};
		CE0D0E182D325CA200BC9EB1 /* Engine */ = {
			isa = PBXGroup;
			children = (
				CE0D0E192D325CA200BC9EB1 /* Core */,
			);
			name = Engine;
			path = include/Engine;
			sourceTree = SOURCE_ROOT;
		};
		CE0D0E192D325CA200BC9EB1 /* Core */ = {
			isa = PBXGroup;
			children = (
				CE0D0E1E2D325CA200BC9EB1 /* _platform */,
				CE0D0E1D2D325CA200BC9EB1 /* Assertions.h */,
				40D6414B063219FED91C26DA /* BacktraceSymbolHandler.h */,
				CE0D0E1A2D325CA200BC9EB1 /* Console.h */,
				B461EBCC16E4DF7323256211 /* DynamicLibrary.h */,
				CE0D0E272D325CA200BC9EB1 /* Misc.h */,
				CE0D0E1C2D325CA200BC9EB1 /* MiscMacros.h */,
				CE0D0E1B2D325CA200BC9EB1 /* PlatformAbstraction.h */,
				CE0D0E2A2D325CA200BC9EB1 /* PlatformData.h */,
				CE0D0E282D325CA200BC9EB1 /* PlatformHelpers.h */,
				CE0D0E292D325CA200BC9EB1 /* SymbolExportMacros.h */,
			);
			name = Core;
			path = include/Engine/Core;
			sourceTree = SOURCE_ROOT;
		};
		CE0D0E1E2D325CA200BC9EB1 /* _platform */ = {
			isa = PBXGroup;
			children = (
				662E211BA2A7C61D7FA9672B /* Base */,
				CE0D0E1F2D325CA200BC9EB1 /* Mac */,
				CE0D0E232D325CA200BC9EB1 /* Windows */,
			);
			name = _platform;
			path = include/Engine/Core/_platform;
			sourceTree = SOURCE_ROOT;
		};
		CE0D0E1F2D325CA200BC9EB1 /* Mac */ = {
			isa = PBXGroup;
			children = (
				C6269FC5E3BC251863BDE7B0 /* MacBacktraceSymbolHandler.h */,
				E71D733E863B862252F24D52 /* MacDynamicLibrary.h */,
				CE0D0E202D325CA200BC9EB1 /* MacMisc.h */,
				CE0D0E222D325CA200BC9EB1 /* MacPlatformData.h */,
				CE0D0E212D325CA200BC9EB1 /* MacPlatformHelpers.h */,
			);
			name = Mac;
			path = include/Engine/Core/_platform/Mac;
			sourceTree = SOURCE_ROOT;
		};
		CE0D0E232D325CA200BC9EB1 /* Windows */ = {
			isa = PBXGroup;
			children = (
				2F63568507269A791291C086 /* WindowsBacktraceSymbolHandler.h */,
				FB2D8002D36CEA5A4D4E4D68 /* WindowsDynamicLibrary.h */,
				CE0D0E262D325CA200BC9EB1 /* WindowsMisc.h */,
				CE0D0E242D325CA200BC9EB1 /* WindowsPlatformData.h */,
				CE0D0E252D325CA200BC9EB1 /* WindowsPlatformHelpers.h */,
			);
			name = Windows;
			path = include/Engine/Core/_platform/Windows;
			sourceTree = SOURCE_ROOT;
		};
		CE2B9A3C2B018B8100DE24E0 = {
			isa = PBXGroup;
			children = (
				CE4C6EC52B0196A60015E51A /* vcpkg.json */,
				CE4C6EDC2B01A9870015E51A /* Frameworks */,
				CE2B9A462B018B8100DE24E0 /* Products */,
				CE4C6EB42B0196A60015E51A /* include */,
				CE4C6EBD2B0196A60015E51A /* src */,
			);
			sourceTree = SOURCE_ROOT;
		};
		CE2B9A462B018B8100DE24E0 /* Products */ = {
			isa = PBXGroup;
			children = (
				CE2B9A452B018B8100DE24E0 /* libEngine.dylib */,
				CED3D6862B12D3C800C5FB04 /* libEngineD.dylib */,
				CE3833D22CF0E6380004C108 /* libEngineStatic.dylib */,
				CE3833DF2CF2FC250004C108 /* libEngineStaticD.dylib */,
				CE46BCE12CFC336A002F900C /* libEngineDev.dylib */,
				CE46BCF72CFC3373002F900C /* libEngineStaticDev.dylib */,
			);
			name = Products;
			sourceTree = SOURCE_ROOT;
		};
		CE4C6EB42B0196A60015E51A /* include */ = {
			isa = PBXGroup;
			children = (
				CE0D0E182D325CA200BC9EB1 /* Engine */,
			);
			path = include;
			sourceTree = SOURCE_ROOT;
		};
		CE4C6EBD2B0196A60015E51A /* src */ = {
			isa = PBXGroup;
			children = (
				34B8943EB0C0E2DD6C4462B9 /* _platform */,
				CE4C6EBE2B0196A60015E51A /* Core */,
			);
			path = src;
			sourceTree = SOURCE_ROOT;
		};
		CE4C6EBE2B0196A60015E51A /* Core */ = {
			isa = PBXGroup;
			children = (
				CEDDB0DF2D1FCE0D00EADB67 /* _platform */,
				CE0D0DFB2D325C1200BC9EB1 /* Assertions.cpp */,
				CE0D0DFC2D325C1200BC9EB1 /* Console.cpp */,
			);
			name = Core;
			path = src/Core;
			sourceTree = SOURCE_ROOT;
		};
		CE4C6EDC2B01A9870015E51A /* Frameworks */ = {
			isa = PBXGroup;
			children = (
				CEDB37982CFC16CA00FC593F /* libfmt.a */,
				CEDB379D2CFC16E600FC593F /* libfmtd.a */,
				CEDB37992CFC16CA00FC593F /* libglfw3.a */,
				CEDB379C2CFC16E600FC593F /* libglfw3.a */,
				CEDB37912CFC166C00FC593F /* libfmt.11.0.2.dylib */,
				CEDB37942CFC169B00FC593F /* libfmtd.11.0.2.dylib */,
				CEDB37902CFC166C00FC593F /* libglfw.3.4.dylib */,
				CEDB37952CFC169B00FC593F /* libglfw.3.4.dylib */,
				CE9743542D45ECAA00C7D0F7 /* libmimalloc-debug.2.1.dylib */,
				CE9743572D45ED0000C7D0F7 /* libmimalloc.2.1.dylib */,
			);
			name = Frameworks;
			sourceTree = SOURCE_ROOT;
		};
		CEDDB0DF2D1FCE0D00EADB67 /* _platform */ = {
			isa = PBXGroup;
			children = (
				CEDDB0E02D1FCE0D00EADB67 /* Mac */,
				CEDDB0E22D1FCE0D00EADB67 /* Windows */,
			);
			name = _platform;
			path = src/Core/_platform;
			sourceTree = SOURCE_ROOT;
		};
		CEDDB0E02D1FCE0D00EADB67 /* Mac */ = {
			isa = PBXGroup;
			children = (
				96AEDB0C11B8CFE151A75BEE /* MacDynamicLibrary.cpp */,
				CEDDB0E12D1FCE0D00EADB67 /* MacMisc.cpp */,
			);
			name = Mac;
			path = src/Core/_platform/Mac;
			sourceTree = SOURCE_ROOT;
		};
		CEDDB0E22D1FCE0D00EADB67 /* Windows */ = {
			isa = PBXGroup;
			children = (
				824F3014549271C830FA6D87 /* WindowsBacktraceSymbolHandler.cpp */,
				8D93B0BEE644482F2DC10AA3 /* WindowsDynamicLibrary.cpp */,
				CEDDB0E42D1FCE0D00EADB67 /* WindowsMisc.cpp */,
				CEDDB0E52D1FCE0D00EADB67 /* WindowsPlatformData.cpp */,
				CEDDB0E32D1FCE0D00EADB67 /* WindowsPlatformHelpers.cpp */,
			);
			name = Windows;
			path = src/Core/_platform/Windows;
			sourceTree = SOURCE_ROOT;
		};
/* End PBXGroup section */

/* Begin PBXNativeTarget section */
		CE2B9A442B018B8100DE24E0 /* Engine */ = {
			isa = PBXNativeTarget;
			buildConfigurationList = CE2B9A492B018B8100DE24E0 /* Build configuration list for PBXNativeTarget "Engine" */;
			buildPhases = (
				CE2B9A422B018B8100DE24E0 /* Sources */,
				CE2B9A432B018B8100DE24E0 /* Frameworks */,
				CEB804122D46058600BD6E47 /* Copy vcpkg Dependencies */,
			);
			buildRules = (
			);
			dependencies = (
			);
			name = Engine;
			productName = Engine;
			productReference = CE2B9A452B018B8100DE24E0 /* libEngine.dylib */;
			productType = "com.apple.product-type.library.dynamic";
		};
		CE3833D12CF0E6380004C108 /* EngineStatic */ = {
			isa = PBXNativeTarget;
			buildConfigurationList = CE3833D52CF0E6380004C108 /* Build configuration list for PBXNativeTarget "EngineStatic" */;
			buildPhases = (
				CE3833CF2CF0E6380004C108 /* Sources */,
				CE3833D02CF0E6380004C108 /* Frameworks */,
			);
			buildRules = (
			);
			dependencies = (
			);
			name = EngineStatic;
			productName = EngineStatic;
			productReference = CE3833D22CF0E6380004C108 /* libEngineStatic.dylib */;
			productType = "com.apple.product-type.library.static";
		};
		CE3833D72CF2FC250004C108 /* EngineStaticD */ = {
			isa = PBXNativeTarget;
			buildConfigurationList = CE3833DC2CF2FC250004C108 /* Build configuration list for PBXNativeTarget "EngineStaticD" */;
			buildPhases = (
				CE3833DA2CF2FC250004C108 /* Sources */,
				CE3833DB2CF2FC250004C108 /* Frameworks */,
			);
			buildRules = (
			);
			dependencies = (
			);
			name = EngineStaticD;
			productName = EngineStaticD;
			productReference = CE3833DF2CF2FC250004C108 /* libEngineStaticD.dylib */;
			productType = "com.apple.product-type.library.static";
		};
		CE46BCCC2CFC336A002F900C /* EngineDev */ = {
			isa = PBXNativeTarget;
			buildConfigurationList = CE46BCDE2CFC336A002F900C /* Build configuration list for PBXNativeTarget "EngineDev" */;
			buildPhases = (
				CE46BCD52CFC336A002F900C /* Sources */,
				CE46BCDB2CFC336A002F900C /* Frameworks */,
				CEB8040D2D46055D00BD6E47 /* Copy vcpkg Dependencies */,
			);
			buildRules = (
			);
			dependencies = (
			);
			name = EngineDev;
			productName = EngineDev;
			productReference = CE46BCE12CFC336A002F900C /* libEngineDev.dylib */;
			productType = "com.apple.product-type.library.dynamic";
		};
		CE46BCE22CFC3373002F900C /* EngineStaticDev */ = {
			isa = PBXNativeTarget;
			buildConfigurationList = CE46BCF42CFC3373002F900C /* Build configuration list for PBXNativeTarget "EngineStaticDev" */;
			buildPhases = (
				CE46BCEB2CFC3373002F900C /* Sources */,
				CE46BCF12CFC3373002F900C /* Frameworks */,
			);
			buildRules = (
			);
			dependencies = (
			);
			name = EngineStaticDev;
			productName = EngineStaticDev;
			productReference = CE46BCF72CFC3373002F900C /* libEngineStaticDev.dylib */;
			productType = "com.apple.product-type.library.static";
		};
		CED3D6702B12D3C800C5FB04 /* EngineD */ = {
			isa = PBXNativeTarget;
			buildConfigurationList = CED3D6822B12D3C800C5FB04 /* Build configuration list for PBXNativeTarget "EngineD" */;
			buildPhases = (
				CED3D67A2B12D3C800C5FB04 /* Sources */,
				CED3D6802B12D3C800C5FB04 /* Frameworks */,
				CEB804092D46051600BD6E47 /* Copy vcpkg Dependencies */,
			);
			buildRules = (
			);
			dependencies = (
			);
			name = EngineD;
			productName = EngineD;
			productReference = CED3D6862B12D3C800C5FB04 /* libEngineD.dylib */;
			productType = "com.apple.product-type.library.dynamic";
		};
/* End PBXNativeTarget section */

/* Begin PBXProject section */
		CE2B9A3D2B018B8100DE24E0 /* Project object */ = {
			isa = PBXProject;
			attributes = {
				BuildIndependentTargetsInParallel = 1;
				LastUpgradeCheck = 1420;
				TargetAttributes = {
					CE2B9A442B018B8100DE24E0 = {
						CreatedOnToolsVersion = 14.2;
					};
					CE3833D12CF0E6380004C108 = {
						CreatedOnToolsVersion = 14.2;
					};
				};
			};
			buildConfigurationList = CE2B9A402B018B8100DE24E0 /* Build configuration list for PBXProject "Engine" */;
			compatibilityVersion = "Xcode 14.0";
			developmentRegion = en;
			hasScannedForEncodings = 0;
			knownRegions = (
				en,
			);
			mainGroup = CE2B9A3C2B018B8100DE24E0;
			productRefGroup = CE2B9A462B018B8100DE24E0 /* Products */;
			projectDirPath = "";
			projectRoot = "";
			targets = (
				CED3D6702B12D3C800C5FB04 /* EngineD */,
				CE46BCCC2CFC336A002F900C /* EngineDev */,
				CE2B9A442B018B8100DE24E0 /* Engine */,
				CE3833D72CF2FC250004C108 /* EngineStaticD */,
				CE46BCE22CFC3373002F900C /* EngineStaticDev */,
				CE3833D12CF0E6380004C108 /* EngineStatic */,
			);
		};
/* End PBXProject section */

/* Begin PBXSourcesBuildPhase section */
		CE2B9A422B018B8100DE24E0 /* Sources */ = {
			isa = PBXSourcesBuildPhase;
			buildActionMask = 2147483647;
			files = (
				CEDDB0EC2D1FCE0D00EADB67 /* WindowsPlatformHelpers.cpp in Sources */,
				CEDDB0F22D1FCE0D00EADB67 /* WindowsMisc.cpp in Sources */,
				CE0D0E032D325C1200BC9EB1 /* Console.cpp in Sources */,
				CE0D0DFD2D325C1200BC9EB1 /* Assertions.cpp in Sources */,
				CEDDB0F82D1FCE0D00EADB67 /* WindowsPlatformData.cpp in Sources */,
				CEDDB0E62D1FCE0D00EADB67 /* MacMisc.cpp in Sources */,
				215AEFA9CD836AAFDDA882EB /* MacDynamicLibrary.cpp in Sources */,
				0221FC7E13762403A8116672 /* WindowsBacktraceSymbolHandler.cpp in Sources */,
				8B7822D87243517F6C48929A /* WindowsDynamicLibrary.cpp in Sources */,
				751208F6FA169F6BE8691FB8 /* DllMain.cpp in Sources */,
				3F5CE3FA47BFBEA90E3A9F5E /* BacktraceSymbolHandler.h in Sources */,
				B35FF32C5EAF46655C94EB68 /* DynamicLibrary.h in Sources */,
				D045EF5430862A14A51ABD21 /* BaseBacktraceSymbolHandler.h in Sources */,
				1CF66C91DD0C29CE0586A740 /* BaseDynamicLibrary.h in Sources */,
				133F055E8F7A368EE52F22DC /* MacBacktraceSymbolHandler.h in Sources */,
				8FF71408C1433077DD912206 /* MacDynamicLibrary.h in Sources */,
				0B835018D39498AB6BFEF151 /* WindowsBacktraceSymbolHandler.h in Sources */,
				EB226059DE08C5B7FE365EC3 /* WindowsDynamicLibrary.h in Sources */,
				03CE4123449EBBB7DFA83284 /* MimallocNewDeleteOverride.cpp in Sources */,
			);
			runOnlyForDeploymentPostprocessing = 0;
		};
		CE3833CF2CF0E6380004C108 /* Sources */ = {
			isa = PBXSourcesBuildPhase;
			buildActionMask = 2147483647;
			files = (
				CEDDB0EF2D1FCE0D00EADB67 /* WindowsPlatformHelpers.cpp in Sources */,
				CEDDB0F52D1FCE0D00EADB67 /* WindowsMisc.cpp in Sources */,
				CE0D0E062D325C1200BC9EB1 /* Console.cpp in Sources */,
				CE0D0E002D325C1200BC9EB1 /* Assertions.cpp in Sources */,
				CEDDB0FB2D1FCE0D00EADB67 /* WindowsPlatformData.cpp in Sources */,
				CEDDB0E92D1FCE0D00EADB67 /* MacMisc.cpp in Sources */,
				62DD6C6F9524DC0E1D9B88F6 /* MacDynamicLibrary.cpp in Sources */,
				9652B410B05B9FEF818B7E7F /* WindowsBacktraceSymbolHandler.cpp in Sources */,
				682DC67AC40F128D35650C5E /* WindowsDynamicLibrary.cpp in Sources */,
				4E341695022C2E5D426E5D2B /* DllMain.cpp in Sources */,
				99E8FE87C0E96A2A9FE7C87B /* BacktraceSymbolHandler.h in Sources */,
				50D63B03B2AB0ECE9993EDDF /* DynamicLibrary.h in Sources */,
				9C1FAE4B3B151BFF3055088B /* BaseBacktraceSymbolHandler.h in Sources */,
				533BBED14149C3DBA1DFBC4D /* BaseDynamicLibrary.h in Sources */,
				201504787408F2AD15FB0B0F /* MacBacktraceSymbolHandler.h in Sources */,
				1C3AC1D57E0E1349399B7DB6 /* MacDynamicLibrary.h in Sources */,
				9FAA62505C357C2C201630EE /* WindowsBacktraceSymbolHandler.h in Sources */,
				AB147F8EAFC81870710E7392 /* WindowsDynamicLibrary.h in Sources */,
				BFC40F0EC72A137504EC13FD /* MimallocNewDeleteOverride.cpp in Sources */,
			);
			runOnlyForDeploymentPostprocessing = 0;
		};
		CE3833DA2CF2FC250004C108 /* Sources */ = {
			isa = PBXSourcesBuildPhase;
			buildActionMask = 2147483647;
			files = (
				CEDDB0F12D1FCE0D00EADB67 /* WindowsPlatformHelpers.cpp in Sources */,
				CEDDB0F72D1FCE0D00EADB67 /* WindowsMisc.cpp in Sources */,
				CE0D0E082D325C1200BC9EB1 /* Console.cpp in Sources */,
				CE0D0E022D325C1200BC9EB1 /* Assertions.cpp in Sources */,
				CEDDB0FD2D1FCE0D00EADB67 /* WindowsPlatformData.cpp in Sources */,
				CEDDB0EB2D1FCE0D00EADB67 /* MacMisc.cpp in Sources */,
				9700433BFECD91BC05B5245F /* MacDynamicLibrary.cpp in Sources */,
				8633DFCB6ED2A951F42539DF /* WindowsBacktraceSymbolHandler.cpp in Sources */,
				C438BB27CEC80889370F3F65 /* WindowsDynamicLibrary.cpp in Sources */,
				2998B6917801A6DB3D9B8700 /* DllMain.cpp in Sources */,
				B7E50F09C9F72D6884FEA46A /* BacktraceSymbolHandler.h in Sources */,
				11236E826FC2E860CE8549E6 /* DynamicLibrary.h in Sources */,
				DC9397115F15FB350BEA0269 /* BaseBacktraceSymbolHandler.h in Sources */,
				1EFD0D253332D1DF52670AAD /* BaseDynamicLibrary.h in Sources */,
				0DB82B87D29113E8CC0BBF79 /* MacBacktraceSymbolHandler.h in Sources */,
				6681619184EAF22F5832A6B5 /* MacDynamicLibrary.h in Sources */,
				40F18DA894CE9E6670AAC283 /* WindowsBacktraceSymbolHandler.h in Sources */,
				0890BC5797D77E2D2AF79AF3 /* WindowsDynamicLibrary.h in Sources */,
				1B1F86B6B34CEDEEF641F557 /* MimallocNewDeleteOverride.cpp in Sources */,
			);
			runOnlyForDeploymentPostprocessing = 0;
		};
		CE46BCD52CFC336A002F900C /* Sources */ = {
			isa = PBXSourcesBuildPhase;
			buildActionMask = 2147483647;
			files = (
				CEDDB0ED2D1FCE0D00EADB67 /* WindowsPlatformHelpers.cpp in Sources */,
				CEDDB0F32D1FCE0D00EADB67 /* WindowsMisc.cpp in Sources */,
				CE0D0E042D325C1200BC9EB1 /* Console.cpp in Sources */,
				CE0D0DFE2D325C1200BC9EB1 /* Assertions.cpp in Sources */,
				CEDDB0F92D1FCE0D00EADB67 /* WindowsPlatformData.cpp in Sources */,
				CEDDB0E72D1FCE0D00EADB67 /* MacMisc.cpp in Sources */,
				68616A035E5081D0EE21F5FE /* MacDynamicLibrary.cpp in Sources */,
				3C272A5EB21016E9B64A2350 /* WindowsBacktraceSymbolHandler.cpp in Sources */,
				8D93BB5A26DE6A408882DBA4 /* WindowsDynamicLibrary.cpp in Sources */,
				DF70935DBA79CC17A5CAB47C /* DllMain.cpp in Sources */,
				B281A5FD3E988F6031CF313F /* BacktraceSymbolHandler.h in Sources */,
				DA52C0940A220EEDED2EDDB2 /* DynamicLibrary.h in Sources */,
				E68CE0C8DE050A331CE2E342 /* BaseBacktraceSymbolHandler.h in Sources */,
				12BA6B93305F0D5847091659 /* BaseDynamicLibrary.h in Sources */,
				A6DEE2FEF356111B3F0711BD /* MacBacktraceSymbolHandler.h in Sources */,
				3E4B3978D567AEB037213195 /* MacDynamicLibrary.h in Sources */,
				AEC8870566FB4631B83A0B1E /* WindowsBacktraceSymbolHandler.h in Sources */,
				1656E136C8C1D35DE4A60B81 /* WindowsDynamicLibrary.h in Sources */,
				B84295B2045294664262925F /* MimallocNewDeleteOverride.cpp in Sources */,
			);
			runOnlyForDeploymentPostprocessing = 0;
		};
		CE46BCEB2CFC3373002F900C /* Sources */ = {
			isa = PBXSourcesBuildPhase;
			buildActionMask = 2147483647;
			files = (
				CEDDB0F02D1FCE0D00EADB67 /* WindowsPlatformHelpers.cpp in Sources */,
				CEDDB0F62D1FCE0D00EADB67 /* WindowsMisc.cpp in Sources */,
				CE0D0E072D325C1200BC9EB1 /* Console.cpp in Sources */,
				CE0D0E012D325C1200BC9EB1 /* Assertions.cpp in Sources */,
				CEDDB0FC2D1FCE0D00EADB67 /* WindowsPlatformData.cpp in Sources */,
				CEDDB0EA2D1FCE0D00EADB67 /* MacMisc.cpp in Sources */,
				BBC50569065B4D8FFE666EE3 /* MacDynamicLibrary.cpp in Sources */,
				CB668F9A1034B4986CCB1FC5 /* WindowsBacktraceSymbolHandler.cpp in Sources */,
				EE2E7632ED37C5D1173F90AF /* WindowsDynamicLibrary.cpp in Sources */,
				4E6CD616F18F8B8859BC3202 /* DllMain.cpp in Sources */,
				B1CE74CA703E918FF92A6157 /* BacktraceSymbolHandler.h in Sources */,
				CF86CA69327FBA8718868591 /* DynamicLibrary.h in Sources */,
				B50CCAA5F73521C089662E8E /* BaseBacktraceSymbolHandler.h in Sources */,
				64E99E99D067E2EBE4B9321C /* BaseDynamicLibrary.h in Sources */,
				9AF77ECD4EB166491E282811 /* MacBacktraceSymbolHandler.h in Sources */,
				212BCE146B45DDF293D02B03 /* MacDynamicLibrary.h in Sources */,
				738894A50FD1DA8207785F0F /* WindowsBacktraceSymbolHandler.h in Sources */,
				ED6628C49A2B0FCEF551A2F2 /* WindowsDynamicLibrary.h in Sources */,
				595130EF3F3CED072C272E28 /* MimallocNewDeleteOverride.cpp in Sources */,
			);
			runOnlyForDeploymentPostprocessing = 0;
		};
		CED3D67A2B12D3C800C5FB04 /* Sources */ = {
			isa = PBXSourcesBuildPhase;
			buildActionMask = 2147483647;
			files = (
				CEDDB0EE2D1FCE0D00EADB67 /* WindowsPlatformHelpers.cpp in Sources */,
				CEDDB0F42D1FCE0D00EADB67 /* WindowsMisc.cpp in Sources */,
				CE0D0E052D325C1200BC9EB1 /* Console.cpp in Sources */,
				CE0D0DFF2D325C1200BC9EB1 /* Assertions.cpp in Sources */,
				CEDDB0FA2D1FCE0D00EADB67 /* WindowsPlatformData.cpp in Sources */,
				CEDDB0E82D1FCE0D00EADB67 /* MacMisc.cpp in Sources */,
				706EAFB5805BDF80FD5F3037 /* MacDynamicLibrary.cpp in Sources */,
				48AFD3ACF4D62B7FC7EBA560 /* WindowsBacktraceSymbolHandler.cpp in Sources */,
				7461AF79B89FA9B9799F940D /* WindowsDynamicLibrary.cpp in Sources */,
				4F06889024D53B1F7F8A26E3 /* DllMain.cpp in Sources */,
				DFAB34AEEF0B114D88F056F7 /* BacktraceSymbolHandler.h in Sources */,
				6A747152A647F84013118D99 /* DynamicLibrary.h in Sources */,
				A1A3EEAB68489E23F2377DFC /* BaseBacktraceSymbolHandler.h in Sources */,
				5209D1A90B8DFAD74EB374D7 /* BaseDynamicLibrary.h in Sources */,
				991871A5987AE66183EAF09F /* MacBacktraceSymbolHandler.h in Sources */,
				9592B2316FFE4D3B828938D0 /* MacDynamicLibrary.h in Sources */,
				71BEAB9C9793248154CD1F2F /* WindowsBacktraceSymbolHandler.h in Sources */,
				D1EADCB719FDAA14DC03840B /* WindowsDynamicLibrary.h in Sources */,
				8667A166B91929C4EA2EE413 /* MimallocNewDeleteOverride.cpp in Sources */,
			);
			runOnlyForDeploymentPostprocessing = 0;
		};
/* End PBXSourcesBuildPhase section */

/* Begin XCBuildConfiguration section */
		CE2B9A482B018B8100DE24E0 /* Universal */ = {
			isa = XCBuildConfiguration;
			buildSettings = {
				ALWAYS_SEARCH_USER_PATHS = NO;
				CLANG_ANALYZER_NONNULL = YES;
				CLANG_ANALYZER_NUMBER_OBJECT_CONVERSION = YES_AGGRESSIVE;
				CLANG_CXX_LANGUAGE_STANDARD = "c++20";
				CLANG_ENABLE_MODULES = YES;
				CLANG_ENABLE_OBJC_ARC = YES;
				CLANG_ENABLE_OBJC_WEAK = YES;
				CLANG_WARN_BLOCK_CAPTURE_AUTORELEASING = YES;
				CLANG_WARN_BOOL_CONVERSION = YES;
				CLANG_WARN_COMMA = YES;
				CLANG_WARN_CONSTANT_CONVERSION = YES;
				CLANG_WARN_DEPRECATED_OBJC_IMPLEMENTATIONS = YES;
				CLANG_WARN_DIRECT_OBJC_ISA_USAGE = YES_ERROR;
				CLANG_WARN_DOCUMENTATION_COMMENTS = YES;
				CLANG_WARN_EMPTY_BODY = YES;
				CLANG_WARN_ENUM_CONVERSION = YES;
				CLANG_WARN_INFINITE_RECURSION = YES;
				CLANG_WARN_INT_CONVERSION = YES;
				CLANG_WARN_NON_LITERAL_NULL_CONVERSION = YES;
				CLANG_WARN_OBJC_IMPLICIT_RETAIN_SELF = YES;
				CLANG_WARN_OBJC_LITERAL_CONVERSION = YES;
				CLANG_WARN_OBJC_ROOT_CLASS = YES_ERROR;
				CLANG_WARN_QUOTED_INCLUDE_IN_FRAMEWORK_HEADER = YES;
				CLANG_WARN_RANGE_LOOP_ANALYSIS = YES;
				CLANG_WARN_STRICT_PROTOTYPES = YES;
				CLANG_WARN_SUSPICIOUS_MOVE = YES;
				CLANG_WARN_UNGUARDED_AVAILABILITY = YES_AGGRESSIVE;
				CLANG_WARN_UNREACHABLE_CODE = YES;
				CLANG_WARN__DUPLICATE_METHOD_MATCH = YES;
				CONFIGURATION_BUILD_DIR = "$(BUILD_DIR)/$(CONFIGURATION)";
				COPY_PHASE_STRIP = NO;
				DEBUG_INFORMATION_FORMAT = "dwarf-with-dsym";
				DYLIB_COMPATIBILITY_VERSION = 1;
				DYLIB_CURRENT_VERSION = 1;
				ENABLE_NS_ASSERTIONS = NO;
				ENABLE_STRICT_OBJC_MSGSEND = YES;
				EXCLUDED_SOURCE_FILE_NAMES = "*/_platform/Windows/*.cpp";
				GCC_C_LANGUAGE_STANDARD = gnu11;
				GCC_NO_COMMON_BLOCKS = YES;
				GCC_OPTIMIZATION_LEVEL = fast;
				GCC_PREPROCESSOR_DEFINITIONS = (
					"ADHOC_INTERNAL=1",
					"ADHOC_ENGINE_PROJECT=1",
					"ADHOC_MACOS=1",
					"ADHOC_WINODWS=0",
				);
				GCC_WARN_64_TO_32_BIT_CONVERSION = YES;
				GCC_WARN_ABOUT_RETURN_TYPE = YES_ERROR;
				GCC_WARN_UNDECLARED_SELECTOR = YES;
				GCC_WARN_UNINITIALIZED_AUTOS = YES_AGGRESSIVE;
				GCC_WARN_UNUSED_FUNCTION = YES;
				GCC_WARN_UNUSED_VARIABLE = YES;
				HEADER_SEARCH_PATHS = (
					"$(PROJECT_DIR)/src",
					"$(PROJECT_DIR)/include",
					"$(PROJECT_DIR)/vcpkg_installed/uni-dynamic/include",
				);
				INSTALL_PATH = "@rpath";
				MACOSX_DEPLOYMENT_TARGET = 11.5;
				MTL_ENABLE_DEBUG_INFO = NO;
				MTL_FAST_MATH = YES;
				SDKROOT = macosx;
				SKIP_INSTALL = YES;
			};
			name = Universal;
		};
		CE2B9A4B2B018B8100DE24E0 /* Universal */ = {
			isa = XCBuildConfiguration;
			buildSettings = {
				CONFIGURATION_BUILD_DIR = "$(BUILD_DIR)/$(CONFIGURATION)/Release";
				EXECUTABLE_PREFIX = lib;
				GCC_PREPROCESSOR_DEFINITIONS = (
					"$(inherited)",
					"ADHOC_EDITOR=1",
					"ADHOC_DEBUG=0",
					"ADHOC_DEV=0",
					"ADHOC_RELEASE=1",
				);
				LIBRARY_SEARCH_PATHS = "$(PROJECT_DIR)/vcpkg_installed/uni-dynamic/lib";
				LLVM_LTO = YES;
				PRODUCT_NAME = "$(TARGET_NAME)";
				SKIP_INSTALL = YES;
			};
			name = Universal;
		};
		CE3833D32CF0E6380004C108 /* Universal */ = {
			isa = XCBuildConfiguration;
			buildSettings = {
				CODE_SIGN_STYLE = Automatic;
				CONFIGURATION_BUILD_DIR = "$(BUILD_DIR)/$(CONFIGURATION)/Release";
				EXECUTABLE_PREFIX = lib;
				GCC_PREPROCESSOR_DEFINITIONS = (
					"$(inherited)",
					"ADHOC_EDITOR=0",
					"ADHOC_DEBUG=0",
					"ADHOC_DEV=0",
					"ADHOC_RELEASE=1",
				);
				LIBRARY_SEARCH_PATHS = "$(PROJECT_DIR)/vcpkg_installed/uni-static/lib";
				LLVM_LTO = YES;
				PRODUCT_NAME = "$(TARGET_NAME)";
				SKIP_INSTALL = YES;
			};
			name = Universal;
		};
		CE3833D42CF0E6380004C108 /* ActiveArch */ = {
			isa = XCBuildConfiguration;
			buildSettings = {
				CODE_SIGN_STYLE = Automatic;
				CONFIGURATION_BUILD_DIR = "$(BUILD_DIR)/$(CONFIGURATION)/Release";
				EXECUTABLE_PREFIX = lib;
				GCC_PREPROCESSOR_DEFINITIONS = (
					"$(inherited)",
					"ADHOC_EDITOR=0",
					"ADHOC_DEBUG=0",
					"ADHOC_DEV=0",
					"ADHOC_RELEASE=1",
				);
				LIBRARY_SEARCH_PATHS = "$(PROJECT_DIR)/vcpkg_installed/uni-static/lib";
				LLVM_LTO = YES;
				PRODUCT_NAME = "$(TARGET_NAME)";
				SKIP_INSTALL = YES;
			};
			name = ActiveArch;
		};
		CE3833DD2CF2FC250004C108 /* Universal */ = {
			isa = XCBuildConfiguration;
			buildSettings = {
				CODE_SIGN_STYLE = Automatic;
				CONFIGURATION_BUILD_DIR = "$(BUILD_DIR)/$(CONFIGURATION)/Debug";
				ENABLE_NS_ASSERTIONS = YES;
				EXECUTABLE_PREFIX = lib;
				GCC_PREPROCESSOR_DEFINITIONS = (
					"$(inherited)",
					"ADHOC_EDITOR=0",
					"DEBUG=1",
					"ADHOC_DEBUG=1",
					"ADHOC_DEV=0",
					"ADHOC_RELEASE=0",
				);
				LIBRARY_SEARCH_PATHS = "$(PROJECT_DIR)/vcpkg_installed/uni-static/debug/lib";
				MTL_ENABLE_DEBUG_INFO = INCLUDE_SOURCE;
				PRODUCT_NAME = "$(TARGET_NAME)";
				SKIP_INSTALL = YES;
			};
			name = Universal;
		};
		CE3833DE2CF2FC250004C108 /* ActiveArch */ = {
			isa = XCBuildConfiguration;
			buildSettings = {
				CODE_SIGN_STYLE = Automatic;
				CONFIGURATION_BUILD_DIR = "$(BUILD_DIR)/$(CONFIGURATION)/Debug";
				ENABLE_NS_ASSERTIONS = YES;
				EXECUTABLE_PREFIX = lib;
				GCC_PREPROCESSOR_DEFINITIONS = (
					"$(inherited)",
					"ADHOC_EDITOR=0",
					"DEBUG=1",
					"ADHOC_DEBUG=1",
					"ADHOC_DEV=0",
					"ADHOC_RELEASE=0",
				);
				LIBRARY_SEARCH_PATHS = "$(PROJECT_DIR)/vcpkg_installed/uni-static/debug/lib";
				MTL_ENABLE_DEBUG_INFO = INCLUDE_SOURCE;
				PRODUCT_NAME = "$(TARGET_NAME)";
				SKIP_INSTALL = YES;
			};
			name = ActiveArch;
		};
		CE46BCDF2CFC336A002F900C /* Universal */ = {
			isa = XCBuildConfiguration;
			buildSettings = {
				CONFIGURATION_BUILD_DIR = "$(BUILD_DIR)/$(CONFIGURATION)/Dev";
				EXECUTABLE_PREFIX = lib;
				GCC_PREPROCESSOR_DEFINITIONS = (
					"$(inherited)",
					"ADHOC_EDITOR=1",
					"ADHOC_DEBUG=0",
					"ADHOC_DEV=1",
					"ADHOC_RELEASE=0",
				);
				LIBRARY_SEARCH_PATHS = "$(PROJECT_DIR)/vcpkg_installed/uni-dynamic/lib";
				LLVM_LTO = YES_THIN;
				PRODUCT_NAME = "$(TARGET_NAME)";
				SKIP_INSTALL = YES;
			};
			name = Universal;
		};
		CE46BCE02CFC336A002F900C /* ActiveArch */ = {
			isa = XCBuildConfiguration;
			buildSettings = {
				CONFIGURATION_BUILD_DIR = "$(BUILD_DIR)/$(CONFIGURATION)/Dev";
				EXECUTABLE_PREFIX = lib;
				GCC_PREPROCESSOR_DEFINITIONS = (
					"$(inherited)",
					"ADHOC_EDITOR=1",
					"ADHOC_DEBUG=0",
					"ADHOC_DEV=1",
					"ADHOC_RELEASE=0",
				);
				LIBRARY_SEARCH_PATHS = "$(PROJECT_DIR)/vcpkg_installed/uni-dynamic/lib";
				LLVM_LTO = YES_THIN;
				PRODUCT_NAME = "$(TARGET_NAME)";
				SKIP_INSTALL = YES;
			};
			name = ActiveArch;
		};
		CE46BCF52CFC3373002F900C /* Universal */ = {
			isa = XCBuildConfiguration;
			buildSettings = {
				CODE_SIGN_STYLE = Automatic;
				CONFIGURATION_BUILD_DIR = "$(BUILD_DIR)/$(CONFIGURATION)/Dev";
				EXECUTABLE_PREFIX = lib;
				GCC_PREPROCESSOR_DEFINITIONS = (
					"$(inherited)",
					"ADHOC_EDITOR=0",
					"ADHOC_DEBUG=0",
					"ADHOC_DEV=1",
					"ADHOC_RELEASE=0",
				);
				LIBRARY_SEARCH_PATHS = "$(PROJECT_DIR)/vcpkg_installed/uni-static/lib";
				LLVM_LTO = YES_THIN;
				PRODUCT_NAME = "$(TARGET_NAME)";
				SKIP_INSTALL = YES;
			};
			name = Universal;
		};
		CE46BCF62CFC3373002F900C /* ActiveArch */ = {
			isa = XCBuildConfiguration;
			buildSettings = {
				CODE_SIGN_STYLE = Automatic;
				CONFIGURATION_BUILD_DIR = "$(BUILD_DIR)/$(CONFIGURATION)/Dev";
				EXECUTABLE_PREFIX = lib;
				GCC_PREPROCESSOR_DEFINITIONS = (
					"$(inherited)",
					"ADHOC_EDITOR=0",
					"ADHOC_DEBUG=0",
					"ADHOC_DEV=1",
					"ADHOC_RELEASE=0",
				);
				LIBRARY_SEARCH_PATHS = "$(PROJECT_DIR)/vcpkg_installed/uni-static/lib";
				LLVM_LTO = YES_THIN;
				PRODUCT_NAME = "$(TARGET_NAME)";
				SKIP_INSTALL = YES;
			};
			name = ActiveArch;
		};
		CED3D66E2B12D3BC00C5FB04 /* ActiveArch */ = {
			isa = XCBuildConfiguration;
			buildSettings = {
				ALWAYS_SEARCH_USER_PATHS = NO;
				CLANG_ANALYZER_NONNULL = YES;
				CLANG_ANALYZER_NUMBER_OBJECT_CONVERSION = YES_AGGRESSIVE;
				CLANG_CXX_LANGUAGE_STANDARD = "c++20";
				CLANG_ENABLE_MODULES = YES;
				CLANG_ENABLE_OBJC_ARC = YES;
				CLANG_ENABLE_OBJC_WEAK = YES;
				CLANG_WARN_BLOCK_CAPTURE_AUTORELEASING = YES;
				CLANG_WARN_BOOL_CONVERSION = YES;
				CLANG_WARN_COMMA = YES;
				CLANG_WARN_CONSTANT_CONVERSION = YES;
				CLANG_WARN_DEPRECATED_OBJC_IMPLEMENTATIONS = YES;
				CLANG_WARN_DIRECT_OBJC_ISA_USAGE = YES_ERROR;
				CLANG_WARN_DOCUMENTATION_COMMENTS = YES;
				CLANG_WARN_EMPTY_BODY = YES;
				CLANG_WARN_ENUM_CONVERSION = YES;
				CLANG_WARN_INFINITE_RECURSION = YES;
				CLANG_WARN_INT_CONVERSION = YES;
				CLANG_WARN_NON_LITERAL_NULL_CONVERSION = YES;
				CLANG_WARN_OBJC_IMPLICIT_RETAIN_SELF = YES;
				CLANG_WARN_OBJC_LITERAL_CONVERSION = YES;
				CLANG_WARN_OBJC_ROOT_CLASS = YES_ERROR;
				CLANG_WARN_QUOTED_INCLUDE_IN_FRAMEWORK_HEADER = YES;
				CLANG_WARN_RANGE_LOOP_ANALYSIS = YES;
				CLANG_WARN_STRICT_PROTOTYPES = YES;
				CLANG_WARN_SUSPICIOUS_MOVE = YES;
				CLANG_WARN_UNGUARDED_AVAILABILITY = YES_AGGRESSIVE;
				CLANG_WARN_UNREACHABLE_CODE = YES;
				CLANG_WARN__DUPLICATE_METHOD_MATCH = YES;
				CONFIGURATION_BUILD_DIR = "$(BUILD_DIR)/$(CONFIGURATION)";
				COPY_PHASE_STRIP = NO;
				DEBUG_INFORMATION_FORMAT = "dwarf-with-dsym";
				DYLIB_COMPATIBILITY_VERSION = 1;
				DYLIB_CURRENT_VERSION = 1;
				ENABLE_NS_ASSERTIONS = NO;
				ENABLE_STRICT_OBJC_MSGSEND = YES;
				EXCLUDED_SOURCE_FILE_NAMES = "*/_platform/Windows/*.cpp";
				GCC_C_LANGUAGE_STANDARD = gnu11;
				GCC_NO_COMMON_BLOCKS = YES;
				GCC_OPTIMIZATION_LEVEL = fast;
				GCC_PREPROCESSOR_DEFINITIONS = (
					"ADHOC_INTERNAL=1",
					"ADHOC_ENGINE_PROJECT=1",
					"ADHOC_MACOS=1",
					"ADHOC_WINODWS=0",
				);
				GCC_WARN_64_TO_32_BIT_CONVERSION = YES;
				GCC_WARN_ABOUT_RETURN_TYPE = YES_ERROR;
				GCC_WARN_UNDECLARED_SELECTOR = YES;
				GCC_WARN_UNINITIALIZED_AUTOS = YES_AGGRESSIVE;
				GCC_WARN_UNUSED_FUNCTION = YES;
				GCC_WARN_UNUSED_VARIABLE = YES;
				HEADER_SEARCH_PATHS = (
					"$(PROJECT_DIR)/src",
					"$(PROJECT_DIR)/include",
					"$(PROJECT_DIR)/vcpkg_installed/uni-dynamic/include",
				);
				INSTALL_PATH = "@rpath";
				MACOSX_DEPLOYMENT_TARGET = 11.5;
				MTL_ENABLE_DEBUG_INFO = NO;
				MTL_FAST_MATH = YES;
				ONLY_ACTIVE_ARCH = YES;
				SDKROOT = macosx;
				SKIP_INSTALL = YES;
			};
			name = ActiveArch;
		};
		CED3D66F2B12D3BC00C5FB04 /* ActiveArch */ = {
			isa = XCBuildConfiguration;
			buildSettings = {
				CONFIGURATION_BUILD_DIR = "$(BUILD_DIR)/$(CONFIGURATION)/Release";
				EXECUTABLE_PREFIX = lib;
				GCC_PREPROCESSOR_DEFINITIONS = (
					"$(inherited)",
					"ADHOC_EDITOR=1",
					"ADHOC_DEBUG=0",
					"ADHOC_DEV=0",
					"ADHOC_RELEASE=1",
				);
				LIBRARY_SEARCH_PATHS = "$(PROJECT_DIR)/vcpkg_installed/uni-dynamic/lib";
				LLVM_LTO = YES;
				PRODUCT_NAME = "$(TARGET_NAME)";
				SKIP_INSTALL = YES;
			};
			name = ActiveArch;
		};
		CED3D6842B12D3C800C5FB04 /* Universal */ = {
			isa = XCBuildConfiguration;
			buildSettings = {
				CONFIGURATION_BUILD_DIR = "$(BUILD_DIR)/$(CONFIGURATION)/Debug";
				ENABLE_NS_ASSERTIONS = YES;
				EXECUTABLE_PREFIX = lib;
				GCC_OPTIMIZATION_LEVEL = 0;
				GCC_PREPROCESSOR_DEFINITIONS = (
					"$(inherited)",
					"ADHOC_EDITOR=1",
					"DEBUG=1",
					"ADHOC_DEBUG=1",
					"ADHOC_DEV=0",
					"ADHOC_RELEASE=0",
				);
				LIBRARY_SEARCH_PATHS = "$(PROJECT_DIR)/vcpkg_installed/uni-dynamic/debug/lib";
				MTL_ENABLE_DEBUG_INFO = INCLUDE_SOURCE;
				PRODUCT_NAME = "$(TARGET_NAME)";
				SKIP_INSTALL = YES;
			};
			name = Universal;
		};
		CED3D6852B12D3C800C5FB04 /* ActiveArch */ = {
			isa = XCBuildConfiguration;
			buildSettings = {
				CONFIGURATION_BUILD_DIR = "$(BUILD_DIR)/$(CONFIGURATION)/Debug";
				ENABLE_NS_ASSERTIONS = YES;
				EXECUTABLE_PREFIX = lib;
				GCC_OPTIMIZATION_LEVEL = 0;
				GCC_PREPROCESSOR_DEFINITIONS = (
					"$(inherited)",
					"ADHOC_EDITOR=1",
					"DEBUG=1",
					"ADHOC_DEBUG=1",
					"ADHOC_DEV=0",
					"ADHOC_RELEASE=0",
				);
				LIBRARY_SEARCH_PATHS = "$(PROJECT_DIR)/vcpkg_installed/uni-dynamic/debug/lib";
				MTL_ENABLE_DEBUG_INFO = INCLUDE_SOURCE;
				PRODUCT_NAME = "$(TARGET_NAME)";
				SKIP_INSTALL = YES;
			};
			name = ActiveArch;
		};
/* End XCBuildConfiguration section */

/* Begin XCConfigurationList section */
		CE2B9A402B018B8100DE24E0 /* Build configuration list for PBXProject "Engine" */ = {
			isa = XCConfigurationList;
			buildConfigurations = (
				CE2B9A482B018B8100DE24E0 /* Universal */,
				CED3D66E2B12D3BC00C5FB04 /* ActiveArch */,
			);
			defaultConfigurationIsVisible = 0;
			defaultConfigurationName = Universal;
		};
		CE2B9A492B018B8100DE24E0 /* Build configuration list for PBXNativeTarget "Engine" */ = {
			isa = XCConfigurationList;
			buildConfigurations = (
				CE2B9A4B2B018B8100DE24E0 /* Universal */,
				CED3D66F2B12D3BC00C5FB04 /* ActiveArch */,
			);
			defaultConfigurationIsVisible = 0;
			defaultConfigurationName = Universal;
		};
		CE3833D52CF0E6380004C108 /* Build configuration list for PBXNativeTarget "EngineStatic" */ = {
			isa = XCConfigurationList;
			buildConfigurations = (
				CE3833D32CF0E6380004C108 /* Universal */,
				CE3833D42CF0E6380004C108 /* ActiveArch */,
			);
			defaultConfigurationIsVisible = 0;
			defaultConfigurationName = Universal;
		};
		CE3833DC2CF2FC250004C108 /* Build configuration list for PBXNativeTarget "EngineStaticD" */ = {
			isa = XCConfigurationList;
			buildConfigurations = (
				CE3833DD2CF2FC250004C108 /* Universal */,
				CE3833DE2CF2FC250004C108 /* ActiveArch */,
			);
			defaultConfigurationIsVisible = 0;
			defaultConfigurationName = Universal;
		};
		CE46BCDE2CFC336A002F900C /* Build configuration list for PBXNativeTarget "EngineDev" */ = {
			isa = XCConfigurationList;
			buildConfigurations = (
				CE46BCDF2CFC336A002F900C /* Universal */,
				CE46BCE02CFC336A002F900C /* ActiveArch */,
			);
			defaultConfigurationIsVisible = 0;
			defaultConfigurationName = Universal;
		};
		CE46BCF42CFC3373002F900C /* Build configuration list for PBXNativeTarget "EngineStaticDev" */ = {
			isa = XCConfigurationList;
			buildConfigurations = (
				CE46BCF52CFC3373002F900C /* Universal */,
				CE46BCF62CFC3373002F900C /* ActiveArch */,
			);
			defaultConfigurationIsVisible = 0;
			defaultConfigurationName = Universal;
		};
		CED3D6822B12D3C800C5FB04 /* Build configuration list for PBXNativeTarget "EngineD" */ = {
			isa = XCConfigurationList;
			buildConfigurations = (
				CED3D6842B12D3C800C5FB04 /* Universal */,
				CED3D6852B12D3C800C5FB04 /* ActiveArch */,
			);
			defaultConfigurationIsVisible = 0;
			defaultConfigurationName = Universal;
		};
/* End XCConfigurationList section */
	};
	rootObject = CE2B9A3D2B018B8100DE24E0 /* Project object */;
}
